PODS:
  - Nimble (7.0.3)
  - PinLayout (1.7.0)
  - Quick (1.2.0)
  - Reveal-SDK (10)
  - SwiftLint (0.25.1)

DEPENDENCIES:
  - Nimble
  - PinLayout (from `./`)
  - Quick
  - Reveal-SDK (~> 10)
  - SwiftLint

SPEC REPOS:
  https://github.com/CocoaPods/Specs.git:
    - Nimble
    - Quick
    - Reveal-SDK
    - SwiftLint

EXTERNAL SOURCES:
  PinLayout:
    :path: "./"

SPEC CHECKSUMS:
  Nimble: 7f5a9c447a33002645a071bddafbfb24ea70e0ac
  PinLayout: 233143e8beab2fe224e185685e9ce135850104e9
  Quick: 58d203b1c5e27fff7229c4c1ae445ad7069a7a08
  Reveal-SDK: 7869ddf1f902cabbb07a1f0dd06bd25861a126f7
  SwiftLint: ce933681be10c3266e82576dad676fa815a602e9

PODFILE CHECKSUM: 87b64ef3a6fbb7715e858beb9d75018cf092665d

COCOAPODS: 1.5.0
