PODS:
  - Nimble (7.3.0)
  - PinLayout (1.8.3)
  - Quick (1.3.1)
  - Reveal-SDK (17)
  - SwiftLint (0.27.0)

DEPENDENCIES:
  - Nimble
  - PinLayout (from `./`)
  - Quick
  - Reveal-SDK
  - SwiftLint

SPEC REPOS:
  https://github.com/CocoaPods/Specs.git:
    - Nimble
    - Quick
    - Reveal-SDK
    - SwiftLint

EXTERNAL SOURCES:
  PinLayout:
    :path: "./"

SPEC CHECKSUMS:
  Nimble: c8d6a1f463701921c46de965c673e13cafa09196
  PinLayout: 1330ea0c6324556e7bdb9b36af32a262a97d2ff2
  Quick: d17304d58d0d169dd0bd1c6e5c28e3318de32a1a
  Reveal-SDK: a6df49f47319bd19a110c960c498af32df72c0af
  SwiftLint: 3207c1faa2240bf8973b191820a116113cd11073

PODFILE CHECKSUM: 62618887f8155abc1ed3348d9b676cf6915137e2

COCOAPODS: 1.5.0
