// !$*UTF8*$!
{
	archiveVersion = 1;
	classes = {
	};
	objectVersion = 46;
	objects = {

/* Begin PBXBuildFile section */
		3CA064C20B056D2DD461C00E /* libPods-PinLayout-tvOS.a in Frameworks */ = {isa = PBXBuildFile; fileRef = 779A6A4C5B9EC1AC279D6A24 /* libPods-PinLayout-tvOS.a */; };
		448160371EA5A76A00FBA809 /* AppDelegate.swift in Sources */ = {isa = PBXBuildFile; fileRef = 448160361EA5A76A00FBA809 /* AppDelegate.swift */; };
		DF4C0F5A2088FBAA00B4C060 /* Main.storyboard in Resources */ = {isa = PBXBuildFile; fileRef = DF4C0F592088FBAA00B4C060 /* Main.storyboard */; };
		DF4C0F5C2088FBC300B4C060 /* ViewController.swift in Sources */ = {isa = PBXBuildFile; fileRef = DF4C0F5B2088FBC300B4C060 /* ViewController.swift */; };
		DFF222C720B993A900AC2A84 /* TestObjectiveC.m in Sources */ = {isa = PBXBuildFile; fileRef = DFF222C620B993A900AC2A84 /* TestObjectiveC.m */; };
/* End PBXBuildFile section */

/* Begin PBXFileReference section */
		3ACDA03AB2AD6F178CB4A934 /* Pods-PinLayout-tvOS.debug.xcconfig */ = {isa = PBXFileReference; includeInIndex = 1; lastKnownFileType = text.xcconfig; name = "Pods-PinLayout-tvOS.debug.xcconfig"; path = "Pods/Target Support Files/Pods-PinLayout-tvOS/Pods-PinLayout-tvOS.debug.xcconfig"; sourceTree = "<group>"; };
		448160331EA5A76A00FBA809 /* PinLayout-tvOS.app */ = {isa = PBXFileReference; explicitFileType = wrapper.application; includeInIndex = 0; path = "PinLayout-tvOS.app"; sourceTree = BUILT_PRODUCTS_DIR; };
		448160361EA5A76A00FBA809 /* AppDelegate.swift */ = {isa = PBXFileReference; lastKnownFileType = sourcecode.swift; path = AppDelegate.swift; sourceTree = "<group>"; };
		4481603F1EA5A76B00FBA809 /* Info.plist */ = {isa = PBXFileReference; lastKnownFileType = text.plist.xml; path = Info.plist; sourceTree = "<group>"; };
		6D86E0FD61D49B5CC904E75C /* Pods-PinLayout-tvOS.release.xcconfig */ = {isa = PBXFileReference; includeInIndex = 1; lastKnownFileType = text.xcconfig; name = "Pods-PinLayout-tvOS.release.xcconfig"; path = "Pods/Target Support Files/Pods-PinLayout-tvOS/Pods-PinLayout-tvOS.release.xcconfig"; sourceTree = "<group>"; };
		779A6A4C5B9EC1AC279D6A24 /* libPods-PinLayout-tvOS.a */ = {isa = PBXFileReference; explicitFileType = archive.ar; includeInIndex = 0; path = "libPods-PinLayout-tvOS.a"; sourceTree = BUILT_PRODUCTS_DIR; };
		DF4C0F592088FBAA00B4C060 /* Main.storyboard */ = {isa = PBXFileReference; fileEncoding = 4; lastKnownFileType = file.storyboard; path = Main.storyboard; sourceTree = "<group>"; };
		DF4C0F5B2088FBC300B4C060 /* ViewController.swift */ = {isa = PBXFileReference; fileEncoding = 4; lastKnownFileType = sourcecode.swift; path = ViewController.swift; sourceTree = "<group>"; };
		DFF222BC20B991CF00AC2A84 /* PinLayout-tvOS-Bridging-Header.h */ = {isa = PBXFileReference; lastKnownFileType = sourcecode.c.h; path = "PinLayout-tvOS-Bridging-Header.h"; sourceTree = "<group>"; };
		DFF222C620B993A900AC2A84 /* TestObjectiveC.m */ = {isa = PBXFileReference; fileEncoding = 4; lastKnownFileType = sourcecode.c.objc; path = TestObjectiveC.m; sourceTree = "<group>"; };
/* End PBXFileReference section */

/* Begin PBXFrameworksBuildPhase section */
		448160301EA5A76A00FBA809 /* Frameworks */ = {
			isa = PBXFrameworksBuildPhase;
			buildActionMask = 2147483647;
			files = (
				3CA064C20B056D2DD461C00E /* libPods-PinLayout-tvOS.a in Frameworks */,
			);
			runOnlyForDeploymentPostprocessing = 0;
		};
/* End PBXFrameworksBuildPhase section */

/* Begin PBXGroup section */
		4481602A1EA5A76A00FBA809 = {
			isa = PBXGroup;
			children = (
				448160351EA5A76A00FBA809 /* PinLayout-tvOS */,
				448160341EA5A76A00FBA809 /* Products */,
				B9E42D8DA1EA9780BC6BDAE4 /* Pods */,
				8CFE6041D729CF010D09A6A2 /* Frameworks */,
			);
			sourceTree = "<group>";
		};
		448160341EA5A76A00FBA809 /* Products */ = {
			isa = PBXGroup;
			children = (
				448160331EA5A76A00FBA809 /* PinLayout-tvOS.app */,
			);
			name = Products;
			sourceTree = "<group>";
		};
		448160351EA5A76A00FBA809 /* PinLayout-tvOS */ = {
			isa = PBXGroup;
			children = (
				448160361EA5A76A00FBA809 /* AppDelegate.swift */,
				DF4C0F592088FBAA00B4C060 /* Main.storyboard */,
				DF4C0F5B2088FBC300B4C060 /* ViewController.swift */,
				DFF222C620B993A900AC2A84 /* TestObjectiveC.m */,
				4481603F1EA5A76B00FBA809 /* Info.plist */,
				DFF222BC20B991CF00AC2A84 /* PinLayout-tvOS-Bridging-Header.h */,
			);
			path = "PinLayout-tvOS";
			sourceTree = "<group>";
		};
		8CFE6041D729CF010D09A6A2 /* Frameworks */ = {
			isa = PBXGroup;
			children = (
				779A6A4C5B9EC1AC279D6A24 /* libPods-PinLayout-tvOS.a */,
			);
			name = Frameworks;
			sourceTree = "<group>";
		};
		B9E42D8DA1EA9780BC6BDAE4 /* Pods */ = {
			isa = PBXGroup;
			children = (
				3ACDA03AB2AD6F178CB4A934 /* Pods-PinLayout-tvOS.debug.xcconfig */,
				6D86E0FD61D49B5CC904E75C /* Pods-PinLayout-tvOS.release.xcconfig */,
			);
			name = Pods;
			sourceTree = "<group>";
		};
/* End PBXGroup section */

/* Begin PBXNativeTarget section */
		448160321EA5A76A00FBA809 /* PinLayout-tvOS */ = {
			isa = PBXNativeTarget;
			buildConfigurationList = 448160421EA5A76B00FBA809 /* Build configuration list for PBXNativeTarget "PinLayout-tvOS" */;
			buildPhases = (
				248410308ACF7C5F13368BC5 /* [CP] Check Pods Manifest.lock */,
				4481602F1EA5A76A00FBA809 /* Sources */,
				448160301EA5A76A00FBA809 /* Frameworks */,
				448160311EA5A76A00FBA809 /* Resources */,
			);
			buildRules = (
			);
			dependencies = (
			);
			name = "PinLayout-tvOS";
			productName = "LayoutKit-tvOS";
			productReference = 448160331EA5A76A00FBA809 /* PinLayout-tvOS.app */;
			productType = "com.apple.product-type.application";
		};
/* End PBXNativeTarget section */

/* Begin PBXProject section */
		4481602B1EA5A76A00FBA809 /* Project object */ = {
			isa = PBXProject;
			attributes = {
				LastSwiftUpdateCheck = 0830;
				LastUpgradeCheck = 1100;
				ORGANIZATIONNAME = Linkedin;
				TargetAttributes = {
					448160321EA5A76A00FBA809 = {
						CreatedOnToolsVersion = 8.3.1;
						LastSwiftMigration = 1100;
						ProvisioningStyle = Automatic;
					};
				};
			};
			buildConfigurationList = 4481602E1EA5A76A00FBA809 /* Build configuration list for PBXProject "PinLayout-tvOS" */;
			compatibilityVersion = "Xcode 3.2";
			developmentRegion = en;
			hasScannedForEncodings = 0;
			knownRegions = (
				en,
				Base,
			);
			mainGroup = 4481602A1EA5A76A00FBA809;
			productRefGroup = 448160341EA5A76A00FBA809 /* Products */;
			projectDirPath = "";
			projectRoot = "";
			targets = (
				448160321EA5A76A00FBA809 /* PinLayout-tvOS */,
			);
		};
/* End PBXProject section */

/* Begin PBXResourcesBuildPhase section */
		448160311EA5A76A00FBA809 /* Resources */ = {
			isa = PBXResourcesBuildPhase;
			buildActionMask = 2147483647;
			files = (
				DF4C0F5A2088FBAA00B4C060 /* Main.storyboard in Resources */,
			);
			runOnlyForDeploymentPostprocessing = 0;
		};
/* End PBXResourcesBuildPhase section */

/* Begin PBXShellScriptBuildPhase section */
		248410308ACF7C5F13368BC5 /* [CP] Check Pods Manifest.lock */ = {
			isa = PBXShellScriptBuildPhase;
			buildActionMask = 2147483647;
			files = (
			);
			inputPaths = (
				"${PODS_PODFILE_DIR_PATH}/Podfile.lock",
				"${PODS_ROOT}/Manifest.lock",
			);
			name = "[CP] Check Pods Manifest.lock";
			outputPaths = (
				"$(DERIVED_FILE_DIR)/Pods-PinLayout-tvOS-checkManifestLockResult.txt",
			);
			runOnlyForDeploymentPostprocessing = 0;
			shellPath = /bin/sh;
			shellScript = "diff \"${PODS_PODFILE_DIR_PATH}/Podfile.lock\" \"${PODS_ROOT}/Manifest.lock\" > /dev/null\nif [ $? != 0 ] ; then\n    # print error to STDERR\n    echo \"error: The sandbox is not in sync with the Podfile.lock. Run 'pod install' or update your CocoaPods installation.\" >&2\n    exit 1\nfi\n# This output is used by Xcode 'outputs' to avoid re-running this script phase.\necho \"SUCCESS\" > \"${SCRIPT_OUTPUT_FILE_0}\"\n";
			showEnvVarsInLog = 0;
		};
/* End PBXShellScriptBuildPhase section */

/* Begin PBXSourcesBuildPhase section */
		4481602F1EA5A76A00FBA809 /* Sources */ = {
			isa = PBXSourcesBuildPhase;
			buildActionMask = 2147483647;
			files = (
				DF4C0F5C2088FBC300B4C060 /* ViewController.swift in Sources */,
				DFF222C720B993A900AC2A84 /* TestObjectiveC.m in Sources */,
				448160371EA5A76A00FBA809 /* AppDelegate.swift in Sources */,
			);
			runOnlyForDeploymentPostprocessing = 0;
		};
/* End PBXSourcesBuildPhase section */

/* Begin XCBuildConfiguration section */
		448160401EA5A76B00FBA809 /* Debug */ = {
			isa = XCBuildConfiguration;
			buildSettings = {
				ALWAYS_SEARCH_USER_PATHS = NO;
				CLANG_ANALYZER_LOCALIZABILITY_NONLOCALIZED = YES;
				CLANG_ANALYZER_NONNULL = YES;
				CLANG_ANALYZER_NUMBER_OBJECT_CONVERSION = YES_AGGRESSIVE;
				CLANG_CXX_LANGUAGE_STANDARD = "gnu++0x";
				CLANG_CXX_LIBRARY = "libc++";
				CLANG_ENABLE_MODULES = YES;
				CLANG_ENABLE_OBJC_ARC = YES;
				CLANG_WARN_BLOCK_CAPTURE_AUTORELEASING = YES;
				CLANG_WARN_BOOL_CONVERSION = YES;
				CLANG_WARN_COMMA = YES;
				CLANG_WARN_CONSTANT_CONVERSION = YES;
				CLANG_WARN_DEPRECATED_OBJC_IMPLEMENTATIONS = YES;
				CLANG_WARN_DIRECT_OBJC_ISA_USAGE = YES_ERROR;
				CLANG_WARN_DOCUMENTATION_COMMENTS = YES;
				CLANG_WARN_EMPTY_BODY = YES;
				CLANG_WARN_ENUM_CONVERSION = YES;
				CLANG_WARN_INFINITE_RECURSION = YES;
				CLANG_WARN_INT_CONVERSION = YES;
				CLANG_WARN_NON_LITERAL_NULL_CONVERSION = YES;
				CLANG_WARN_OBJC_IMPLICIT_RETAIN_SELF = YES;
				CLANG_WARN_OBJC_LITERAL_CONVERSION = YES;
				CLANG_WARN_OBJC_ROOT_CLASS = YES_ERROR;
				CLANG_WARN_RANGE_LOOP_ANALYSIS = YES;
				CLANG_WARN_STRICT_PROTOTYPES = YES;
				CLANG_WARN_SUSPICIOUS_MOVE = YES;
				CLANG_WARN_UNREACHABLE_CODE = YES;
				CLANG_WARN__DUPLICATE_METHOD_MATCH = YES;
				COPY_PHASE_STRIP = NO;
				DEBUG_INFORMATION_FORMAT = dwarf;
				ENABLE_STRICT_OBJC_MSGSEND = YES;
				ENABLE_TESTABILITY = YES;
				GCC_C_LANGUAGE_STANDARD = gnu99;
				GCC_DYNAMIC_NO_PIC = NO;
				GCC_NO_COMMON_BLOCKS = YES;
				GCC_OPTIMIZATION_LEVEL = 0;
				GCC_PREPROCESSOR_DEFINITIONS = (
					"DEBUG=1",
					"$(inherited)",
				);
				GCC_WARN_64_TO_32_BIT_CONVERSION = YES;
				GCC_WARN_ABOUT_RETURN_TYPE = YES_ERROR;
				GCC_WARN_UNDECLARED_SELECTOR = YES;
				GCC_WARN_UNINITIALIZED_AUTOS = YES_AGGRESSIVE;
				GCC_WARN_UNUSED_FUNCTION = YES;
				GCC_WARN_UNUSED_VARIABLE = YES;
				MTL_ENABLE_DEBUG_INFO = YES;
				ONLY_ACTIVE_ARCH = YES;
				SDKROOT = appletvos;
				SWIFT_ACTIVE_COMPILATION_CONDITIONS = DEBUG;
				SWIFT_OPTIMIZATION_LEVEL = "-Onone";
				TARGETED_DEVICE_FAMILY = 3;
				TVOS_DEPLOYMENT_TARGET = 10.2;
			};
			name = Debug;
		};
		448160411EA5A76B00FBA809 /* Release */ = {
			isa = XCBuildConfiguration;
			buildSettings = {
				ALWAYS_SEARCH_USER_PATHS = NO;
				CLANG_ANALYZER_LOCALIZABILITY_NONLOCALIZED = YES;
				CLANG_ANALYZER_NONNULL = YES;
				CLANG_ANALYZER_NUMBER_OBJECT_CONVERSION = YES_AGGRESSIVE;
				CLANG_CXX_LANGUAGE_STANDARD = "gnu++0x";
				CLANG_CXX_LIBRARY = "libc++";
				CLANG_ENABLE_MODULES = YES;
				CLANG_ENABLE_OBJC_ARC = YES;
				CLANG_WARN_BLOCK_CAPTURE_AUTORELEASING = YES;
				CLANG_WARN_BOOL_CONVERSION = YES;
				CLANG_WARN_COMMA = YES;
				CLANG_WARN_CONSTANT_CONVERSION = YES;
				CLANG_WARN_DEPRECATED_OBJC_IMPLEMENTATIONS = YES;
				CLANG_WARN_DIRECT_OBJC_ISA_USAGE = YES_ERROR;
				CLANG_WARN_DOCUMENTATION_COMMENTS = YES;
				CLANG_WARN_EMPTY_BODY = YES;
				CLANG_WARN_ENUM_CONVERSION = YES;
				CLANG_WARN_INFINITE_RECURSION = YES;
				CLANG_WARN_INT_CONVERSION = YES;
				CLANG_WARN_NON_LITERAL_NULL_CONVERSION = YES;
				CLANG_WARN_OBJC_IMPLICIT_RETAIN_SELF = YES;
				CLANG_WARN_OBJC_LITERAL_CONVERSION = YES;
				CLANG_WARN_OBJC_ROOT_CLASS = YES_ERROR;
				CLANG_WARN_RANGE_LOOP_ANALYSIS = YES;
				CLANG_WARN_STRICT_PROTOTYPES = YES;
				CLANG_WARN_SUSPICIOUS_MOVE = YES;
				CLANG_WARN_UNREACHABLE_CODE = YES;
				CLANG_WARN__DUPLICATE_METHOD_MATCH = YES;
				COPY_PHASE_STRIP = NO;
				DEBUG_INFORMATION_FORMAT = "dwarf-with-dsym";
				ENABLE_NS_ASSERTIONS = NO;
				ENABLE_STRICT_OBJC_MSGSEND = YES;
				GCC_C_LANGUAGE_STANDARD = gnu99;
				GCC_NO_COMMON_BLOCKS = YES;
				GCC_WARN_64_TO_32_BIT_CONVERSION = YES;
				GCC_WARN_ABOUT_RETURN_TYPE = YES_ERROR;
				GCC_WARN_UNDECLARED_SELECTOR = YES;
				GCC_WARN_UNINITIALIZED_AUTOS = YES_AGGRESSIVE;
				GCC_WARN_UNUSED_FUNCTION = YES;
				GCC_WARN_UNUSED_VARIABLE = YES;
				MTL_ENABLE_DEBUG_INFO = NO;
				SDKROOT = appletvos;
				SWIFT_OPTIMIZATION_LEVEL = "-Owholemodule";
				TARGETED_DEVICE_FAMILY = 3;
				TVOS_DEPLOYMENT_TARGET = 10.2;
				VALIDATE_PRODUCT = YES;
			};
			name = Release;
		};
		448160431EA5A76B00FBA809 /* Debug */ = {
			isa = XCBuildConfiguration;
			baseConfigurationReference = 3ACDA03AB2AD6F178CB4A934 /* Pods-PinLayout-tvOS.debug.xcconfig */;
			buildSettings = {
				CLANG_ENABLE_MODULES = YES;
				DEVELOPMENT_TEAM = "";
				INFOPLIST_FILE = "PinLayout-tvOS/Info.plist";
				LD_RUNPATH_SEARCH_PATHS = "$(inherited) @executable_path/Frameworks";
				PRODUCT_BUNDLE_IDENTIFIER = "com.layoutbox.project.PinLayout-tvOS";
				PRODUCT_NAME = "$(TARGET_NAME)";
				SWIFT_OBJC_BRIDGING_HEADER = "PinLayout-tvOS/PinLayout-tvOS-Bridging-Header.h";
				SWIFT_OPTIMIZATION_LEVEL = "-Onone";
				SWIFT_VERSION = 5.0;
			};
			name = Debug;
		};
		448160441EA5A76B00FBA809 /* Release */ = {
			isa = XCBuildConfiguration;
			baseConfigurationReference = 6D86E0FD61D49B5CC904E75C /* Pods-PinLayout-tvOS.release.xcconfig */;
			buildSettings = {
				CLANG_ENABLE_MODULES = YES;
				DEVELOPMENT_TEAM = "";
				INFOPLIST_FILE = "PinLayout-tvOS/Info.plist";
				LD_RUNPATH_SEARCH_PATHS = "$(inherited) @executable_path/Frameworks";
				PRODUCT_BUNDLE_IDENTIFIER = "com.layoutbox.project.PinLayout-tvOS";
				PRODUCT_NAME = "$(TARGET_NAME)";
				SWIFT_OBJC_BRIDGING_HEADER = "PinLayout-tvOS/PinLayout-tvOS-Bridging-Header.h";
				SWIFT_VERSION = 5.0;
			};
			name = Release;
		};
/* End XCBuildConfiguration section */

/* Begin XCConfigurationList section */
		4481602E1EA5A76A00FBA809 /* Build configuration list for PBXProject "PinLayout-tvOS" */ = {
			isa = XCConfigurationList;
			buildConfigurations = (
				448160401EA5A76B00FBA809 /* Debug */,
				448160411EA5A76B00FBA809 /* Release */,
			);
			defaultConfigurationIsVisible = 0;
			defaultConfigurationName = Release;
		};
		448160421EA5A76B00FBA809 /* Build configuration list for PBXNativeTarget "PinLayout-tvOS" */ = {
			isa = XCConfigurationList;
			buildConfigurations = (
				448160431EA5A76B00FBA809 /* Debug */,
				448160441EA5A76B00FBA809 /* Release */,
			);
			defaultConfigurationIsVisible = 0;
			defaultConfigurationName = Release;
		};
/* End XCConfigurationList section */
	};
	rootObject = 4481602B1EA5A76A00FBA809 /* Project object */;
}
