// !$*UTF8*$!
{
	archiveVersion = 1;
	classes = {
	};
	objectVersion = 48;
	objects = {

/* Begin PBXBuildFile section */
		6CB779A34B38AE1AD60CDF7F /* Pods_PinLayoutMacOsSample.framework in Frameworks */ = {isa = PBXBuildFile; fileRef = 1C83C2EBBF53EE0B8F4FAEF4 /* Pods_PinLayoutMacOsSample.framework */; };
		DF4854DD2077F1B600DF55AB /* AppDelegate.swift in Sources */ = {isa = PBXBuildFile; fileRef = DF4854DC2077F1B600DF55AB /* AppDelegate.swift */; };
		DF4854DF2077F1B600DF55AB /* ViewController.swift in Sources */ = {isa = PBXBuildFile; fileRef = DF4854DE2077F1B600DF55AB /* ViewController.swift */; };
		DF4854E12077F1B600DF55AB /* Assets.xcassets in Resources */ = {isa = PBXBuildFile; fileRef = DF4854E02077F1B600DF55AB /* Assets.xcassets */; };
		DF4854E42077F1B600DF55AB /* Main.storyboard in Resources */ = {isa = PBXBuildFile; fileRef = DF4854E22077F1B600DF55AB /* Main.storyboard */; };
/* End PBXBuildFile section */

/* Begin PBXContainerItemProxy section */
		DF4854F42077F5F600DF55AB /* PBXContainerItemProxy */ = {
			isa = PBXContainerItemProxy;
			containerPortal = DF4854EE2077F5F500DF55AB /* PinLayout.xcodeproj */;
			proxyType = 2;
			remoteGlobalIDString = 249EFE7A1E64FB4C00165E39;
			remoteInfo = PinLayout;
		};
		DF4854F62077F5F600DF55AB /* PBXContainerItemProxy */ = {
			isa = PBXContainerItemProxy;
			containerPortal = DF4854EE2077F5F500DF55AB /* PinLayout.xcodeproj */;
			proxyType = 2;
			remoteGlobalIDString = 249EFE831E64FB4C00165E39;
			remoteInfo = PinLayoutTests;
		};
		DF4854F82077F5F600DF55AB /* PBXContainerItemProxy */ = {
			isa = PBXContainerItemProxy;
			containerPortal = DF4854EE2077F5F500DF55AB /* PinLayout.xcodeproj */;
			proxyType = 2;
			remoteGlobalIDString = 244DF2F81EF46C500090508B;
			remoteInfo = PinLayoutTVOS;
		};
/* End PBXContainerItemProxy section */

/* Begin PBXFileReference section */
		1C83C2EBBF53EE0B8F4FAEF4 /* Pods_PinLayoutMacOsSample.framework */ = {isa = PBXFileReference; explicitFileType = wrapper.framework; includeInIndex = 0; path = Pods_PinLayoutMacOsSample.framework; sourceTree = BUILT_PRODUCTS_DIR; };
		B637A587E780D34916C61DCB /* Pods-PinLayoutMacOsSample.debug.xcconfig */ = {isa = PBXFileReference; includeInIndex = 1; lastKnownFileType = text.xcconfig; name = "Pods-PinLayoutMacOsSample.debug.xcconfig"; path = "../Pods/Target Support Files/Pods-PinLayoutMacOsSample/Pods-PinLayoutMacOsSample.debug.xcconfig"; sourceTree = "<group>"; };
		DF4854D92077F1B600DF55AB /* PinLayoutMacOsSample.app */ = {isa = PBXFileReference; explicitFileType = wrapper.application; includeInIndex = 0; path = PinLayoutMacOsSample.app; sourceTree = BUILT_PRODUCTS_DIR; };
		DF4854DC2077F1B600DF55AB /* AppDelegate.swift */ = {isa = PBXFileReference; lastKnownFileType = sourcecode.swift; path = AppDelegate.swift; sourceTree = "<group>"; };
		DF4854DE2077F1B600DF55AB /* ViewController.swift */ = {isa = PBXFileReference; lastKnownFileType = sourcecode.swift; path = ViewController.swift; sourceTree = "<group>"; };
		DF4854E02077F1B600DF55AB /* Assets.xcassets */ = {isa = PBXFileReference; lastKnownFileType = folder.assetcatalog; path = Assets.xcassets; sourceTree = "<group>"; };
		DF4854E32077F1B600DF55AB /* Base */ = {isa = PBXFileReference; lastKnownFileType = file.storyboard; name = Base; path = Base.lproj/Main.storyboard; sourceTree = "<group>"; };
		DF4854E52077F1B600DF55AB /* Info.plist */ = {isa = PBXFileReference; lastKnownFileType = text.plist.xml; path = Info.plist; sourceTree = "<group>"; };
		DF4854E62077F1B600DF55AB /* PinLayoutMacOsSample.entitlements */ = {isa = PBXFileReference; lastKnownFileType = text.plist.entitlements; path = PinLayoutMacOsSample.entitlements; sourceTree = "<group>"; };
		DF4854EE2077F5F500DF55AB /* PinLayout.xcodeproj */ = {isa = PBXFileReference; lastKnownFileType = "wrapper.pb-project"; name = PinLayout.xcodeproj; path = ../PinLayout.xcodeproj; sourceTree = "<group>"; };
		EF0A42E837933535DE489AF2 /* Pods-PinLayoutMacOsSample.release.xcconfig */ = {isa = PBXFileReference; includeInIndex = 1; lastKnownFileType = text.xcconfig; name = "Pods-PinLayoutMacOsSample.release.xcconfig"; path = "../Pods/Target Support Files/Pods-PinLayoutMacOsSample/Pods-PinLayoutMacOsSample.release.xcconfig"; sourceTree = "<group>"; };
/* End PBXFileReference section */

/* Begin PBXFrameworksBuildPhase section */
		DF4854D62077F1B600DF55AB /* Frameworks */ = {
			isa = PBXFrameworksBuildPhase;
			buildActionMask = 2147483647;
			files = (
				6CB779A34B38AE1AD60CDF7F /* Pods_PinLayoutMacOsSample.framework in Frameworks */,
			);
			runOnlyForDeploymentPostprocessing = 0;
		};
/* End PBXFrameworksBuildPhase section */

/* Begin PBXGroup section */
		951E27A2BAE038B0AFEE03F0 /* Frameworks */ = {
			isa = PBXGroup;
			children = (
				1C83C2EBBF53EE0B8F4FAEF4 /* Pods_PinLayoutMacOsSample.framework */,
			);
			name = Frameworks;
			sourceTree = "<group>";
		};
		DF4854D02077F1B600DF55AB = {
			isa = PBXGroup;
			children = (
				DF4854DB2077F1B600DF55AB /* PinLayoutMacOsSample */,
				DF4854DA2077F1B600DF55AB /* Products */,
				E24EF351BD390AEEF94D5BF3 /* Pods */,
				951E27A2BAE038B0AFEE03F0 /* Frameworks */,
				DF4854EE2077F5F500DF55AB /* PinLayout.xcodeproj */,
			);
			sourceTree = "<group>";
		};
		DF4854DA2077F1B600DF55AB /* Products */ = {
			isa = PBXGroup;
			children = (
				DF4854D92077F1B600DF55AB /* PinLayoutMacOsSample.app */,
			);
			name = Products;
			sourceTree = "<group>";
		};
		DF4854DB2077F1B600DF55AB /* PinLayoutMacOsSample */ = {
			isa = PBXGroup;
			children = (
				DF4854DC2077F1B600DF55AB /* AppDelegate.swift */,
				DF4854DE2077F1B600DF55AB /* ViewController.swift */,
				DF4854E02077F1B600DF55AB /* Assets.xcassets */,
				DF4854E22077F1B600DF55AB /* Main.storyboard */,
				DF4854E52077F1B600DF55AB /* Info.plist */,
				DF4854E62077F1B600DF55AB /* PinLayoutMacOsSample.entitlements */,
			);
			path = PinLayoutMacOsSample;
			sourceTree = "<group>";
		};
		DF4854EF2077F5F500DF55AB /* Products */ = {
			isa = PBXGroup;
			children = (
				DF4854F52077F5F600DF55AB /* PinLayout.framework */,
				DF4854F92077F5F600DF55AB /* PinLayoutTVOS.framework */,
				DF4854F72077F5F600DF55AB /* PinLayoutTests.xctest */,
			);
			name = Products;
			sourceTree = "<group>";
		};
		E24EF351BD390AEEF94D5BF3 /* Pods */ = {
			isa = PBXGroup;
			children = (
				B637A587E780D34916C61DCB /* Pods-PinLayoutMacOsSample.debug.xcconfig */,
				EF0A42E837933535DE489AF2 /* Pods-PinLayoutMacOsSample.release.xcconfig */,
			);
			name = Pods;
			sourceTree = "<group>";
		};
/* End PBXGroup section */

/* Begin PBXNativeTarget section */
		DF4854D82077F1B600DF55AB /* PinLayoutMacOsSample */ = {
			isa = PBXNativeTarget;
			buildConfigurationList = DF4854E92077F1B600DF55AB /* Build configuration list for PBXNativeTarget "PinLayoutMacOsSample" */;
			buildPhases = (
				6B7CCA5C4591DC92CE2B487B /* [CP] Check Pods Manifest.lock */,
				DF4854D52077F1B600DF55AB /* Sources */,
				DF4854D62077F1B600DF55AB /* Frameworks */,
				DF4854D72077F1B600DF55AB /* Resources */,
				0B2B326CD93DA30B3D7FF02B /* [CP] Embed Pods Frameworks */,
			);
			buildRules = (
			);
			dependencies = (
			);
			name = PinLayoutMacOsSample;
			productName = PinLayoutMacOsSample;
			productReference = DF4854D92077F1B600DF55AB /* PinLayoutMacOsSample.app */;
			productType = "com.apple.product-type.application";
		};
/* End PBXNativeTarget section */

/* Begin PBXProject section */
		DF4854D12077F1B600DF55AB /* Project object */ = {
			isa = PBXProject;
			attributes = {
				LastSwiftUpdateCheck = 0920;
				LastUpgradeCheck = 0920;
				ORGANIZATIONNAME = LayoutBox;
				TargetAttributes = {
					DF4854D82077F1B600DF55AB = {
						CreatedOnToolsVersion = 9.2;
						ProvisioningStyle = Automatic;
					};
				};
			};
			buildConfigurationList = DF4854D42077F1B600DF55AB /* Build configuration list for PBXProject "PinLayoutMacOsSample" */;
			compatibilityVersion = "Xcode 8.0";
			developmentRegion = en;
			hasScannedForEncodings = 0;
			knownRegions = (
				en,
				Base,
			);
			mainGroup = DF4854D02077F1B600DF55AB;
			productRefGroup = DF4854DA2077F1B600DF55AB /* Products */;
			projectDirPath = "";
			projectReferences = (
				{
					ProductGroup = DF4854EF2077F5F500DF55AB /* Products */;
					ProjectRef = DF4854EE2077F5F500DF55AB /* PinLayout.xcodeproj */;
				},
			);
			projectRoot = "";
			targets = (
				DF4854D82077F1B600DF55AB /* PinLayoutMacOsSample */,
			);
		};
/* End PBXProject section */

/* Begin PBXReferenceProxy section */
		DF4854F52077F5F600DF55AB /* PinLayout.framework */ = {
			isa = PBXReferenceProxy;
			fileType = wrapper.framework;
			path = PinLayout.framework;
			remoteRef = DF4854F42077F5F600DF55AB /* PBXContainerItemProxy */;
			sourceTree = BUILT_PRODUCTS_DIR;
		};
		DF4854F72077F5F600DF55AB /* PinLayoutTests.xctest */ = {
			isa = PBXReferenceProxy;
			fileType = wrapper.cfbundle;
			path = PinLayoutTests.xctest;
			remoteRef = DF4854F62077F5F600DF55AB /* PBXContainerItemProxy */;
			sourceTree = BUILT_PRODUCTS_DIR;
		};
		DF4854F92077F5F600DF55AB /* PinLayoutTVOS.framework */ = {
			isa = PBXReferenceProxy;
			fileType = wrapper.framework;
			path = PinLayoutTVOS.framework;
			remoteRef = DF4854F82077F5F600DF55AB /* PBXContainerItemProxy */;
			sourceTree = BUILT_PRODUCTS_DIR;
		};
/* End PBXReferenceProxy section */

/* Begin PBXResourcesBuildPhase section */
		DF4854D72077F1B600DF55AB /* Resources */ = {
			isa = PBXResourcesBuildPhase;
			buildActionMask = 2147483647;
			files = (
				DF4854E12077F1B600DF55AB /* Assets.xcassets in Resources */,
				DF4854E42077F1B600DF55AB /* Main.storyboard in Resources */,
			);
			runOnlyForDeploymentPostprocessing = 0;
		};
/* End PBXResourcesBuildPhase section */

/* Begin PBXShellScriptBuildPhase section */
		0B2B326CD93DA30B3D7FF02B /* [CP] Embed Pods Frameworks */ = {
			isa = PBXShellScriptBuildPhase;
			buildActionMask = 2147483647;
			files = (
			);
			inputPaths = (
				"${SRCROOT}/../Pods/Target Support Files/Pods-PinLayoutMacOsSample/Pods-PinLayoutMacOsSample-frameworks.sh",
				"${BUILT_PRODUCTS_DIR}/PinLayout-macOS/PinLayout.framework",
			);
			name = "[CP] Embed Pods Frameworks";
			outputPaths = (
				"${TARGET_BUILD_DIR}/${FRAMEWORKS_FOLDER_PATH}/PinLayout.framework",
			);
			runOnlyForDeploymentPostprocessing = 0;
			shellPath = /bin/sh;
			shellScript = "\"${SRCROOT}/../Pods/Target Support Files/Pods-PinLayoutMacOsSample/Pods-PinLayoutMacOsSample-frameworks.sh\"\n";
			showEnvVarsInLog = 0;
		};
		6B7CCA5C4591DC92CE2B487B /* [CP] Check Pods Manifest.lock */ = {
			isa = PBXShellScriptBuildPhase;
			buildActionMask = 2147483647;
			files = (
			);
			inputPaths = (
				"${PODS_PODFILE_DIR_PATH}/Podfile.lock",
				"${PODS_ROOT}/Manifest.lock",
			);
			name = "[CP] Check Pods Manifest.lock";
			outputPaths = (
				"$(DERIVED_FILE_DIR)/Pods-PinLayoutMacOsSample-checkManifestLockResult.txt",
			);
			runOnlyForDeploymentPostprocessing = 0;
			shellPath = /bin/sh;
			shellScript = "diff \"${PODS_PODFILE_DIR_PATH}/Podfile.lock\" \"${PODS_ROOT}/Manifest.lock\" > /dev/null\nif [ $? != 0 ] ; then\n    # print error to STDERR\n    echo \"error: The sandbox is not in sync with the Podfile.lock. Run 'pod install' or update your CocoaPods installation.\" >&2\n    exit 1\nfi\n# This output is used by Xcode 'outputs' to avoid re-running this script phase.\necho \"SUCCESS\" > \"${SCRIPT_OUTPUT_FILE_0}\"\n";
			showEnvVarsInLog = 0;
		};
/* End PBXShellScriptBuildPhase section */

/* Begin PBXSourcesBuildPhase section */
		DF4854D52077F1B600DF55AB /* Sources */ = {
			isa = PBXSourcesBuildPhase;
			buildActionMask = 2147483647;
			files = (
				DF4854DF2077F1B600DF55AB /* ViewController.swift in Sources */,
				DF4854DD2077F1B600DF55AB /* AppDelegate.swift in Sources */,
			);
			runOnlyForDeploymentPostprocessing = 0;
		};
/* End PBXSourcesBuildPhase section */

/* Begin PBXVariantGroup section */
		DF4854E22077F1B600DF55AB /* Main.storyboard */ = {
			isa = PBXVariantGroup;
			children = (
				DF4854E32077F1B600DF55AB /* Base */,
			);
			name = Main.storyboard;
			sourceTree = "<group>";
		};
/* End PBXVariantGroup section */

/* Begin XCBuildConfiguration section */
		DF4854E72077F1B600DF55AB /* Debug */ = {
			isa = XCBuildConfiguration;
			buildSettings = {
				ALWAYS_SEARCH_USER_PATHS = NO;
				CLANG_ANALYZER_NONNULL = YES;
				CLANG_ANALYZER_NUMBER_OBJECT_CONVERSION = YES_AGGRESSIVE;
				CLANG_CXX_LANGUAGE_STANDARD = "gnu++14";
				CLANG_CXX_LIBRARY = "libc++";
				CLANG_ENABLE_MODULES = YES;
				CLANG_ENABLE_OBJC_ARC = YES;
				CLANG_WARN_BLOCK_CAPTURE_AUTORELEASING = YES;
				CLANG_WARN_BOOL_CONVERSION = YES;
				CLANG_WARN_COMMA = YES;
				CLANG_WARN_CONSTANT_CONVERSION = YES;
				CLANG_WARN_DIRECT_OBJC_ISA_USAGE = YES_ERROR;
				CLANG_WARN_DOCUMENTATION_COMMENTS = YES;
				CLANG_WARN_EMPTY_BODY = YES;
				CLANG_WARN_ENUM_CONVERSION = YES;
				CLANG_WARN_INFINITE_RECURSION = YES;
				CLANG_WARN_INT_CONVERSION = YES;
				CLANG_WARN_NON_LITERAL_NULL_CONVERSION = YES;
				CLANG_WARN_OBJC_LITERAL_CONVERSION = YES;
				CLANG_WARN_OBJC_ROOT_CLASS = YES_ERROR;
				CLANG_WARN_RANGE_LOOP_ANALYSIS = YES;
				CLANG_WARN_STRICT_PROTOTYPES = YES;
				CLANG_WARN_SUSPICIOUS_MOVE = YES;
				CLANG_WARN_UNGUARDED_AVAILABILITY = YES_AGGRESSIVE;
				CLANG_WARN_UNREACHABLE_CODE = YES;
				CLANG_WARN__DUPLICATE_METHOD_MATCH = YES;
				CODE_SIGN_IDENTITY = "Mac Developer";
				COPY_PHASE_STRIP = NO;
				DEBUG_INFORMATION_FORMAT = dwarf;
				ENABLE_STRICT_OBJC_MSGSEND = YES;
				ENABLE_TESTABILITY = YES;
				GCC_C_LANGUAGE_STANDARD = gnu11;
				GCC_DYNAMIC_NO_PIC = NO;
				GCC_NO_COMMON_BLOCKS = YES;
				GCC_OPTIMIZATION_LEVEL = 0;
				GCC_PREPROCESSOR_DEFINITIONS = (
					"DEBUG=1",
					"$(inherited)",
				);
				GCC_WARN_64_TO_32_BIT_CONVERSION = YES;
				GCC_WARN_ABOUT_RETURN_TYPE = YES_ERROR;
				GCC_WARN_UNDECLARED_SELECTOR = YES;
				GCC_WARN_UNINITIALIZED_AUTOS = YES_AGGRESSIVE;
				GCC_WARN_UNUSED_FUNCTION = YES;
				GCC_WARN_UNUSED_VARIABLE = YES;
				MACOSX_DEPLOYMENT_TARGET = 10.13;
				MTL_ENABLE_DEBUG_INFO = YES;
				ONLY_ACTIVE_ARCH = YES;
				SDKROOT = macosx;
				SWIFT_ACTIVE_COMPILATION_CONDITIONS = DEBUG;
				SWIFT_OPTIMIZATION_LEVEL = "-Onone";
			};
			name = Debug;
		};
		DF4854E82077F1B600DF55AB /* Release */ = {
			isa = XCBuildConfiguration;
			buildSettings = {
				ALWAYS_SEARCH_USER_PATHS = NO;
				CLANG_ANALYZER_NONNULL = YES;
				CLANG_ANALYZER_NUMBER_OBJECT_CONVERSION = YES_AGGRESSIVE;
				CLANG_CXX_LANGUAGE_STANDARD = "gnu++14";
				CLANG_CXX_LIBRARY = "libc++";
				CLANG_ENABLE_MODULES = YES;
				CLANG_ENABLE_OBJC_ARC = YES;
				CLANG_WARN_BLOCK_CAPTURE_AUTORELEASING = YES;
				CLANG_WARN_BOOL_CONVERSION = YES;
				CLANG_WARN_COMMA = YES;
				CLANG_WARN_CONSTANT_CONVERSION = YES;
				CLANG_WARN_DIRECT_OBJC_ISA_USAGE = YES_ERROR;
				CLANG_WARN_DOCUMENTATION_COMMENTS = YES;
				CLANG_WARN_EMPTY_BODY = YES;
				CLANG_WARN_ENUM_CONVERSION = YES;
				CLANG_WARN_INFINITE_RECURSION = YES;
				CLANG_WARN_INT_CONVERSION = YES;
				CLANG_WARN_NON_LITERAL_NULL_CONVERSION = YES;
				CLANG_WARN_OBJC_LITERAL_CONVERSION = YES;
				CLANG_WARN_OBJC_ROOT_CLASS = YES_ERROR;
				CLANG_WARN_RANGE_LOOP_ANALYSIS = YES;
				CLANG_WARN_STRICT_PROTOTYPES = YES;
				CLANG_WARN_SUSPICIOUS_MOVE = YES;
				CLANG_WARN_UNGUARDED_AVAILABILITY = YES_AGGRESSIVE;
				CLANG_WARN_UNREACHABLE_CODE = YES;
				CLANG_WARN__DUPLICATE_METHOD_MATCH = YES;
				CODE_SIGN_IDENTITY = "Mac Developer";
				COPY_PHASE_STRIP = NO;
				DEBUG_INFORMATION_FORMAT = "dwarf-with-dsym";
				ENABLE_NS_ASSERTIONS = NO;
				ENABLE_STRICT_OBJC_MSGSEND = YES;
				GCC_C_LANGUAGE_STANDARD = gnu11;
				GCC_NO_COMMON_BLOCKS = YES;
				GCC_WARN_64_TO_32_BIT_CONVERSION = YES;
				GCC_WARN_ABOUT_RETURN_TYPE = YES_ERROR;
				GCC_WARN_UNDECLARED_SELECTOR = YES;
				GCC_WARN_UNINITIALIZED_AUTOS = YES_AGGRESSIVE;
				GCC_WARN_UNUSED_FUNCTION = YES;
				GCC_WARN_UNUSED_VARIABLE = YES;
				MACOSX_DEPLOYMENT_TARGET = 10.13;
				MTL_ENABLE_DEBUG_INFO = NO;
				SDKROOT = macosx;
				SWIFT_OPTIMIZATION_LEVEL = "-Owholemodule";
			};
			name = Release;
		};
		DF4854EA2077F1B600DF55AB /* Debug */ = {
			isa = XCBuildConfiguration;
			baseConfigurationReference = B637A587E780D34916C61DCB /* Pods-PinLayoutMacOsSample.debug.xcconfig */;
			buildSettings = {
				ASSETCATALOG_COMPILER_APPICON_NAME = AppIcon;
				CODE_SIGN_ENTITLEMENTS = PinLayoutMacOsSample/PinLayoutMacOsSample.entitlements;
				CODE_SIGN_STYLE = Automatic;
				COMBINE_HIDPI_IMAGES = YES;
				DEVELOPMENT_TEAM = F37Y9H9E46;
				INFOPLIST_FILE = PinLayoutMacOsSample/Info.plist;
				LD_RUNPATH_SEARCH_PATHS = "$(inherited) @executable_path/../Frameworks";
				PRODUCT_BUNDLE_IDENTIFIER = com.layoutbox.PinLayoutMacOsSample;
				PRODUCT_NAME = "$(TARGET_NAME)";
				SWIFT_VERSION = 4.0;
			};
			name = Debug;
		};
		DF4854EB2077F1B600DF55AB /* Release */ = {
			isa = XCBuildConfiguration;
			baseConfigurationReference = EF0A42E837933535DE489AF2 /* Pods-PinLayoutMacOsSample.release.xcconfig */;
			buildSettings = {
				ASSETCATALOG_COMPILER_APPICON_NAME = AppIcon;
				CODE_SIGN_ENTITLEMENTS = PinLayoutMacOsSample/PinLayoutMacOsSample.entitlements;
				CODE_SIGN_STYLE = Automatic;
				COMBINE_HIDPI_IMAGES = YES;
				DEVELOPMENT_TEAM = F37Y9H9E46;
				INFOPLIST_FILE = PinLayoutMacOsSample/Info.plist;
				LD_RUNPATH_SEARCH_PATHS = "$(inherited) @executable_path/../Frameworks";
				PRODUCT_BUNDLE_IDENTIFIER = com.layoutbox.PinLayoutMacOsSample;
				PRODUCT_NAME = "$(TARGET_NAME)";
				SWIFT_VERSION = 4.0;
			};
			name = Release;
		};
/* End XCBuildConfiguration section */

/* Begin XCConfigurationList section */
		DF4854D42077F1B600DF55AB /* Build configuration list for PBXProject "PinLayoutMacOsSample" */ = {
			isa = XCConfigurationList;
			buildConfigurations = (
				DF4854E72077F1B600DF55AB /* Debug */,
				DF4854E82077F1B600DF55AB /* Release */,
			);
			defaultConfigurationIsVisible = 0;
			defaultConfigurationName = Release;
		};
		DF4854E92077F1B600DF55AB /* Build configuration list for PBXNativeTarget "PinLayoutMacOsSample" */ = {
			isa = XCConfigurationList;
			buildConfigurations = (
				DF4854EA2077F1B600DF55AB /* Debug */,
				DF4854EB2077F1B600DF55AB /* Release */,
			);
			defaultConfigurationIsVisible = 0;
			defaultConfigurationName = Release;
		};
/* End XCConfigurationList section */
	};
	rootObject = DF4854D12077F1B600DF55AB /* Project object */;
}
