// !$*UTF8*$!
{
	archiveVersion = 1;
	classes = {
	};
	objectVersion = 52;
	objects = {

/* Begin PBXBuildFile section */
		24CCACAF1EE8268C005CC365 /* AppDelegate.swift in Sources */ = {isa = PBXBuildFile; fileRef = 24CCACAE1EE8268C005CC365 /* AppDelegate.swift */; };
		24CCACB11EE8268C005CC365 /* ViewController.swift in Sources */ = {isa = PBXBuildFile; fileRef = 24CCACB01EE8268C005CC365 /* ViewController.swift */; };
		24CCACB41EE8268C005CC365 /* Main.storyboard in Resources */ = {isa = PBXBuildFile; fileRef = 24CCACB21EE8268C005CC365 /* Main.storyboard */; };
		24CCACB61EE8268C005CC365 /* Assets.xcassets in Resources */ = {isa = PBXBuildFile; fileRef = 24CCACB51EE8268C005CC365 /* Assets.xcassets */; };
		24CCACB91EE8268C005CC365 /* LaunchScreen.storyboard in Resources */ = {isa = PBXBuildFile; fileRef = 24CCACB71EE8268C005CC365 /* LaunchScreen.storyboard */; };
		DFF182372654172B007E6386 /* PinLayout in Frameworks */ = {isa = PBXBuildFile; productRef = DFF182362654172B007E6386 /* PinLayout */; };
/* End PBXBuildFile section */

/* Begin PBXFileReference section */
		24CCACAB1EE8268C005CC365 /* PinLayout-SPM-iOS.app */ = {isa = PBXFileReference; explicitFileType = wrapper.application; includeInIndex = 0; path = "PinLayout-SPM-iOS.app"; sourceTree = BUILT_PRODUCTS_DIR; };
		24CCACAE1EE8268C005CC365 /* AppDelegate.swift */ = {isa = PBXFileReference; lastKnownFileType = sourcecode.swift; path = AppDelegate.swift; sourceTree = "<group>"; };
		24CCACB01EE8268C005CC365 /* ViewController.swift */ = {isa = PBXFileReference; lastKnownFileType = sourcecode.swift; path = ViewController.swift; sourceTree = "<group>"; };
		24CCACB31EE8268C005CC365 /* Base */ = {isa = PBXFileReference; lastKnownFileType = file.storyboard; name = Base; path = Base.lproj/Main.storyboard; sourceTree = "<group>"; };
		24CCACB51EE8268C005CC365 /* Assets.xcassets */ = {isa = PBXFileReference; lastKnownFileType = folder.assetcatalog; path = Assets.xcassets; sourceTree = "<group>"; };
		24CCACB81EE8268C005CC365 /* Base */ = {isa = PBXFileReference; lastKnownFileType = file.storyboard; name = Base; path = Base.lproj/LaunchScreen.storyboard; sourceTree = "<group>"; };
		24CCACBA1EE8268C005CC365 /* Info.plist */ = {isa = PBXFileReference; lastKnownFileType = text.plist.xml; path = Info.plist; sourceTree = "<group>"; };
/* End PBXFileReference section */

/* Begin PBXFrameworksBuildPhase section */
		24CCACA81EE8268C005CC365 /* Frameworks */ = {
			isa = PBXFrameworksBuildPhase;
			buildActionMask = 2147483647;
			files = (
				DFF182372654172B007E6386 /* PinLayout in Frameworks */,
			);
			runOnlyForDeploymentPostprocessing = 0;
		};
/* End PBXFrameworksBuildPhase section */

/* Begin PBXGroup section */
		24CCACA21EE8268C005CC365 = {
			isa = PBXGroup;
			children = (
				24CCACAD1EE8268C005CC365 /* PinLayout-SPM-iOS */,
				24CCACAC1EE8268C005CC365 /* Products */,
			);
			sourceTree = "<group>";
		};
		24CCACAC1EE8268C005CC365 /* Products */ = {
			isa = PBXGroup;
			children = (
				24CCACAB1EE8268C005CC365 /* PinLayout-SPM-iOS.app */,
			);
			name = Products;
			sourceTree = "<group>";
		};
		24CCACAD1EE8268C005CC365 /* PinLayout-SPM-iOS */ = {
			isa = PBXGroup;
			children = (
				24CCACAE1EE8268C005CC365 /* AppDelegate.swift */,
				24CCACB01EE8268C005CC365 /* ViewController.swift */,
				24CCACB21EE8268C005CC365 /* Main.storyboard */,
				24CCACB51EE8268C005CC365 /* Assets.xcassets */,
				24CCACB71EE8268C005CC365 /* LaunchScreen.storyboard */,
				24CCACBA1EE8268C005CC365 /* Info.plist */,
			);
			path = "PinLayout-SPM-iOS";
			sourceTree = "<group>";
		};
/* End PBXGroup section */

/* Begin PBXNativeTarget section */
		24CCACAA1EE8268C005CC365 /* PinLayout-SPM-iOS */ = {
			isa = PBXNativeTarget;
			buildConfigurationList = 24CCACBD1EE8268C005CC365 /* Build configuration list for PBXNativeTarget "PinLayout-SPM-iOS" */;
			buildPhases = (
				24CCACA71EE8268C005CC365 /* Sources */,
				24CCACA81EE8268C005CC365 /* Frameworks */,
				24CCACA91EE8268C005CC365 /* Resources */,
			);
			buildRules = (
			);
			dependencies = (
			);
			name = "PinLayout-SPM-iOS";
			packageProductDependencies = (
				DFF182362654172B007E6386 /* PinLayout */,
			);
			productName = PinLayoutSwiftPackageManagerTest;
			productReference = 24CCACAB1EE8268C005CC365 /* PinLayout-SPM-iOS.app */;
			productType = "com.apple.product-type.application";
		};
/* End PBXNativeTarget section */

/* Begin PBXProject section */
		24CCACA31EE8268C005CC365 /* Project object */ = {
			isa = PBXProject;
			attributes = {
				LastSwiftUpdateCheck = 0830;
				LastUpgradeCheck = 1250;
				ORGANIZATIONNAME = layoutbox;
				TargetAttributes = {
					24CCACAA1EE8268C005CC365 = {
						CreatedOnToolsVersion = 8.3.2;
						ProvisioningStyle = Automatic;
					};
				};
			};
			buildConfigurationList = 24CCACA61EE8268C005CC365 /* Build configuration list for PBXProject "PinLayout-SPM-iOS" */;
			compatibilityVersion = "Xcode 3.2";
			developmentRegion = en;
			hasScannedForEncodings = 0;
			knownRegions = (
				en,
				Base,
			);
			mainGroup = 24CCACA21EE8268C005CC365;
			packageReferences = (
				DFF182352654172B007E6386 /* XCRemoteSwiftPackageReference "PinLayout" */,
			);
			productRefGroup = 24CCACAC1EE8268C005CC365 /* Products */;
			projectDirPath = "";
			projectRoot = "";
			targets = (
				24CCACAA1EE8268C005CC365 /* PinLayout-SPM-iOS */,
			);
		};
/* End PBXProject section */

/* Begin PBXResourcesBuildPhase section */
		24CCACA91EE8268C005CC365 /* Resources */ = {
			isa = PBXResourcesBuildPhase;
			buildActionMask = 2147483647;
			files = (
				24CCACB91EE8268C005CC365 /* LaunchScreen.storyboard in Resources */,
				24CCACB61EE8268C005CC365 /* Assets.xcassets in Resources */,
				24CCACB41EE8268C005CC365 /* Main.storyboard in Resources */,
			);
			runOnlyForDeploymentPostprocessing = 0;
		};
/* End PBXResourcesBuildPhase section */

/* Begin PBXSourcesBuildPhase section */
		24CCACA71EE8268C005CC365 /* Sources */ = {
			isa = PBXSourcesBuildPhase;
			buildActionMask = 2147483647;
			files = (
				24CCACB11EE8268C005CC365 /* ViewController.swift in Sources */,
				24CCACAF1EE8268C005CC365 /* AppDelegate.swift in Sources */,
			);
			runOnlyForDeploymentPostprocessing = 0;
		};
/* End PBXSourcesBuildPhase section */

/* Begin PBXVariantGroup section */
		24CCACB21EE8268C005CC365 /* Main.storyboard */ = {
			isa = PBXVariantGroup;
			children = (
				24CCACB31EE8268C005CC365 /* Base */,
			);
			name = Main.storyboard;
			sourceTree = "<group>";
		};
		24CCACB71EE8268C005CC365 /* LaunchScreen.storyboard */ = {
			isa = PBXVariantGroup;
			children = (
				24CCACB81EE8268C005CC365 /* Base */,
			);
			name = LaunchScreen.storyboard;
			sourceTree = "<group>";
		};
/* End PBXVariantGroup section */

/* Begin XCBuildConfiguration section */
		24CCACBB1EE8268C005CC365 /* Debug */ = {
			isa = XCBuildConfiguration;
			buildSettings = {
				ALWAYS_SEARCH_USER_PATHS = NO;
				CLANG_ANALYZER_LOCALIZABILITY_NONLOCALIZED = YES;
				CLANG_ANALYZER_NONNULL = YES;
				CLANG_ANALYZER_NUMBER_OBJECT_CONVERSION = YES_AGGRESSIVE;
				CLANG_CXX_LANGUAGE_STANDARD = "gnu++0x";
				CLANG_CXX_LIBRARY = "libc++";
				CLANG_ENABLE_MODULES = YES;
				CLANG_ENABLE_OBJC_ARC = YES;
				CLANG_WARN_BLOCK_CAPTURE_AUTORELEASING = YES;
				CLANG_WARN_BOOL_CONVERSION = YES;
				CLANG_WARN_COMMA = YES;
				CLANG_WARN_CONSTANT_CONVERSION = YES;
				CLANG_WARN_DEPRECATED_OBJC_IMPLEMENTATIONS = YES;
				CLANG_WARN_DIRECT_OBJC_ISA_USAGE = YES_ERROR;
				CLANG_WARN_DOCUMENTATION_COMMENTS = YES;
				CLANG_WARN_EMPTY_BODY = YES;
				CLANG_WARN_ENUM_CONVERSION = YES;
				CLANG_WARN_INFINITE_RECURSION = YES;
				CLANG_WARN_INT_CONVERSION = YES;
				CLANG_WARN_NON_LITERAL_NULL_CONVERSION = YES;
				CLANG_WARN_OBJC_IMPLICIT_RETAIN_SELF = YES;
				CLANG_WARN_OBJC_LITERAL_CONVERSION = YES;
				CLANG_WARN_OBJC_ROOT_CLASS = YES_ERROR;
				CLANG_WARN_QUOTED_INCLUDE_IN_FRAMEWORK_HEADER = YES;
				CLANG_WARN_RANGE_LOOP_ANALYSIS = YES;
				CLANG_WARN_STRICT_PROTOTYPES = YES;
				CLANG_WARN_SUSPICIOUS_MOVE = YES;
				CLANG_WARN_UNREACHABLE_CODE = YES;
				CLANG_WARN__DUPLICATE_METHOD_MATCH = YES;
				"CODE_SIGN_IDENTITY[sdk=iphoneos*]" = "iPhone Developer";
				COPY_PHASE_STRIP = NO;
				DEBUG_INFORMATION_FORMAT = dwarf;
				ENABLE_STRICT_OBJC_MSGSEND = YES;
				ENABLE_TESTABILITY = YES;
				GCC_C_LANGUAGE_STANDARD = gnu99;
				GCC_DYNAMIC_NO_PIC = NO;
				GCC_NO_COMMON_BLOCKS = YES;
				GCC_OPTIMIZATION_LEVEL = 0;
				GCC_PREPROCESSOR_DEFINITIONS = (
					"DEBUG=1",
					"$(inherited)",
				);
				GCC_WARN_64_TO_32_BIT_CONVERSION = YES;
				GCC_WARN_ABOUT_RETURN_TYPE = YES_ERROR;
				GCC_WARN_UNDECLARED_SELECTOR = YES;
				GCC_WARN_UNINITIALIZED_AUTOS = YES_AGGRESSIVE;
				GCC_WARN_UNUSED_FUNCTION = YES;
				GCC_WARN_UNUSED_VARIABLE = YES;
				IPHONEOS_DEPLOYMENT_TARGET = 12.0;
				MTL_ENABLE_DEBUG_INFO = YES;
				ONLY_ACTIVE_ARCH = YES;
				SDKROOT = iphoneos;
				SWIFT_ACTIVE_COMPILATION_CONDITIONS = DEBUG;
				SWIFT_OPTIMIZATION_LEVEL = "-Onone";
				SWIFT_VERSION = 5.0;
				TARGETED_DEVICE_FAMILY = "1,2";
			};
			name = Debug;
		};
		24CCACBC1EE8268C005CC365 /* Release */ = {
			isa = XCBuildConfiguration;
			buildSettings = {
				ALWAYS_SEARCH_USER_PATHS = NO;
				CLANG_ANALYZER_LOCALIZABILITY_NONLOCALIZED = YES;
				CLANG_ANALYZER_NONNULL = YES;
				CLANG_ANALYZER_NUMBER_OBJECT_CONVERSION = YES_AGGRESSIVE;
				CLANG_CXX_LANGUAGE_STANDARD = "gnu++0x";
				CLANG_CXX_LIBRARY = "libc++";
				CLANG_ENABLE_MODULES = YES;
				CLANG_ENABLE_OBJC_ARC = YES;
				CLANG_WARN_BLOCK_CAPTURE_AUTORELEASING = YES;
				CLANG_WARN_BOOL_CONVERSION = YES;
				CLANG_WARN_COMMA = YES;
				CLANG_WARN_CONSTANT_CONVERSION = YES;
				CLANG_WARN_DEPRECATED_OBJC_IMPLEMENTATIONS = YES;
				CLANG_WARN_DIRECT_OBJC_ISA_USAGE = YES_ERROR;
				CLANG_WARN_DOCUMENTATION_COMMENTS = YES;
				CLANG_WARN_EMPTY_BODY = YES;
				CLANG_WARN_ENUM_CONVERSION = YES;
				CLANG_WARN_INFINITE_RECURSION = YES;
				CLANG_WARN_INT_CONVERSION = YES;
				CLANG_WARN_NON_LITERAL_NULL_CONVERSION = YES;
				CLANG_WARN_OBJC_IMPLICIT_RETAIN_SELF = YES;
				CLANG_WARN_OBJC_LITERAL_CONVERSION = YES;
				CLANG_WARN_OBJC_ROOT_CLASS = YES_ERROR;
				CLANG_WARN_QUOTED_INCLUDE_IN_FRAMEWORK_HEADER = YES;
				CLANG_WARN_RANGE_LOOP_ANALYSIS = YES;
				CLANG_WARN_STRICT_PROTOTYPES = YES;
				CLANG_WARN_SUSPICIOUS_MOVE = YES;
				CLANG_WARN_UNREACHABLE_CODE = YES;
				CLANG_WARN__DUPLICATE_METHOD_MATCH = YES;
				"CODE_SIGN_IDENTITY[sdk=iphoneos*]" = "iPhone Developer";
				COPY_PHASE_STRIP = NO;
				DEBUG_INFORMATION_FORMAT = "dwarf-with-dsym";
				ENABLE_NS_ASSERTIONS = NO;
				ENABLE_STRICT_OBJC_MSGSEND = YES;
				GCC_C_LANGUAGE_STANDARD = gnu99;
				GCC_NO_COMMON_BLOCKS = YES;
				GCC_WARN_64_TO_32_BIT_CONVERSION = YES;
				GCC_WARN_ABOUT_RETURN_TYPE = YES_ERROR;
				GCC_WARN_UNDECLARED_SELECTOR = YES;
				GCC_WARN_UNINITIALIZED_AUTOS = YES_AGGRESSIVE;
				GCC_WARN_UNUSED_FUNCTION = YES;
				GCC_WARN_UNUSED_VARIABLE = YES;
				IPHONEOS_DEPLOYMENT_TARGET = 12.0;
				MTL_ENABLE_DEBUG_INFO = NO;
				SDKROOT = iphoneos;
				SWIFT_COMPILATION_MODE = wholemodule;
				SWIFT_OPTIMIZATION_LEVEL = "-O";
				SWIFT_VERSION = 5.0;
				TARGETED_DEVICE_FAMILY = "1,2";
				VALIDATE_PRODUCT = YES;
			};
			name = Release;
		};
		24CCACBE1EE8268C005CC365 /* Debug */ = {
			isa = XCBuildConfiguration;
			buildSettings = {
				ASSETCATALOG_COMPILER_APPICON_NAME = AppIcon;
				DEVELOPMENT_TEAM = X2BTQWMK8M;
				INFOPLIST_FILE = "$(SRCROOT)/PinLayout-SPM-iOS/Info.plist";
				LD_RUNPATH_SEARCH_PATHS = (
					"$(inherited)",
					"@executable_path/Frameworks",
				);
				PRODUCT_BUNDLE_IDENTIFIER = "com.layoutbox.project.PinLayout-Carthage-iOS";
				PRODUCT_NAME = "$(TARGET_NAME)";
				SWIFT_VERSION = 5.0;
			};
			name = Debug;
		};
		24CCACBF1EE8268C005CC365 /* Release */ = {
			isa = XCBuildConfiguration;
			buildSettings = {
				ASSETCATALOG_COMPILER_APPICON_NAME = AppIcon;
				DEVELOPMENT_TEAM = X2BTQWMK8M;
				INFOPLIST_FILE = "$(SRCROOT)/PinLayout-SPM-iOS/Info.plist";
				LD_RUNPATH_SEARCH_PATHS = (
					"$(inherited)",
					"@executable_path/Frameworks",
				);
				PRODUCT_BUNDLE_IDENTIFIER = "com.layoutbox.project.PinLayout-Carthage-iOS";
				PRODUCT_NAME = "$(TARGET_NAME)";
				SWIFT_VERSION = 5.0;
			};
			name = Release;
		};
/* End XCBuildConfiguration section */

/* Begin XCConfigurationList section */
		24CCACA61EE8268C005CC365 /* Build configuration list for PBXProject "PinLayout-SPM-iOS" */ = {
			isa = XCConfigurationList;
			buildConfigurations = (
				24CCACBB1EE8268C005CC365 /* Debug */,
				24CCACBC1EE8268C005CC365 /* Release */,
			);
			defaultConfigurationIsVisible = 0;
			defaultConfigurationName = Release;
		};
		24CCACBD1EE8268C005CC365 /* Build configuration list for PBXNativeTarget "PinLayout-SPM-iOS" */ = {
			isa = XCConfigurationList;
			buildConfigurations = (
				24CCACBE1EE8268C005CC365 /* Debug */,
				24CCACBF1EE8268C005CC365 /* Release */,
			);
			defaultConfigurationIsVisible = 0;
			defaultConfigurationName = Release;
		};
/* End XCConfigurationList section */

/* Begin XCRemoteSwiftPackageReference section */
		DFF182352654172B007E6386 /* XCRemoteSwiftPackageReference "PinLayout" */ = {
			isa = XCRemoteSwiftPackageReference;
			repositoryURL = "https://github.com/layoutBox/PinLayout.git";
			requirement = {
				branch = master;
				kind = branch;
			};
		};
/* End XCRemoteSwiftPackageReference section */

/* Begin XCSwiftPackageProductDependency section */
		DFF182362654172B007E6386 /* PinLayout */ = {
			isa = XCSwiftPackageProductDependency;
			package = DFF182352654172B007E6386 /* XCRemoteSwiftPackageReference "PinLayout" */;
			productName = PinLayout;
		};
/* End XCSwiftPackageProductDependency section */
	};
	rootObject = 24CCACA31EE8268C005CC365 /* Project object */;
}
