// !$*UTF8*$!
{
	archiveVersion = 1;
	classes = {
	};
	objectVersion = 46;
	objects = {

/* Begin PBXBuildFile section */
		447D4B531EA571EC002FDFF4 /* AppDelegate.swift in Sources */ = {isa = PBXBuildFile; fileRef = 447D4B521EA571EC002FDFF4 /* AppDelegate.swift */; };
		447D4B571EA571EC002FDFF4 /* Assets.xcassets in Resources */ = {isa = PBXBuildFile; fileRef = 447D4B561EA571EC002FDFF4 /* Assets.xcassets */; };
		D481169C663D06B9487BD94A /* Pods_PinLayout_macOS.framework in Frameworks */ = {isa = PBXBuildFile; fileRef = AD1FED5769AD72F9C3BA80B4 /* Pods_PinLayout_macOS.framework */; };
		DF47E42B2088F8B2008599A2 /* Main.storyboard in Resources */ = {isa = PBXBuildFile; fileRef = DF47E42A2088F8B2008599A2 /* Main.storyboard */; };
		DFF222C520B9932600AC2A84 /* TestObjectiveC.m in Sources */ = {isa = PBXBuildFile; fileRef = DFF222C420B9932600AC2A84 /* TestObjectiveC.m */; };
/* End PBXBuildFile section */

/* Begin PBXFileReference section */
		039104F30404DFF00E9EE3EC /* Pods-PinLayout-macOS.debug.xcconfig */ = {isa = PBXFileReference; includeInIndex = 1; lastKnownFileType = text.xcconfig; name = "Pods-PinLayout-macOS.debug.xcconfig"; path = "Pods/Target Support Files/Pods-PinLayout-macOS/Pods-PinLayout-macOS.debug.xcconfig"; sourceTree = "<group>"; };
		447D4B4F1EA571EC002FDFF4 /* PinLayout-macOS.app */ = {isa = PBXFileReference; explicitFileType = wrapper.application; includeInIndex = 0; path = "PinLayout-macOS.app"; sourceTree = BUILT_PRODUCTS_DIR; };
		447D4B521EA571EC002FDFF4 /* AppDelegate.swift */ = {isa = PBXFileReference; lastKnownFileType = sourcecode.swift; path = AppDelegate.swift; sourceTree = "<group>"; };
		447D4B561EA571EC002FDFF4 /* Assets.xcassets */ = {isa = PBXFileReference; lastKnownFileType = folder.assetcatalog; path = Assets.xcassets; sourceTree = "<group>"; };
		447D4B5B1EA571EC002FDFF4 /* Info.plist */ = {isa = PBXFileReference; lastKnownFileType = text.plist.xml; path = Info.plist; sourceTree = "<group>"; };
		5ECB97E9B35D047EBF30646A /* Pods-PinLayout-macOS.release.xcconfig */ = {isa = PBXFileReference; includeInIndex = 1; lastKnownFileType = text.xcconfig; name = "Pods-PinLayout-macOS.release.xcconfig"; path = "Pods/Target Support Files/Pods-PinLayout-macOS/Pods-PinLayout-macOS.release.xcconfig"; sourceTree = "<group>"; };
		AD1FED5769AD72F9C3BA80B4 /* Pods_PinLayout_macOS.framework */ = {isa = PBXFileReference; explicitFileType = wrapper.framework; includeInIndex = 0; path = Pods_PinLayout_macOS.framework; sourceTree = BUILT_PRODUCTS_DIR; };
		DF47E42A2088F8B2008599A2 /* Main.storyboard */ = {isa = PBXFileReference; lastKnownFileType = file.storyboard; path = Main.storyboard; sourceTree = "<group>"; };
		DFF222BF20B9920E00AC2A84 /* PinLayout-macOS-Bridging-Header.h */ = {isa = PBXFileReference; lastKnownFileType = sourcecode.c.h; path = "PinLayout-macOS-Bridging-Header.h"; sourceTree = "<group>"; };
		DFF222C420B9932600AC2A84 /* TestObjectiveC.m */ = {isa = PBXFileReference; fileEncoding = 4; lastKnownFileType = sourcecode.c.objc; path = TestObjectiveC.m; sourceTree = "<group>"; };
/* End PBXFileReference section */

/* Begin PBXFrameworksBuildPhase section */
		447D4B4C1EA571EC002FDFF4 /* Frameworks */ = {
			isa = PBXFrameworksBuildPhase;
			buildActionMask = 2147483647;
			files = (
				D481169C663D06B9487BD94A /* Pods_PinLayout_macOS.framework in Frameworks */,
			);
			runOnlyForDeploymentPostprocessing = 0;
		};
/* End PBXFrameworksBuildPhase section */

/* Begin PBXGroup section */
		16FE322A1CBEBBF79188D2B2 /* Frameworks */ = {
			isa = PBXGroup;
			children = (
				AD1FED5769AD72F9C3BA80B4 /* Pods_PinLayout_macOS.framework */,
			);
			name = Frameworks;
			sourceTree = "<group>";
		};
		447D4B461EA571EC002FDFF4 = {
			isa = PBXGroup;
			children = (
				447D4B511EA571EC002FDFF4 /* PinLayout-macOS */,
				447D4B501EA571EC002FDFF4 /* Products */,
				16FE322A1CBEBBF79188D2B2 /* Frameworks */,
				941C8A50DD0593B8C20749A7 /* Pods */,
			);
			sourceTree = "<group>";
		};
		447D4B501EA571EC002FDFF4 /* Products */ = {
			isa = PBXGroup;
			children = (
				447D4B4F1EA571EC002FDFF4 /* PinLayout-macOS.app */,
			);
			name = Products;
			sourceTree = "<group>";
		};
		447D4B511EA571EC002FDFF4 /* PinLayout-macOS */ = {
			isa = PBXGroup;
			children = (
				447D4B521EA571EC002FDFF4 /* AppDelegate.swift */,
				447D4B561EA571EC002FDFF4 /* Assets.xcassets */,
				447D4B5B1EA571EC002FDFF4 /* Info.plist */,
				DF47E42A2088F8B2008599A2 /* Main.storyboard */,
				DFF222C420B9932600AC2A84 /* TestObjectiveC.m */,
				DFF222BF20B9920E00AC2A84 /* PinLayout-macOS-Bridging-Header.h */,
			);
			path = "PinLayout-macOS";
			sourceTree = "<group>";
		};
		941C8A50DD0593B8C20749A7 /* Pods */ = {
			isa = PBXGroup;
			children = (
				039104F30404DFF00E9EE3EC /* Pods-PinLayout-macOS.debug.xcconfig */,
				5ECB97E9B35D047EBF30646A /* Pods-PinLayout-macOS.release.xcconfig */,
			);
			name = Pods;
			sourceTree = "<group>";
		};
/* End PBXGroup section */

/* Begin PBXNativeTarget section */
		447D4B4E1EA571EC002FDFF4 /* PinLayout-macOS */ = {
			isa = PBXNativeTarget;
			buildConfigurationList = 447D4B5E1EA571EC002FDFF4 /* Build configuration list for PBXNativeTarget "PinLayout-macOS" */;
			buildPhases = (
				E12BFA6B2B79EA7C54258CB8 /* [CP] Check Pods Manifest.lock */,
				447D4B4B1EA571EC002FDFF4 /* Sources */,
				447D4B4C1EA571EC002FDFF4 /* Frameworks */,
				447D4B4D1EA571EC002FDFF4 /* Resources */,
				FF2FCD2CE34BFEB80424900C /* [CP] Embed Pods Frameworks */,
			);
			buildRules = (
			);
			dependencies = (
			);
			name = "PinLayout-macOS";
			productName = "LayoutKit-macOS";
			productReference = 447D4B4F1EA571EC002FDFF4 /* PinLayout-macOS.app */;
			productType = "com.apple.product-type.application";
		};
/* End PBXNativeTarget section */

/* Begin PBXProject section */
		447D4B471EA571EC002FDFF4 /* Project object */ = {
			isa = PBXProject;
			attributes = {
				LastSwiftUpdateCheck = 0830;
				LastUpgradeCheck = 1100;
				ORGANIZATIONNAME = Linkedin;
				TargetAttributes = {
					447D4B4E1EA571EC002FDFF4 = {
						CreatedOnToolsVersion = 8.3.1;
						LastSwiftMigration = 0930;
						ProvisioningStyle = Automatic;
					};
				};
			};
			buildConfigurationList = 447D4B4A1EA571EC002FDFF4 /* Build configuration list for PBXProject "PinLayout-macOS" */;
			compatibilityVersion = "Xcode 3.2";
			developmentRegion = en;
			hasScannedForEncodings = 0;
			knownRegions = (
				en,
				Base,
			);
			mainGroup = 447D4B461EA571EC002FDFF4;
			productRefGroup = 447D4B501EA571EC002FDFF4 /* Products */;
			projectDirPath = "";
			projectRoot = "";
			targets = (
				447D4B4E1EA571EC002FDFF4 /* PinLayout-macOS */,
			);
		};
/* End PBXProject section */

/* Begin PBXResourcesBuildPhase section */
		447D4B4D1EA571EC002FDFF4 /* Resources */ = {
			isa = PBXResourcesBuildPhase;
			buildActionMask = 2147483647;
			files = (
				447D4B571EA571EC002FDFF4 /* Assets.xcassets in Resources */,
				DF47E42B2088F8B2008599A2 /* Main.storyboard in Resources */,
			);
			runOnlyForDeploymentPostprocessing = 0;
		};
/* End PBXResourcesBuildPhase section */

/* Begin PBXShellScriptBuildPhase section */
		E12BFA6B2B79EA7C54258CB8 /* [CP] Check Pods Manifest.lock */ = {
			isa = PBXShellScriptBuildPhase;
			buildActionMask = 2147483647;
			files = (
			);
			inputPaths = (
				"${PODS_PODFILE_DIR_PATH}/Podfile.lock",
				"${PODS_ROOT}/Manifest.lock",
			);
			name = "[CP] Check Pods Manifest.lock";
			outputPaths = (
				"$(DERIVED_FILE_DIR)/Pods-PinLayout-macOS-checkManifestLockResult.txt",
			);
			runOnlyForDeploymentPostprocessing = 0;
			shellPath = /bin/sh;
			shellScript = "diff \"${PODS_PODFILE_DIR_PATH}/Podfile.lock\" \"${PODS_ROOT}/Manifest.lock\" > /dev/null\nif [ $? != 0 ] ; then\n    # print error to STDERR\n    echo \"error: The sandbox is not in sync with the Podfile.lock. Run 'pod install' or update your CocoaPods installation.\" >&2\n    exit 1\nfi\n# This output is used by Xcode 'outputs' to avoid re-running this script phase.\necho \"SUCCESS\" > \"${SCRIPT_OUTPUT_FILE_0}\"\n";
			showEnvVarsInLog = 0;
		};
		FF2FCD2CE34BFEB80424900C /* [CP] Embed Pods Frameworks */ = {
			isa = PBXShellScriptBuildPhase;
			buildActionMask = 2147483647;
			files = (
			);
			inputPaths = (
				"${PODS_ROOT}/Target Support Files/Pods-PinLayout-macOS/Pods-PinLayout-macOS-frameworks.sh",
				"${BUILT_PRODUCTS_DIR}/PinLayout/PinLayout.framework",
			);
			name = "[CP] Embed Pods Frameworks";
			outputPaths = (
				"${TARGET_BUILD_DIR}/${FRAMEWORKS_FOLDER_PATH}/PinLayout.framework",
			);
			runOnlyForDeploymentPostprocessing = 0;
			shellPath = /bin/sh;
			shellScript = "\"${PODS_ROOT}/Target Support Files/Pods-PinLayout-macOS/Pods-PinLayout-macOS-frameworks.sh\"\n";
			showEnvVarsInLog = 0;
		};
/* End PBXShellScriptBuildPhase section */

/* Begin PBXSourcesBuildPhase section */
		447D4B4B1EA571EC002FDFF4 /* Sources */ = {
			isa = PBXSourcesBuildPhase;
			buildActionMask = 2147483647;
			files = (
				447D4B531EA571EC002FDFF4 /* AppDelegate.swift in Sources */,
				DFF222C520B9932600AC2A84 /* TestObjectiveC.m in Sources */,
			);
			runOnlyForDeploymentPostprocessing = 0;
		};
/* End PBXSourcesBuildPhase section */

/* Begin XCBuildConfiguration section */
		447D4B5C1EA571EC002FDFF4 /* Debug */ = {
			isa = XCBuildConfiguration;
			buildSettings = {
				ALWAYS_SEARCH_USER_PATHS = NO;
				CLANG_ANALYZER_LOCALIZABILITY_NONLOCALIZED = YES;
				CLANG_ANALYZER_NONNULL = YES;
				CLANG_ANALYZER_NUMBER_OBJECT_CONVERSION = YES_AGGRESSIVE;
				CLANG_CXX_LANGUAGE_STANDARD = "gnu++0x";
				CLANG_CXX_LIBRARY = "libc++";
				CLANG_ENABLE_MODULES = YES;
				CLANG_ENABLE_OBJC_ARC = YES;
				CLANG_WARN_BLOCK_CAPTURE_AUTORELEASING = YES;
				CLANG_WARN_BOOL_CONVERSION = YES;
				CLANG_WARN_COMMA = YES;
				CLANG_WARN_CONSTANT_CONVERSION = YES;
				CLANG_WARN_DEPRECATED_OBJC_IMPLEMENTATIONS = YES;
				CLANG_WARN_DIRECT_OBJC_ISA_USAGE = YES_ERROR;
				CLANG_WARN_DOCUMENTATION_COMMENTS = YES;
				CLANG_WARN_EMPTY_BODY = YES;
				CLANG_WARN_ENUM_CONVERSION = YES;
				CLANG_WARN_INFINITE_RECURSION = YES;
				CLANG_WARN_INT_CONVERSION = YES;
				CLANG_WARN_NON_LITERAL_NULL_CONVERSION = YES;
				CLANG_WARN_OBJC_IMPLICIT_RETAIN_SELF = YES;
				CLANG_WARN_OBJC_LITERAL_CONVERSION = YES;
				CLANG_WARN_OBJC_ROOT_CLASS = YES_ERROR;
				CLANG_WARN_RANGE_LOOP_ANALYSIS = YES;
				CLANG_WARN_STRICT_PROTOTYPES = YES;
				CLANG_WARN_SUSPICIOUS_MOVE = YES;
				CLANG_WARN_UNREACHABLE_CODE = YES;
				CLANG_WARN__DUPLICATE_METHOD_MATCH = YES;
				CODE_SIGN_IDENTITY = "-";
				COPY_PHASE_STRIP = NO;
				DEBUG_INFORMATION_FORMAT = dwarf;
				ENABLE_STRICT_OBJC_MSGSEND = YES;
				ENABLE_TESTABILITY = YES;
				GCC_C_LANGUAGE_STANDARD = gnu99;
				GCC_DYNAMIC_NO_PIC = NO;
				GCC_NO_COMMON_BLOCKS = YES;
				GCC_OPTIMIZATION_LEVEL = 0;
				GCC_PREPROCESSOR_DEFINITIONS = (
					"DEBUG=1",
					"$(inherited)",
				);
				GCC_WARN_64_TO_32_BIT_CONVERSION = YES;
				GCC_WARN_ABOUT_RETURN_TYPE = YES_ERROR;
				GCC_WARN_UNDECLARED_SELECTOR = YES;
				GCC_WARN_UNINITIALIZED_AUTOS = YES_AGGRESSIVE;
				GCC_WARN_UNUSED_FUNCTION = YES;
				GCC_WARN_UNUSED_VARIABLE = YES;
				MACOSX_DEPLOYMENT_TARGET = 10.11;
				MTL_ENABLE_DEBUG_INFO = YES;
				ONLY_ACTIVE_ARCH = YES;
				SDKROOT = macosx;
				SWIFT_ACTIVE_COMPILATION_CONDITIONS = DEBUG;
				SWIFT_OPTIMIZATION_LEVEL = "-Onone";
				SWIFT_VERSION = 5.0;
			};
			name = Debug;
		};
		447D4B5D1EA571EC002FDFF4 /* Release */ = {
			isa = XCBuildConfiguration;
			buildSettings = {
				ALWAYS_SEARCH_USER_PATHS = NO;
				CLANG_ANALYZER_LOCALIZABILITY_NONLOCALIZED = YES;
				CLANG_ANALYZER_NONNULL = YES;
				CLANG_ANALYZER_NUMBER_OBJECT_CONVERSION = YES_AGGRESSIVE;
				CLANG_CXX_LANGUAGE_STANDARD = "gnu++0x";
				CLANG_CXX_LIBRARY = "libc++";
				CLANG_ENABLE_MODULES = YES;
				CLANG_ENABLE_OBJC_ARC = YES;
				CLANG_WARN_BLOCK_CAPTURE_AUTORELEASING = YES;
				CLANG_WARN_BOOL_CONVERSION = YES;
				CLANG_WARN_COMMA = YES;
				CLANG_WARN_CONSTANT_CONVERSION = YES;
				CLANG_WARN_DEPRECATED_OBJC_IMPLEMENTATIONS = YES;
				CLANG_WARN_DIRECT_OBJC_ISA_USAGE = YES_ERROR;
				CLANG_WARN_DOCUMENTATION_COMMENTS = YES;
				CLANG_WARN_EMPTY_BODY = YES;
				CLANG_WARN_ENUM_CONVERSION = YES;
				CLANG_WARN_INFINITE_RECURSION = YES;
				CLANG_WARN_INT_CONVERSION = YES;
				CLANG_WARN_NON_LITERAL_NULL_CONVERSION = YES;
				CLANG_WARN_OBJC_IMPLICIT_RETAIN_SELF = YES;
				CLANG_WARN_OBJC_LITERAL_CONVERSION = YES;
				CLANG_WARN_OBJC_ROOT_CLASS = YES_ERROR;
				CLANG_WARN_RANGE_LOOP_ANALYSIS = YES;
				CLANG_WARN_STRICT_PROTOTYPES = YES;
				CLANG_WARN_SUSPICIOUS_MOVE = YES;
				CLANG_WARN_UNREACHABLE_CODE = YES;
				CLANG_WARN__DUPLICATE_METHOD_MATCH = YES;
				CODE_SIGN_IDENTITY = "-";
				COPY_PHASE_STRIP = NO;
				DEBUG_INFORMATION_FORMAT = "dwarf-with-dsym";
				ENABLE_NS_ASSERTIONS = NO;
				ENABLE_STRICT_OBJC_MSGSEND = YES;
				GCC_C_LANGUAGE_STANDARD = gnu99;
				GCC_NO_COMMON_BLOCKS = YES;
				GCC_WARN_64_TO_32_BIT_CONVERSION = YES;
				GCC_WARN_ABOUT_RETURN_TYPE = YES_ERROR;
				GCC_WARN_UNDECLARED_SELECTOR = YES;
				GCC_WARN_UNINITIALIZED_AUTOS = YES_AGGRESSIVE;
				GCC_WARN_UNUSED_FUNCTION = YES;
				GCC_WARN_UNUSED_VARIABLE = YES;
				MACOSX_DEPLOYMENT_TARGET = 10.11;
				MTL_ENABLE_DEBUG_INFO = NO;
				SDKROOT = macosx;
				SWIFT_OPTIMIZATION_LEVEL = "-Owholemodule";
				SWIFT_VERSION = 5.0;
			};
			name = Release;
		};
		447D4B5F1EA571EC002FDFF4 /* Debug */ = {
			isa = XCBuildConfiguration;
			baseConfigurationReference = 039104F30404DFF00E9EE3EC /* Pods-PinLayout-macOS.debug.xcconfig */;
			buildSettings = {
				ASSETCATALOG_COMPILER_APPICON_NAME = AppIcon;
				CLANG_ENABLE_MODULES = YES;
				CODE_SIGN_IDENTITY = "-";
				COMBINE_HIDPI_IMAGES = YES;
				INFOPLIST_FILE = "PinLayout-macOS/Info.plist";
				LD_RUNPATH_SEARCH_PATHS = "$(inherited) @executable_path/../Frameworks";
				MACOSX_DEPLOYMENT_TARGET = 10.11;
				PRODUCT_BUNDLE_IDENTIFIER = "com.layoutbox.project.PinLayout-macOS";
				PRODUCT_NAME = "$(TARGET_NAME)";
				SWIFT_OBJC_BRIDGING_HEADER = "PinLayout-macOS/PinLayout-macOS-Bridging-Header.h";
				SWIFT_OPTIMIZATION_LEVEL = "-Onone";
				SWIFT_VERSION = 5.0;
			};
			name = Debug;
		};
		447D4B601EA571EC002FDFF4 /* Release */ = {
			isa = XCBuildConfiguration;
			baseConfigurationReference = 5ECB97E9B35D047EBF30646A /* Pods-PinLayout-macOS.release.xcconfig */;
			buildSettings = {
				ASSETCATALOG_COMPILER_APPICON_NAME = AppIcon;
				CLANG_ENABLE_MODULES = YES;
				CODE_SIGN_IDENTITY = "-";
				COMBINE_HIDPI_IMAGES = YES;
				INFOPLIST_FILE = "PinLayout-macOS/Info.plist";
				LD_RUNPATH_SEARCH_PATHS = "$(inherited) @executable_path/../Frameworks";
				MACOSX_DEPLOYMENT_TARGET = 10.11;
				PRODUCT_BUNDLE_IDENTIFIER = "com.layoutbox.project.PinLayout-macOS";
				PRODUCT_NAME = "$(TARGET_NAME)";
				SWIFT_OBJC_BRIDGING_HEADER = "PinLayout-macOS/PinLayout-macOS-Bridging-Header.h";
				SWIFT_VERSION = 5.0;
			};
			name = Release;
		};
/* End XCBuildConfiguration section */

/* Begin XCConfigurationList section */
		447D4B4A1EA571EC002FDFF4 /* Build configuration list for PBXProject "PinLayout-macOS" */ = {
			isa = XCConfigurationList;
			buildConfigurations = (
				447D4B5C1EA571EC002FDFF4 /* Debug */,
				447D4B5D1EA571EC002FDFF4 /* Release */,
			);
			defaultConfigurationIsVisible = 0;
			defaultConfigurationName = Release;
		};
		447D4B5E1EA571EC002FDFF4 /* Build configuration list for PBXNativeTarget "PinLayout-macOS" */ = {
			isa = XCConfigurationList;
			buildConfigurations = (
				447D4B5F1EA571EC002FDFF4 /* Debug */,
				447D4B601EA571EC002FDFF4 /* Release */,
			);
			defaultConfigurationIsVisible = 0;
			defaultConfigurationName = Release;
		};
/* End XCConfigurationList section */
	};
	rootObject = 447D4B471EA571EC002FDFF4 /* Project object */;
}
