// !$*UTF8*$!
{
	archiveVersion = 1;
	classes = {
	};
	objectVersion = 46;
	objects = {

/* Begin PBXBuildFile section */
		2439CC281E6658C3003326FB /* PinLayout.framework in Embed Frameworks */ = {isa = PBXBuildFile; fileRef = 2439CC241E665858003326FB /* PinLayout.framework */; settings = {ATTRIBUTES = (CodeSignOnCopy, RemoveHeadersOnCopy, ); }; };
		2439CC2B1E6658CC003326FB /* PinLayout.framework in Frameworks */ = {isa = PBXBuildFile; fileRef = 2439CC241E665858003326FB /* PinLayout.framework */; };
		2439CC351E665BF6003326FB /* MenuView.swift in Sources */ = {isa = PBXBuildFile; fileRef = 2439CC331E665BF6003326FB /* MenuView.swift */; };
		2439CC361E665BF6003326FB /* MenuViewController.swift in Sources */ = {isa = PBXBuildFile; fileRef = 2439CC341E665BF6003326FB /* MenuViewController.swift */; };
		2439CC4B1E665C6B003326FB /* BasicView.swift in Sources */ = {isa = PBXBuildFile; fileRef = 2439CC381E665C6B003326FB /* BasicView.swift */; };
		2439CC521E665C6B003326FB /* MultiRelativeView.swift in Sources */ = {isa = PBXBuildFile; fileRef = 2439CC3F1E665C6B003326FB /* MultiRelativeView.swift */; };
		2439CC531E665C6B003326FB /* MultiRelativeViewController.swift in Sources */ = {isa = PBXBuildFile; fileRef = 2439CC401E665C6B003326FB /* MultiRelativeViewController.swift */; };
		2439CC541E665C6B003326FB /* RelativeView.swift in Sources */ = {isa = PBXBuildFile; fileRef = 2439CC411E665C6B003326FB /* RelativeView.swift */; };
		2439CC551E665C6B003326FB /* RelativeViewController.swift in Sources */ = {isa = PBXBuildFile; fileRef = 2439CC421E665C6B003326FB /* RelativeViewController.swift */; };
		249326891EEEEE3D00BCB814 /* Stylesheet.swift in Sources */ = {isa = PBXBuildFile; fileRef = 249326881EEEEE3D00BCB814 /* Stylesheet.swift */; };
		2493268C1EEEEFF100BCB814 /* BaseViewController.swift in Sources */ = {isa = PBXBuildFile; fileRef = 2493268B1EEEEFF100BCB814 /* BaseViewController.swift */; };
		2493268E1EEEF02700BCB814 /* BaseView.swift in Sources */ = {isa = PBXBuildFile; fileRef = 2493268D1EEEF02700BCB814 /* BaseView.swift */; };
		2497CFED1EF40B9100DFD13B /* FormView.swift in Sources */ = {isa = PBXBuildFile; fileRef = 2497CFEB1EF40B9100DFD13B /* FormView.swift */; };
		2497CFEE1EF40B9100DFD13B /* FormViewController.swift in Sources */ = {isa = PBXBuildFile; fileRef = 2497CFEC1EF40B9100DFD13B /* FormViewController.swift */; };
		249EFE431E64FAFE00165E39 /* AppDelegate.swift in Sources */ = {isa = PBXBuildFile; fileRef = 249EFE421E64FAFE00165E39 /* AppDelegate.swift */; };
		249EFE4A1E64FAFE00165E39 /* Assets.xcassets in Resources */ = {isa = PBXBuildFile; fileRef = 249EFE491E64FAFE00165E39 /* Assets.xcassets */; };
		249EFE4D1E64FAFE00165E39 /* LaunchScreen.storyboard in Resources */ = {isa = PBXBuildFile; fileRef = 249EFE4B1E64FAFE00165E39 /* LaunchScreen.storyboard */; };
		24A9C1F21EF0542F00F2CF64 /* TableViewExampleView.swift in Sources */ = {isa = PBXBuildFile; fileRef = 24A9C1F01EF0542F00F2CF64 /* TableViewExampleView.swift */; };
		24A9C1F31EF0542F00F2CF64 /* TableViewExampleViewController.swift in Sources */ = {isa = PBXBuildFile; fileRef = 24A9C1F11EF0542F00F2CF64 /* TableViewExampleViewController.swift */; };
		24A9C1F61EF054BF00F2CF64 /* MethodCell.swift in Sources */ = {isa = PBXBuildFile; fileRef = 24A9C1F51EF054BF00F2CF64 /* MethodCell.swift */; };
		24A9C1F91EF0619C00F2CF64 /* MethodGroupHeader.swift in Sources */ = {isa = PBXBuildFile; fileRef = 24A9C1F81EF0619C00F2CF64 /* MethodGroupHeader.swift */; };
		24A9C2031EF16A3E00F2CF64 /* AutoAdjustingSizeView.swift in Sources */ = {isa = PBXBuildFile; fileRef = 24A9C2011EF16A3E00F2CF64 /* AutoAdjustingSizeView.swift */; };
		24A9C2041EF16A3E00F2CF64 /* AutoAdjustingSizeViewController.swift in Sources */ = {isa = PBXBuildFile; fileRef = 24A9C2021EF16A3E00F2CF64 /* AutoAdjustingSizeViewController.swift */; };
		24DA374B1EF7F90600D1AB2F /* BaseFormView.swift in Sources */ = {isa = PBXBuildFile; fileRef = 24DA374A1EF7F90600D1AB2F /* BaseFormView.swift */; };
		24E654821E69041B00A72A8B /* Expect.swift in Sources */ = {isa = PBXBuildFile; fileRef = 24E654811E69041B00A72A8B /* Expect.swift */; };
		24F75B5B1EE5644E008DB567 /* IntroView.swift in Sources */ = {isa = PBXBuildFile; fileRef = 24F75B591EE5644E008DB567 /* IntroView.swift */; };
		24F75B5C1EE5644E008DB567 /* IntroViewController.swift in Sources */ = {isa = PBXBuildFile; fileRef = 24F75B5A1EE5644E008DB567 /* IntroViewController.swift */; };
		DE6C3D736B571B80E207DF6A /* Pods_PinLayoutSample.framework in Frameworks */ = {isa = PBXBuildFile; fileRef = AAD69688AA2A3F0994F3074E /* Pods_PinLayoutSample.framework */; };
/* End PBXBuildFile section */

/* Begin PBXContainerItemProxy section */
		2439CC231E665858003326FB /* PBXContainerItemProxy */ = {
			isa = PBXContainerItemProxy;
			containerPortal = 2439CC1E1E665858003326FB /* PinLayout.xcodeproj */;
			proxyType = 2;
			remoteGlobalIDString = 249EFE7A1E64FB4C00165E39;
			remoteInfo = PinLayout;
		};
		2439CC251E665858003326FB /* PBXContainerItemProxy */ = {
			isa = PBXContainerItemProxy;
			containerPortal = 2439CC1E1E665858003326FB /* PinLayout.xcodeproj */;
			proxyType = 2;
			remoteGlobalIDString = 249EFE831E64FB4C00165E39;
			remoteInfo = PinLayoutTests;
		};
		2439CC291E6658C3003326FB /* PBXContainerItemProxy */ = {
			isa = PBXContainerItemProxy;
			containerPortal = 2439CC1E1E665858003326FB /* PinLayout.xcodeproj */;
			proxyType = 1;
			remoteGlobalIDString = 249EFE791E64FB4C00165E39;
			remoteInfo = PinLayout;
		};
		24DA374E1EF7F90700D1AB2F /* PBXContainerItemProxy */ = {
			isa = PBXContainerItemProxy;
			containerPortal = 2439CC1E1E665858003326FB /* PinLayout.xcodeproj */;
			proxyType = 2;
			remoteGlobalIDString = 244DF2F81EF46C500090508B;
			remoteInfo = PinLayoutTVOS;
		};
/* End PBXContainerItemProxy section */

/* Begin PBXCopyFilesBuildPhase section */
		2460ACCE1E64FD9D000BCAC5 /* Embed Frameworks */ = {
			isa = PBXCopyFilesBuildPhase;
			buildActionMask = 2147483647;
			dstPath = "";
			dstSubfolderSpec = 10;
			files = (
				2439CC281E6658C3003326FB /* PinLayout.framework in Embed Frameworks */,
			);
			name = "Embed Frameworks";
			runOnlyForDeploymentPostprocessing = 0;
		};
/* End PBXCopyFilesBuildPhase section */

/* Begin PBXFileReference section */
		2439CC1E1E665858003326FB /* PinLayout.xcodeproj */ = {isa = PBXFileReference; lastKnownFileType = "wrapper.pb-project"; name = PinLayout.xcodeproj; path = ../PinLayout.xcodeproj; sourceTree = "<group>"; };
		2439CC331E665BF6003326FB /* MenuView.swift */ = {isa = PBXFileReference; fileEncoding = 4; lastKnownFileType = sourcecode.swift; path = MenuView.swift; sourceTree = "<group>"; };
		2439CC341E665BF6003326FB /* MenuViewController.swift */ = {isa = PBXFileReference; fileEncoding = 4; lastKnownFileType = sourcecode.swift; path = MenuViewController.swift; sourceTree = "<group>"; };
		2439CC381E665C6B003326FB /* BasicView.swift */ = {isa = PBXFileReference; fileEncoding = 4; lastKnownFileType = sourcecode.swift; path = BasicView.swift; sourceTree = "<group>"; };
		2439CC3F1E665C6B003326FB /* MultiRelativeView.swift */ = {isa = PBXFileReference; fileEncoding = 4; lastKnownFileType = sourcecode.swift; path = MultiRelativeView.swift; sourceTree = "<group>"; };
		2439CC401E665C6B003326FB /* MultiRelativeViewController.swift */ = {isa = PBXFileReference; fileEncoding = 4; lastKnownFileType = sourcecode.swift; path = MultiRelativeViewController.swift; sourceTree = "<group>"; };
		2439CC411E665C6B003326FB /* RelativeView.swift */ = {isa = PBXFileReference; fileEncoding = 4; lastKnownFileType = sourcecode.swift; path = RelativeView.swift; sourceTree = "<group>"; };
		2439CC421E665C6B003326FB /* RelativeViewController.swift */ = {isa = PBXFileReference; fileEncoding = 4; lastKnownFileType = sourcecode.swift; path = RelativeViewController.swift; sourceTree = "<group>"; };
		249326881EEEEE3D00BCB814 /* Stylesheet.swift */ = {isa = PBXFileReference; fileEncoding = 4; lastKnownFileType = sourcecode.swift; path = Stylesheet.swift; sourceTree = "<group>"; };
		2493268B1EEEEFF100BCB814 /* BaseViewController.swift */ = {isa = PBXFileReference; fileEncoding = 4; lastKnownFileType = sourcecode.swift; path = BaseViewController.swift; sourceTree = "<group>"; };
		2493268D1EEEF02700BCB814 /* BaseView.swift */ = {isa = PBXFileReference; fileEncoding = 4; lastKnownFileType = sourcecode.swift; path = BaseView.swift; sourceTree = "<group>"; };
		2497CFEB1EF40B9100DFD13B /* FormView.swift */ = {isa = PBXFileReference; fileEncoding = 4; lastKnownFileType = sourcecode.swift; name = FormView.swift; path = Form/FormView.swift; sourceTree = "<group>"; };
		2497CFEC1EF40B9100DFD13B /* FormViewController.swift */ = {isa = PBXFileReference; fileEncoding = 4; lastKnownFileType = sourcecode.swift; name = FormViewController.swift; path = Form/FormViewController.swift; sourceTree = "<group>"; };
		249EFE3F1E64FAFE00165E39 /* PinLayoutSample.app */ = {isa = PBXFileReference; explicitFileType = wrapper.application; includeInIndex = 0; path = PinLayoutSample.app; sourceTree = BUILT_PRODUCTS_DIR; };
		249EFE421E64FAFE00165E39 /* AppDelegate.swift */ = {isa = PBXFileReference; lastKnownFileType = sourcecode.swift; path = AppDelegate.swift; sourceTree = "<group>"; };
		249EFE491E64FAFE00165E39 /* Assets.xcassets */ = {isa = PBXFileReference; lastKnownFileType = folder.assetcatalog; path = Assets.xcassets; sourceTree = "<group>"; };
		249EFE4C1E64FAFE00165E39 /* Base */ = {isa = PBXFileReference; lastKnownFileType = file.storyboard; name = Base; path = Base.lproj/LaunchScreen.storyboard; sourceTree = "<group>"; };
		249EFE4E1E64FAFE00165E39 /* Info.plist */ = {isa = PBXFileReference; lastKnownFileType = text.plist.xml; path = Info.plist; sourceTree = "<group>"; };
		24A9C1F01EF0542F00F2CF64 /* TableViewExampleView.swift */ = {isa = PBXFileReference; fileEncoding = 4; lastKnownFileType = sourcecode.swift; name = TableViewExampleView.swift; path = TableViewExample/TableViewExampleView.swift; sourceTree = "<group>"; };
		24A9C1F11EF0542F00F2CF64 /* TableViewExampleViewController.swift */ = {isa = PBXFileReference; fileEncoding = 4; lastKnownFileType = sourcecode.swift; name = TableViewExampleViewController.swift; path = TableViewExample/TableViewExampleViewController.swift; sourceTree = "<group>"; };
		24A9C1F51EF054BF00F2CF64 /* MethodCell.swift */ = {isa = PBXFileReference; fileEncoding = 4; lastKnownFileType = sourcecode.swift; name = MethodCell.swift; path = TableViewExample/Cells/MethodCell.swift; sourceTree = "<group>"; };
		24A9C1F81EF0619C00F2CF64 /* MethodGroupHeader.swift */ = {isa = PBXFileReference; fileEncoding = 4; lastKnownFileType = sourcecode.swift; path = MethodGroupHeader.swift; sourceTree = "<group>"; };
		24A9C2011EF16A3E00F2CF64 /* AutoAdjustingSizeView.swift */ = {isa = PBXFileReference; fileEncoding = 4; lastKnownFileType = sourcecode.swift; name = AutoAdjustingSizeView.swift; path = AutoAdjustingSize/AutoAdjustingSizeView.swift; sourceTree = "<group>"; };
		24A9C2021EF16A3E00F2CF64 /* AutoAdjustingSizeViewController.swift */ = {isa = PBXFileReference; fileEncoding = 4; lastKnownFileType = sourcecode.swift; name = AutoAdjustingSizeViewController.swift; path = AutoAdjustingSize/AutoAdjustingSizeViewController.swift; sourceTree = "<group>"; };
		24DA374A1EF7F90600D1AB2F /* BaseFormView.swift */ = {isa = PBXFileReference; fileEncoding = 4; lastKnownFileType = sourcecode.swift; path = BaseFormView.swift; sourceTree = "<group>"; };
		24E654811E69041B00A72A8B /* Expect.swift */ = {isa = PBXFileReference; fileEncoding = 4; lastKnownFileType = sourcecode.swift; path = Expect.swift; sourceTree = "<group>"; };
		24F75B591EE5644E008DB567 /* IntroView.swift */ = {isa = PBXFileReference; fileEncoding = 4; lastKnownFileType = sourcecode.swift; name = IntroView.swift; path = Intro/IntroView.swift; sourceTree = "<group>"; };
		24F75B5A1EE5644E008DB567 /* IntroViewController.swift */ = {isa = PBXFileReference; fileEncoding = 4; lastKnownFileType = sourcecode.swift; name = IntroViewController.swift; path = Intro/IntroViewController.swift; sourceTree = "<group>"; };
		AAD69688AA2A3F0994F3074E /* Pods_PinLayoutSample.framework */ = {isa = PBXFileReference; explicitFileType = wrapper.framework; includeInIndex = 0; path = Pods_PinLayoutSample.framework; sourceTree = BUILT_PRODUCTS_DIR; };
		F121E291CADD796B007C04BB /* Pods-PinLayoutSample.release.xcconfig */ = {isa = PBXFileReference; includeInIndex = 1; lastKnownFileType = text.xcconfig; name = "Pods-PinLayoutSample.release.xcconfig"; path = "Pods/Target Support Files/Pods-PinLayoutSample/Pods-PinLayoutSample.release.xcconfig"; sourceTree = "<group>"; };
		F1ACB0EACBD84B57B50D472D /* Pods-PinLayoutSample.debug.xcconfig */ = {isa = PBXFileReference; includeInIndex = 1; lastKnownFileType = text.xcconfig; name = "Pods-PinLayoutSample.debug.xcconfig"; path = "Pods/Target Support Files/Pods-PinLayoutSample/Pods-PinLayoutSample.debug.xcconfig"; sourceTree = "<group>"; };
/* End PBXFileReference section */

/* Begin PBXFrameworksBuildPhase section */
		249EFE3C1E64FAFE00165E39 /* Frameworks */ = {
			isa = PBXFrameworksBuildPhase;
			buildActionMask = 2147483647;
			files = (
				2439CC2B1E6658CC003326FB /* PinLayout.framework in Frameworks */,
				DE6C3D736B571B80E207DF6A /* Pods_PinLayoutSample.framework in Frameworks */,
			);
			runOnlyForDeploymentPostprocessing = 0;
		};
/* End PBXFrameworksBuildPhase section */

/* Begin PBXGroup section */
		160FB83905049FCEDD18DC8A /* Frameworks */ = {
			isa = PBXGroup;
			children = (
				AAD69688AA2A3F0994F3074E /* Pods_PinLayoutSample.framework */,
			);
			name = Frameworks;
			sourceTree = "<group>";
		};
		2439CC1F1E665858003326FB /* Products */ = {
			isa = PBXGroup;
			children = (
				2439CC241E665858003326FB /* PinLayout.framework */,
				2439CC261E665858003326FB /* PinLayoutTests.xctest */,
				24DA374F1EF7F90700D1AB2F /* PinLayoutTVOS.framework */,
			);
			name = Products;
			sourceTree = "<group>";
		};
		2439CC321E665BE3003326FB /* UI */ = {
			isa = PBXGroup;
			children = (
				2439CC5E1E665C71003326FB /* Common */,
				2439CC661E666128003326FB /* Main */,
				2439CC371E665C5E003326FB /* Tests */,
			);
			path = UI;
			sourceTree = "<group>";
		};
		2439CC371E665C5E003326FB /* Tests */ = {
			isa = PBXGroup;
			children = (
				DF66F9D61E8493D400ADB8D5 /* AutoAdjustingSizeView */,
				2497CFEA1EF40B8100DFD13B /* Form */,
				24F75B581EE5642C008DB567 /* Intro */,
				2439CC5F1E665F66003326FB /* MultiRelativeView */,
				2439CC631E66606D003326FB /* RelativeView */,
				24A9C1EF1EF0542500F2CF64 /* TableViewExample */,
			);
			path = Tests;
			sourceTree = "<group>";
		};
		2439CC5E1E665C71003326FB /* Common */ = {
			isa = PBXGroup;
			children = (
				2493268B1EEEEFF100BCB814 /* BaseViewController.swift */,
				24DA374A1EF7F90600D1AB2F /* BaseFormView.swift */,
				2493268D1EEEF02700BCB814 /* BaseView.swift */,
				2439CC381E665C6B003326FB /* BasicView.swift */,
				249326881EEEEE3D00BCB814 /* Stylesheet.swift */,
			);
			path = Common;
			sourceTree = "<group>";
		};
		2439CC5F1E665F66003326FB /* MultiRelativeView */ = {
			isa = PBXGroup;
			children = (
				2439CC3F1E665C6B003326FB /* MultiRelativeView.swift */,
				2439CC401E665C6B003326FB /* MultiRelativeViewController.swift */,
			);
			path = MultiRelativeView;
			sourceTree = "<group>";
		};
		2439CC631E66606D003326FB /* RelativeView */ = {
			isa = PBXGroup;
			children = (
				2439CC411E665C6B003326FB /* RelativeView.swift */,
				2439CC421E665C6B003326FB /* RelativeViewController.swift */,
			);
			path = RelativeView;
			sourceTree = "<group>";
		};
		2439CC661E666128003326FB /* Main */ = {
			isa = PBXGroup;
			children = (
				2439CC331E665BF6003326FB /* MenuView.swift */,
				2439CC341E665BF6003326FB /* MenuViewController.swift */,
			);
			path = Main;
			sourceTree = "<group>";
		};
		2439CC671E66614D003326FB /* Supporting Files */ = {
			isa = PBXGroup;
			children = (
				249EFE491E64FAFE00165E39 /* Assets.xcassets */,
				249EFE4E1E64FAFE00165E39 /* Info.plist */,
				249EFE4B1E64FAFE00165E39 /* LaunchScreen.storyboard */,
			);
			path = "Supporting Files";
			sourceTree = "<group>";
		};
		2497CFEA1EF40B8100DFD13B /* Form */ = {
			isa = PBXGroup;
			children = (
				2497CFEB1EF40B9100DFD13B /* FormView.swift */,
				2497CFEC1EF40B9100DFD13B /* FormViewController.swift */,
			);
			name = Form;
			sourceTree = "<group>";
		};
		249EFE361E64FAFE00165E39 = {
			isa = PBXGroup;
			children = (
				160FB83905049FCEDD18DC8A /* Frameworks */,
				249EFE411E64FAFE00165E39 /* PinLayoutSample */,
				F143180314A617EFD07C5709 /* Pods */,
				249EFE401E64FAFE00165E39 /* Products */,
				2439CC1E1E665858003326FB /* PinLayout.xcodeproj */,
			);
			sourceTree = "<group>";
		};
		249EFE401E64FAFE00165E39 /* Products */ = {
			isa = PBXGroup;
			children = (
				249EFE3F1E64FAFE00165E39 /* PinLayoutSample.app */,
			);
			name = Products;
			sourceTree = "<group>";
		};
		249EFE411E64FAFE00165E39 /* PinLayoutSample */ = {
			isa = PBXGroup;
			children = (
				24E654801E69040000A72A8B /* Domain */,
				2439CC321E665BE3003326FB /* UI */,
				2439CC671E66614D003326FB /* Supporting Files */,
				249EFE421E64FAFE00165E39 /* AppDelegate.swift */,
			);
			path = PinLayoutSample;
			sourceTree = "<group>";
		};
		24A9C1EF1EF0542500F2CF64 /* TableViewExample */ = {
			isa = PBXGroup;
			children = (
				24A9C1F41EF054A900F2CF64 /* Cells */,
				24A9C1F01EF0542F00F2CF64 /* TableViewExampleView.swift */,
				24A9C1F11EF0542F00F2CF64 /* TableViewExampleViewController.swift */,
			);
			name = TableViewExample;
			sourceTree = "<group>";
		};
		24A9C1F41EF054A900F2CF64 /* Cells */ = {
			isa = PBXGroup;
			children = (
				24A9C1F51EF054BF00F2CF64 /* MethodCell.swift */,
				24A9C1F81EF0619C00F2CF64 /* MethodGroupHeader.swift */,
			);
			name = Cells;
			sourceTree = "<group>";
		};
		24E654801E69040000A72A8B /* Domain */ = {
			isa = PBXGroup;
			children = (
				24E654811E69041B00A72A8B /* Expect.swift */,
			);
			path = Domain;
			sourceTree = "<group>";
		};
		24F75B581EE5642C008DB567 /* Intro */ = {
			isa = PBXGroup;
			children = (
				24F75B591EE5644E008DB567 /* IntroView.swift */,
				24F75B5A1EE5644E008DB567 /* IntroViewController.swift */,
			);
			name = Intro;
			sourceTree = "<group>";
		};
		DF66F9D61E8493D400ADB8D5 /* AutoAdjustingSizeView */ = {
			isa = PBXGroup;
			children = (
				24A9C2011EF16A3E00F2CF64 /* AutoAdjustingSizeView.swift */,
				24A9C2021EF16A3E00F2CF64 /* AutoAdjustingSizeViewController.swift */,
			);
			name = AutoAdjustingSizeView;
			sourceTree = "<group>";
		};
		F143180314A617EFD07C5709 /* Pods */ = {
			isa = PBXGroup;
			children = (
				F1ACB0EACBD84B57B50D472D /* Pods-PinLayoutSample.debug.xcconfig */,
				F121E291CADD796B007C04BB /* Pods-PinLayoutSample.release.xcconfig */,
			);
			name = Pods;
			sourceTree = "<group>";
		};
/* End PBXGroup section */

/* Begin PBXNativeTarget section */
		249EFE3E1E64FAFE00165E39 /* PinLayoutSample */ = {
			isa = PBXNativeTarget;
			buildConfigurationList = 249EFE671E64FAFE00165E39 /* Build configuration list for PBXNativeTarget "PinLayoutSample" */;
			buildPhases = (
				DDE1EE639E8C959FEBC41FDC /* [CP] Check Pods Manifest.lock */,
				249EFE3B1E64FAFE00165E39 /* Sources */,
				249EFE3C1E64FAFE00165E39 /* Frameworks */,
				249EFE3D1E64FAFE00165E39 /* Resources */,
				2460ACCE1E64FD9D000BCAC5 /* Embed Frameworks */,
				5D3C4568AFC08267110D9971 /* [CP] Embed Pods Frameworks */,
				CCCCC7EE5AE16BA960D7DB4F /* [CP] Copy Pods Resources */,
				24E6547E1E68F88D00A72A8B /* Run Swiftlint */,
			);
			buildRules = (
			);
			dependencies = (
				2439CC2A1E6658C3003326FB /* PBXTargetDependency */,
			);
			name = PinLayoutSample;
			productName = PinLayoutSample;
			productReference = 249EFE3F1E64FAFE00165E39 /* PinLayoutSample.app */;
			productType = "com.apple.product-type.application";
		};
/* End PBXNativeTarget section */

/* Begin PBXProject section */
		249EFE371E64FAFE00165E39 /* Project object */ = {
			isa = PBXProject;
			attributes = {
				LastSwiftUpdateCheck = 0820;
				LastUpgradeCheck = 0820;
				ORGANIZATIONNAME = Mirego;
				TargetAttributes = {
					249EFE3E1E64FAFE00165E39 = {
						CreatedOnToolsVersion = 8.2.1;
						DevelopmentTeam = 4Q596JWQC5;
						ProvisioningStyle = Automatic;
					};
				};
			};
			buildConfigurationList = 249EFE3A1E64FAFE00165E39 /* Build configuration list for PBXProject "PinLayoutSample" */;
			compatibilityVersion = "Xcode 3.2";
			developmentRegion = English;
			hasScannedForEncodings = 0;
			knownRegions = (
				en,
				Base,
			);
			mainGroup = 249EFE361E64FAFE00165E39;
			productRefGroup = 249EFE401E64FAFE00165E39 /* Products */;
			projectDirPath = "";
			projectReferences = (
				{
					ProductGroup = 2439CC1F1E665858003326FB /* Products */;
					ProjectRef = 2439CC1E1E665858003326FB /* PinLayout.xcodeproj */;
				},
			);
			projectRoot = "";
			targets = (
				249EFE3E1E64FAFE00165E39 /* PinLayoutSample */,
			);
		};
/* End PBXProject section */

/* Begin PBXReferenceProxy section */
		2439CC241E665858003326FB /* PinLayout.framework */ = {
			isa = PBXReferenceProxy;
			fileType = wrapper.framework;
			path = PinLayout.framework;
			remoteRef = 2439CC231E665858003326FB /* PBXContainerItemProxy */;
			sourceTree = BUILT_PRODUCTS_DIR;
		};
		2439CC261E665858003326FB /* PinLayoutTests.xctest */ = {
			isa = PBXReferenceProxy;
			fileType = wrapper.cfbundle;
			path = PinLayoutTests.xctest;
			remoteRef = 2439CC251E665858003326FB /* PBXContainerItemProxy */;
			sourceTree = BUILT_PRODUCTS_DIR;
		};
		24DA374F1EF7F90700D1AB2F /* PinLayoutTVOS.framework */ = {
			isa = PBXReferenceProxy;
			fileType = wrapper.framework;
			path = PinLayoutTVOS.framework;
			remoteRef = 24DA374E1EF7F90700D1AB2F /* PBXContainerItemProxy */;
			sourceTree = BUILT_PRODUCTS_DIR;
		};
/* End PBXReferenceProxy section */

/* Begin PBXResourcesBuildPhase section */
		249EFE3D1E64FAFE00165E39 /* Resources */ = {
			isa = PBXResourcesBuildPhase;
			buildActionMask = 2147483647;
			files = (
				249EFE4D1E64FAFE00165E39 /* LaunchScreen.storyboard in Resources */,
				249EFE4A1E64FAFE00165E39 /* Assets.xcassets in Resources */,
			);
			runOnlyForDeploymentPostprocessing = 0;
		};
/* End PBXResourcesBuildPhase section */

/* Begin PBXShellScriptBuildPhase section */
		24E6547E1E68F88D00A72A8B /* Run Swiftlint */ = {
			isa = PBXShellScriptBuildPhase;
			buildActionMask = 2147483647;
			files = (
			);
			inputPaths = (
			);
			name = "Run Swiftlint";
			outputPaths = (
			);
			runOnlyForDeploymentPostprocessing = 0;
			shellPath = /bin/sh;
			shellScript = Pods/SwiftLint/swiftlint;
		};
		5D3C4568AFC08267110D9971 /* [CP] Embed Pods Frameworks */ = {
			isa = PBXShellScriptBuildPhase;
			buildActionMask = 2147483647;
			files = (
			);
			inputPaths = (
			);
			name = "[CP] Embed Pods Frameworks";
			outputPaths = (
			);
			runOnlyForDeploymentPostprocessing = 0;
			shellPath = /bin/sh;
			shellScript = "\"${SRCROOT}/Pods/Target Support Files/Pods-PinLayoutSample/Pods-PinLayoutSample-frameworks.sh\"\n";
			showEnvVarsInLog = 0;
		};
		CCCCC7EE5AE16BA960D7DB4F /* [CP] Copy Pods Resources */ = {
			isa = PBXShellScriptBuildPhase;
			buildActionMask = 2147483647;
			files = (
			);
			inputPaths = (
			);
			name = "[CP] Copy Pods Resources";
			outputPaths = (
			);
			runOnlyForDeploymentPostprocessing = 0;
			shellPath = /bin/sh;
			shellScript = "\"${SRCROOT}/Pods/Target Support Files/Pods-PinLayoutSample/Pods-PinLayoutSample-resources.sh\"\n";
			showEnvVarsInLog = 0;
		};
		DDE1EE639E8C959FEBC41FDC /* [CP] Check Pods Manifest.lock */ = {
			isa = PBXShellScriptBuildPhase;
			buildActionMask = 2147483647;
			files = (
			);
			inputPaths = (
			);
			name = "[CP] Check Pods Manifest.lock";
			outputPaths = (
			);
			runOnlyForDeploymentPostprocessing = 0;
			shellPath = /bin/sh;
			shellScript = "diff \"${PODS_PODFILE_DIR_PATH}/Podfile.lock\" \"${PODS_ROOT}/Manifest.lock\" > /dev/null\nif [ $? != 0 ] ; then\n    # print error to STDERR\n    echo \"error: The sandbox is not in sync with the Podfile.lock. Run 'pod install' or update your CocoaPods installation.\" >&2\n    exit 1\nfi\n";
			showEnvVarsInLog = 0;
		};
/* End PBXShellScriptBuildPhase section */

/* Begin PBXSourcesBuildPhase section */
		249EFE3B1E64FAFE00165E39 /* Sources */ = {
			isa = PBXSourcesBuildPhase;
			buildActionMask = 2147483647;
			files = (
				24DA374B1EF7F90600D1AB2F /* BaseFormView.swift in Sources */,
				24F75B5C1EE5644E008DB567 /* IntroViewController.swift in Sources */,
				2439CC541E665C6B003326FB /* RelativeView.swift in Sources */,
				2439CC551E665C6B003326FB /* RelativeViewController.swift in Sources */,
				24A9C2031EF16A3E00F2CF64 /* AutoAdjustingSizeView.swift in Sources */,
				2439CC351E665BF6003326FB /* MenuView.swift in Sources */,
				2493268C1EEEEFF100BCB814 /* BaseViewController.swift in Sources */,
				2439CC4B1E665C6B003326FB /* BasicView.swift in Sources */,
				24A9C1F61EF054BF00F2CF64 /* MethodCell.swift in Sources */,
				24A9C2041EF16A3E00F2CF64 /* AutoAdjustingSizeViewController.swift in Sources */,
				2497CFED1EF40B9100DFD13B /* FormView.swift in Sources */,
				24F75B5B1EE5644E008DB567 /* IntroView.swift in Sources */,
				249EFE431E64FAFE00165E39 /* AppDelegate.swift in Sources */,
				2497CFEE1EF40B9100DFD13B /* FormViewController.swift in Sources */,
				24A9C1F31EF0542F00F2CF64 /* TableViewExampleViewController.swift in Sources */,
				2439CC361E665BF6003326FB /* MenuViewController.swift in Sources */,
				2439CC531E665C6B003326FB /* MultiRelativeViewController.swift in Sources */,
				24A9C1F91EF0619C00F2CF64 /* MethodGroupHeader.swift in Sources */,
				24E654821E69041B00A72A8B /* Expect.swift in Sources */,
				249326891EEEEE3D00BCB814 /* Stylesheet.swift in Sources */,
				2439CC521E665C6B003326FB /* MultiRelativeView.swift in Sources */,
				24A9C1F21EF0542F00F2CF64 /* TableViewExampleView.swift in Sources */,
				2493268E1EEEF02700BCB814 /* BaseView.swift in Sources */,
			);
			runOnlyForDeploymentPostprocessing = 0;
		};
/* End PBXSourcesBuildPhase section */

/* Begin PBXTargetDependency section */
		2439CC2A1E6658C3003326FB /* PBXTargetDependency */ = {
			isa = PBXTargetDependency;
			name = PinLayout;
			targetProxy = 2439CC291E6658C3003326FB /* PBXContainerItemProxy */;
		};
/* End PBXTargetDependency section */

/* Begin PBXVariantGroup section */
		249EFE4B1E64FAFE00165E39 /* LaunchScreen.storyboard */ = {
			isa = PBXVariantGroup;
			children = (
				249EFE4C1E64FAFE00165E39 /* Base */,
			);
			name = LaunchScreen.storyboard;
			path = .;
			sourceTree = "<group>";
		};
/* End PBXVariantGroup section */

/* Begin XCBuildConfiguration section */
		249EFE651E64FAFE00165E39 /* Debug */ = {
			isa = XCBuildConfiguration;
			buildSettings = {
				ALWAYS_SEARCH_USER_PATHS = NO;
				CLANG_ANALYZER_NONNULL = YES;
				CLANG_CXX_LANGUAGE_STANDARD = "gnu++0x";
				CLANG_CXX_LIBRARY = "libc++";
				CLANG_ENABLE_MODULES = YES;
				CLANG_ENABLE_OBJC_ARC = YES;
				CLANG_WARN_BOOL_CONVERSION = YES;
				CLANG_WARN_CONSTANT_CONVERSION = YES;
				CLANG_WARN_DIRECT_OBJC_ISA_USAGE = YES_ERROR;
				CLANG_WARN_DOCUMENTATION_COMMENTS = YES;
				CLANG_WARN_EMPTY_BODY = YES;
				CLANG_WARN_ENUM_CONVERSION = YES;
				CLANG_WARN_INFINITE_RECURSION = YES;
				CLANG_WARN_INT_CONVERSION = YES;
				CLANG_WARN_OBJC_ROOT_CLASS = YES_ERROR;
				CLANG_WARN_SUSPICIOUS_MOVE = YES;
				CLANG_WARN_UNREACHABLE_CODE = YES;
				CLANG_WARN__DUPLICATE_METHOD_MATCH = YES;
				"CODE_SIGN_IDENTITY[sdk=iphoneos*]" = "iPhone Developer";
				COPY_PHASE_STRIP = NO;
				DEBUG_INFORMATION_FORMAT = dwarf;
				ENABLE_STRICT_OBJC_MSGSEND = YES;
				ENABLE_TESTABILITY = YES;
				GCC_C_LANGUAGE_STANDARD = gnu99;
				GCC_DYNAMIC_NO_PIC = NO;
				GCC_NO_COMMON_BLOCKS = YES;
				GCC_OPTIMIZATION_LEVEL = 0;
				GCC_PREPROCESSOR_DEFINITIONS = (
					"DEBUG=1",
					"$(inherited)",
				);
				GCC_WARN_64_TO_32_BIT_CONVERSION = YES;
				GCC_WARN_ABOUT_RETURN_TYPE = YES_ERROR;
				GCC_WARN_UNDECLARED_SELECTOR = YES;
				GCC_WARN_UNINITIALIZED_AUTOS = YES_AGGRESSIVE;
				GCC_WARN_UNUSED_FUNCTION = YES;
				GCC_WARN_UNUSED_VARIABLE = YES;
				IPHONEOS_DEPLOYMENT_TARGET = 10.2;
				MTL_ENABLE_DEBUG_INFO = YES;
				ONLY_ACTIVE_ARCH = YES;
				SDKROOT = iphoneos;
				SWIFT_ACTIVE_COMPILATION_CONDITIONS = DEBUG;
				SWIFT_OPTIMIZATION_LEVEL = "-Onone";
				TARGETED_DEVICE_FAMILY = "1,2";
			};
			name = Debug;
		};
		249EFE661E64FAFE00165E39 /* Release */ = {
			isa = XCBuildConfiguration;
			buildSettings = {
				ALWAYS_SEARCH_USER_PATHS = NO;
				CLANG_ANALYZER_NONNULL = YES;
				CLANG_CXX_LANGUAGE_STANDARD = "gnu++0x";
				CLANG_CXX_LIBRARY = "libc++";
				CLANG_ENABLE_MODULES = YES;
				CLANG_ENABLE_OBJC_ARC = YES;
				CLANG_WARN_BOOL_CONVERSION = YES;
				CLANG_WARN_CONSTANT_CONVERSION = YES;
				CLANG_WARN_DIRECT_OBJC_ISA_USAGE = YES_ERROR;
				CLANG_WARN_DOCUMENTATION_COMMENTS = YES;
				CLANG_WARN_EMPTY_BODY = YES;
				CLANG_WARN_ENUM_CONVERSION = YES;
				CLANG_WARN_INFINITE_RECURSION = YES;
				CLANG_WARN_INT_CONVERSION = YES;
				CLANG_WARN_OBJC_ROOT_CLASS = YES_ERROR;
				CLANG_WARN_SUSPICIOUS_MOVE = YES;
				CLANG_WARN_UNREACHABLE_CODE = YES;
				CLANG_WARN__DUPLICATE_METHOD_MATCH = YES;
				"CODE_SIGN_IDENTITY[sdk=iphoneos*]" = "iPhone Developer";
				COPY_PHASE_STRIP = NO;
				DEBUG_INFORMATION_FORMAT = "dwarf-with-dsym";
				ENABLE_NS_ASSERTIONS = NO;
				ENABLE_STRICT_OBJC_MSGSEND = YES;
				GCC_C_LANGUAGE_STANDARD = gnu99;
				GCC_NO_COMMON_BLOCKS = YES;
				GCC_WARN_64_TO_32_BIT_CONVERSION = YES;
				GCC_WARN_ABOUT_RETURN_TYPE = YES_ERROR;
				GCC_WARN_UNDECLARED_SELECTOR = YES;
				GCC_WARN_UNINITIALIZED_AUTOS = YES_AGGRESSIVE;
				GCC_WARN_UNUSED_FUNCTION = YES;
				GCC_WARN_UNUSED_VARIABLE = YES;
				IPHONEOS_DEPLOYMENT_TARGET = 10.2;
				MTL_ENABLE_DEBUG_INFO = NO;
				SDKROOT = iphoneos;
				SWIFT_OPTIMIZATION_LEVEL = "-Owholemodule";
				TARGETED_DEVICE_FAMILY = "1,2";
				VALIDATE_PRODUCT = YES;
			};
			name = Release;
		};
		249EFE681E64FAFE00165E39 /* Debug */ = {
			isa = XCBuildConfiguration;
			baseConfigurationReference = F1ACB0EACBD84B57B50D472D /* Pods-PinLayoutSample.debug.xcconfig */;
			buildSettings = {
				ALWAYS_EMBED_SWIFT_STANDARD_LIBRARIES = YES;
				ASSETCATALOG_COMPILER_APPICON_NAME = AppIcon;
				DEVELOPMENT_TEAM = 4Q596JWQC5;
				INFOPLIST_FILE = "PinLayoutSample/Supporting Files/Info.plist";
				LD_RUNPATH_SEARCH_PATHS = "$(inherited) @executable_path/Frameworks";
				PRODUCT_BUNDLE_IDENTIFIER = com.mirego.PinLayoutSample;
				PRODUCT_NAME = "$(TARGET_NAME)";
				SWIFT_VERSION = 3.0;
			};
			name = Debug;
		};
		249EFE691E64FAFE00165E39 /* Release */ = {
			isa = XCBuildConfiguration;
			baseConfigurationReference = F121E291CADD796B007C04BB /* Pods-PinLayoutSample.release.xcconfig */;
			buildSettings = {
				ALWAYS_EMBED_SWIFT_STANDARD_LIBRARIES = YES;
				ASSETCATALOG_COMPILER_APPICON_NAME = AppIcon;
				DEVELOPMENT_TEAM = 4Q596JWQC5;
				INFOPLIST_FILE = "PinLayoutSample/Supporting Files/Info.plist";
				LD_RUNPATH_SEARCH_PATHS = "$(inherited) @executable_path/Frameworks";
				PRODUCT_BUNDLE_IDENTIFIER = com.mirego.PinLayoutSample;
				PRODUCT_NAME = "$(TARGET_NAME)";
				SWIFT_VERSION = 3.0;
			};
			name = Release;
		};
/* End XCBuildConfiguration section */

/* Begin XCConfigurationList section */
		249EFE3A1E64FAFE00165E39 /* Build configuration list for PBXProject "PinLayoutSample" */ = {
			isa = XCConfigurationList;
			buildConfigurations = (
				249EFE651E64FAFE00165E39 /* Debug */,
				249EFE661E64FAFE00165E39 /* Release */,
			);
			defaultConfigurationIsVisible = 0;
			defaultConfigurationName = Release;
		};
		249EFE671E64FAFE00165E39 /* Build configuration list for PBXNativeTarget "PinLayoutSample" */ = {
			isa = XCConfigurationList;
			buildConfigurations = (
				249EFE681E64FAFE00165E39 /* Debug */,
				249EFE691E64FAFE00165E39 /* Release */,
			);
			defaultConfigurationIsVisible = 0;
			defaultConfigurationName = Release;
		};
/* End XCConfigurationList section */
	};
	rootObject = 249EFE371E64FAFE00165E39 /* Project object */;
}
