// !$*UTF8*$!
{
	archiveVersion = 1;
	classes = {
	};
	objectVersion = 46;
	objects = {

/* Begin PBXBuildFile section */
		240F88BE1F0C066800280FC8 /* JustifyAlignSpec.swift in Sources */ = {isa = PBXBuildFile; fileRef = 240F88BC1F0C042500280FC8 /* JustifyAlignSpec.swift */; };
		240F88C11F0C1F5000280FC8 /* WarningSpec.swift in Sources */ = {isa = PBXBuildFile; fileRef = 240F88BF1F0C1ED900280FC8 /* WarningSpec.swift */; };
		241A277D1F8E958F00B1AD39 /* PinLayoutObjC.swift in Sources */ = {isa = PBXBuildFile; fileRef = 241A277B1F8E958F00B1AD39 /* PinLayoutObjC.swift */; };
		242723731F008BF7006A5C3A /* MinMaxWidthHeightSpec.swift in Sources */ = {isa = PBXBuildFile; fileRef = 242723711F008B85006A5C3A /* MinMaxWidthHeightSpec.swift */; };
		242E8DC31EED5AB2005935FB /* RelativePositionMultipleViewsSpec.swift in Sources */ = {isa = PBXBuildFile; fileRef = 242E8DC11EED5982005935FB /* RelativePositionMultipleViewsSpec.swift */; };
		243B12BC1FC393580072A9C3 /* Percent.swift in Sources */ = {isa = PBXBuildFile; fileRef = 243C620E1FC3834B0082C327 /* Percent.swift */; };
		243B12C81FC3D06F0072A9C3 /* LayoutMethodSpec.swift in Sources */ = {isa = PBXBuildFile; fileRef = 243B12C41FC3CFC10072A9C3 /* LayoutMethodSpec.swift */; };
		243C62091FC37F6C0082C327 /* Coordinates.swift in Sources */ = {isa = PBXBuildFile; fileRef = 2475B6D21FC37CD40054CADD /* Coordinates.swift */; };
		243C620A1FC37F6C0082C327 /* TypesImpl.swift in Sources */ = {isa = PBXBuildFile; fileRef = 2475B6CE1FC37C570054CADD /* TypesImpl.swift */; };
		243C620C1FC37FA30082C327 /* PinLayoutTVOS.h in Headers */ = {isa = PBXBuildFile; fileRef = 2475B6D71FC37D4D0054CADD /* PinLayoutTVOS.h */; settings = {ATTRIBUTES = (Public, ); }; };
		243C620F1FC3834B0082C327 /* Percent.swift in Sources */ = {isa = PBXBuildFile; fileRef = 243C620E1FC3834B0082C327 /* Percent.swift */; };
		244C6E151E776A0C0074FC74 /* MarginsSpec.swift in Sources */ = {isa = PBXBuildFile; fileRef = 244C6E141E776A0C0074FC74 /* MarginsSpec.swift */; };
		245C1DA31FEC4FCC007594F7 /* TransformSpec.swift in Sources */ = {isa = PBXBuildFile; fileRef = 245C1DA11FEC4FC6007594F7 /* TransformSpec.swift */; };
		2469C4FC1E74855D00073BEE /* PinEdgeCoordinateSpec.swift in Sources */ = {isa = PBXBuildFile; fileRef = 2469C4FB1E74855D00073BEE /* PinEdgeCoordinateSpec.swift */; };
		2469C5001E75D74000073BEE /* AdjustSizeSpec.swift in Sources */ = {isa = PBXBuildFile; fileRef = 2469C4FF1E75D74000073BEE /* AdjustSizeSpec.swift */; };
		2469C5021E75D88500073BEE /* BasicView.swift in Sources */ = {isa = PBXBuildFile; fileRef = 2469C5011E75D88500073BEE /* BasicView.swift */; };
		2469C5041E75DB7600073BEE /* RectNimbleMatcher.swift in Sources */ = {isa = PBXBuildFile; fileRef = 2469C5031E75DB7600073BEE /* RectNimbleMatcher.swift */; };
		246D36481E6C46F50050F202 /* PinPointCoordinatesSpec.swift in Sources */ = {isa = PBXBuildFile; fileRef = 246D36471E6C46F50050F202 /* PinPointCoordinatesSpec.swift */; };
		2475B6CF1FC37C570054CADD /* TypesImpl.swift in Sources */ = {isa = PBXBuildFile; fileRef = 2475B6CE1FC37C570054CADD /* TypesImpl.swift */; };
		2475B6D31FC37CD40054CADD /* Coordinates.swift in Sources */ = {isa = PBXBuildFile; fileRef = 2475B6D21FC37CD40054CADD /* Coordinates.swift */; };
		2475B6DB1FC37D4D0054CADD /* PinLayout.h in Headers */ = {isa = PBXBuildFile; fileRef = 2475B6D91FC37D4D0054CADD /* PinLayout.h */; settings = {ATTRIBUTES = (Public, ); }; };
		2482908C1E78CFFC00667D08 /* RelativePositionSpec.swift in Sources */ = {isa = PBXBuildFile; fileRef = 2482908B1E78CFFC00667D08 /* RelativePositionSpec.swift */; };
		248E4C741F7A883800C0E7F7 /* AspectRatioTests.swift in Sources */ = {isa = PBXBuildFile; fileRef = 248E4C721F7A83FA00C0E7F7 /* AspectRatioTests.swift */; };
		248E4C771F7A88D200C0E7F7 /* UIImage+Color.swift in Sources */ = {isa = PBXBuildFile; fileRef = 248E4C751F7A88CF00C0E7F7 /* UIImage+Color.swift */; };
		24949A2E1EF69474003643D3 /* Filters.swift in Sources */ = {isa = PBXBuildFile; fileRef = 24949A2D1EF69474003643D3 /* Filters.swift */; };
		249EFE841E64FB4C00165E39 /* PinLayout.framework in Frameworks */ = {isa = PBXBuildFile; fileRef = 249EFE7A1E64FB4C00165E39 /* PinLayout.framework */; };
		24B02B091F2A713000C18179 /* Filters.swift in Sources */ = {isa = PBXBuildFile; fileRef = 24949A2D1EF69474003643D3 /* Filters.swift */; };
		24D18D171F3B4381008129EF /* RTLSpec.swift in Sources */ = {isa = PBXBuildFile; fileRef = 24D18D151F3B42E0008129EF /* RTLSpec.swift */; };
		24D18D241F3E37DD008129EF /* Pin.swift in Sources */ = {isa = PBXBuildFile; fileRef = 24D18D231F3E37DD008129EF /* Pin.swift */; };
		24D18D261F3E5EA5008129EF /* Pin.swift in Sources */ = {isa = PBXBuildFile; fileRef = 24D18D231F3E37DD008129EF /* Pin.swift */; };
		733BCEB894DC625445120A4B /* Pods_PinLayoutTests_tvOS.framework in Frameworks */ = {isa = PBXBuildFile; fileRef = 23D84A60C294055979A28086 /* Pods_PinLayoutTests_tvOS.framework */; };
		C80435D320D0891C00EB1BD7 /* SizeCalculable.swift in Sources */ = {isa = PBXBuildFile; fileRef = C80435D220D0891C00EB1BD7 /* SizeCalculable.swift */; };
		C80435D520D0898000EB1BD7 /* Layoutable+PinLayout.swift in Sources */ = {isa = PBXBuildFile; fileRef = C80435D420D0898000EB1BD7 /* Layoutable+PinLayout.swift */; };
		C80435D620D08A2B00EB1BD7 /* SizeCalculable.swift in Sources */ = {isa = PBXBuildFile; fileRef = C80435D220D0891C00EB1BD7 /* SizeCalculable.swift */; };
		C80435D720D08A2C00EB1BD7 /* SizeCalculable.swift in Sources */ = {isa = PBXBuildFile; fileRef = C80435D220D0891C00EB1BD7 /* SizeCalculable.swift */; };
		C80435D820D08B7300EB1BD7 /* Layoutable+PinLayout.swift in Sources */ = {isa = PBXBuildFile; fileRef = C80435D420D0898000EB1BD7 /* Layoutable+PinLayout.swift */; };
		C80435D920D08B7400EB1BD7 /* Layoutable+PinLayout.swift in Sources */ = {isa = PBXBuildFile; fileRef = C80435D420D0898000EB1BD7 /* Layoutable+PinLayout.swift */; };
		C8291E41247A242600E95886 /* AutoSizeCalculable.swift in Sources */ = {isa = PBXBuildFile; fileRef = C8291E40247A242600E95886 /* AutoSizeCalculable.swift */; };
		C8291E42247A243900E95886 /* AutoSizeCalculable.swift in Sources */ = {isa = PBXBuildFile; fileRef = C8291E40247A242600E95886 /* AutoSizeCalculable.swift */; };
		C8291E43247A243900E95886 /* AutoSizeCalculable.swift in Sources */ = {isa = PBXBuildFile; fileRef = C8291E40247A242600E95886 /* AutoSizeCalculable.swift */; };
		C82DC20C20CE9F6800B7ACF5 /* Layoutable.swift in Sources */ = {isa = PBXBuildFile; fileRef = C82DC20B20CE9F6800B7ACF5 /* Layoutable.swift */; };
		C82DC20D20CE9F6800B7ACF5 /* Layoutable.swift in Sources */ = {isa = PBXBuildFile; fileRef = C82DC20B20CE9F6800B7ACF5 /* Layoutable.swift */; };
		C82DC20E20CE9F6800B7ACF5 /* Layoutable.swift in Sources */ = {isa = PBXBuildFile; fileRef = C82DC20B20CE9F6800B7ACF5 /* Layoutable.swift */; };
		C83588C120DBC65500D6E8F9 /* CALayerSpec.swift in Sources */ = {isa = PBXBuildFile; fileRef = C83588BF20DBC5E600D6E8F9 /* CALayerSpec.swift */; };
		C83588C220DBC65600D6E8F9 /* CALayerSpec.swift in Sources */ = {isa = PBXBuildFile; fileRef = C83588BF20DBC5E600D6E8F9 /* CALayerSpec.swift */; };
		C83588C320DBC65600D6E8F9 /* CALayerSpec.swift in Sources */ = {isa = PBXBuildFile; fileRef = C83588BF20DBC5E600D6E8F9 /* CALayerSpec.swift */; };
		C8C4928D20DA7DA700048357 /* CALayer+PinLayout.swift in Sources */ = {isa = PBXBuildFile; fileRef = C8C4928C20DA7DA700048357 /* CALayer+PinLayout.swift */; };
		C8C4928E20DA7DA700048357 /* CALayer+PinLayout.swift in Sources */ = {isa = PBXBuildFile; fileRef = C8C4928C20DA7DA700048357 /* CALayer+PinLayout.swift */; };
		C8C4928F20DA7DA700048357 /* CALayer+PinLayout.swift in Sources */ = {isa = PBXBuildFile; fileRef = C8C4928C20DA7DA700048357 /* CALayer+PinLayout.swift */; };
		D9723CB04DDFEA273EE46181 /* Pods_PinLayoutTests_iOS.framework in Frameworks */ = {isa = PBXBuildFile; fileRef = 9C38C34C80E44E6721B2E9C3 /* Pods_PinLayoutTests_iOS.framework */; };
		DF10846C212D8B5900C23B80 /* BetweenSpec.swift in Sources */ = {isa = PBXBuildFile; fileRef = DF10846A212D8B4B00C23B80 /* BetweenSpec.swift */; };
		DF10846D212D8B5900C23B80 /* BetweenSpec.swift in Sources */ = {isa = PBXBuildFile; fileRef = DF10846A212D8B4B00C23B80 /* BetweenSpec.swift */; };
		DF10846E212D8B5900C23B80 /* BetweenSpec.swift in Sources */ = {isa = PBXBuildFile; fileRef = DF10846A212D8B4B00C23B80 /* BetweenSpec.swift */; };
		DF108470212D8E8700C23B80 /* PinLayout+Between.swift in Sources */ = {isa = PBXBuildFile; fileRef = DF10846F212D8E8700C23B80 /* PinLayout+Between.swift */; };
		DF1A5D202084C94700725EF5 /* PinLayoutTestMacOS.swift in Sources */ = {isa = PBXBuildFile; fileRef = DF1A5D1F2084C94700725EF5 /* PinLayoutTestMacOS.swift */; };
		DF1A5D302084CF9700725EF5 /* PinLayoutMacOS.h in Headers */ = {isa = PBXBuildFile; fileRef = DF1A5D2E2084CF9700725EF5 /* PinLayoutMacOS.h */; settings = {ATTRIBUTES = (Public, ); }; };
		DF1A5D382084CFC600725EF5 /* Filters.swift in Sources */ = {isa = PBXBuildFile; fileRef = 24949A2D1EF69474003643D3 /* Filters.swift */; };
		DF1A5D392084CFC600725EF5 /* Pin.swift in Sources */ = {isa = PBXBuildFile; fileRef = 24D18D231F3E37DD008129EF /* Pin.swift */; };
		DF1A5D402084CFD600725EF5 /* PinSafeArea.swift in Sources */ = {isa = PBXBuildFile; fileRef = DFB3ECB02061602E005F226B /* PinSafeArea.swift */; };
		DF1A5D412084CFD600725EF5 /* Coordinates.swift in Sources */ = {isa = PBXBuildFile; fileRef = 2475B6D21FC37CD40054CADD /* Coordinates.swift */; };
		DF1A5D422084CFD600725EF5 /* Percent.swift in Sources */ = {isa = PBXBuildFile; fileRef = 243C620E1FC3834B0082C327 /* Percent.swift */; };
		DF1A5D432084CFD600725EF5 /* TypesImpl.swift in Sources */ = {isa = PBXBuildFile; fileRef = 2475B6CE1FC37C570054CADD /* TypesImpl.swift */; };
		DF1E39B520482B200002D0AA /* PinSafeAreaTests.swift in Sources */ = {isa = PBXBuildFile; fileRef = DF1E39B420482B1F0002D0AA /* PinSafeAreaTests.swift */; };
		DF28022420C2B13800A1833B /* Types.swift in Sources */ = {isa = PBXBuildFile; fileRef = DFF222CC20B999BD00AC2A84 /* Types.swift */; };
		DF28022520C2B13900A1833B /* Types.swift in Sources */ = {isa = PBXBuildFile; fileRef = DFF222CC20B999BD00AC2A84 /* Types.swift */; };
		DF28022620C2B15A00A1833B /* Types+Description.swift in Sources */ = {isa = PBXBuildFile; fileRef = DFF222CE20B99A6600AC2A84 /* Types+Description.swift */; };
		DF28022720C2B15B00A1833B /* Types+Description.swift in Sources */ = {isa = PBXBuildFile; fileRef = DFF222CE20B99A6600AC2A84 /* Types+Description.swift */; };
		DF46F684212442EE0055B081 /* PEdgeInsets+Operators.swift in Sources */ = {isa = PBXBuildFile; fileRef = DFD2783E211A52C60056BD93 /* PEdgeInsets+Operators.swift */; };
		DF46F685212442EE0055B081 /* PEdgeInsets+Operators.swift in Sources */ = {isa = PBXBuildFile; fileRef = DFD2783E211A52C60056BD93 /* PEdgeInsets+Operators.swift */; };
		DF46F686212442EF0055B081 /* PEdgeInsets+Operators.swift in Sources */ = {isa = PBXBuildFile; fileRef = DFD2783E211A52C60056BD93 /* PEdgeInsets+Operators.swift */; };
		DF702D8E20D33BA90062045C /* PinLayout.swift in Sources */ = {isa = PBXBuildFile; fileRef = DF702D8A20D33BA90062045C /* PinLayout.swift */; };
		DF702D8F20D33BA90062045C /* PinLayout+WrapContent.swift in Sources */ = {isa = PBXBuildFile; fileRef = DF702D8B20D33BA90062045C /* PinLayout+WrapContent.swift */; };
		DF702D9020D33BA90062045C /* PinLayout+Size.swift in Sources */ = {isa = PBXBuildFile; fileRef = DF702D8C20D33BA90062045C /* PinLayout+Size.swift */; };
		DF702D9120D33BA90062045C /* PinLayout+Relative.swift in Sources */ = {isa = PBXBuildFile; fileRef = DF702D8D20D33BA90062045C /* PinLayout+Relative.swift */; };
		DF702D9520D33C0E0062045C /* PinLayout+Coordinates.swift in Sources */ = {isa = PBXBuildFile; fileRef = DF702D9220D33C0D0062045C /* PinLayout+Coordinates.swift */; };
		DF702D9620D33C0E0062045C /* PinLayout+Warning.swift in Sources */ = {isa = PBXBuildFile; fileRef = DF702D9320D33C0E0062045C /* PinLayout+Warning.swift */; };
		DF702D9720D33C0E0062045C /* PinLayout+Layouting.swift in Sources */ = {isa = PBXBuildFile; fileRef = DF702D9420D33C0E0062045C /* PinLayout+Layouting.swift */; };
		DF702D9920D33CF10062045C /* PinLayout.swift in Sources */ = {isa = PBXBuildFile; fileRef = DF702D8A20D33BA90062045C /* PinLayout.swift */; };
		DF702D9A20D33CF10062045C /* PinLayout+Relative.swift in Sources */ = {isa = PBXBuildFile; fileRef = DF702D8D20D33BA90062045C /* PinLayout+Relative.swift */; };
		DF702D9B20D33CF10062045C /* PinLayout+Size.swift in Sources */ = {isa = PBXBuildFile; fileRef = DF702D8C20D33BA90062045C /* PinLayout+Size.swift */; };
		DF702D9C20D33CF10062045C /* PinLayout+WrapContent.swift in Sources */ = {isa = PBXBuildFile; fileRef = DF702D8B20D33BA90062045C /* PinLayout+WrapContent.swift */; };
		DF702D9D20D33CF20062045C /* PinLayout.swift in Sources */ = {isa = PBXBuildFile; fileRef = DF702D8A20D33BA90062045C /* PinLayout.swift */; };
		DF702D9E20D33CF20062045C /* PinLayout+Relative.swift in Sources */ = {isa = PBXBuildFile; fileRef = DF702D8D20D33BA90062045C /* PinLayout+Relative.swift */; };
		DF702D9F20D33CF20062045C /* PinLayout+Size.swift in Sources */ = {isa = PBXBuildFile; fileRef = DF702D8C20D33BA90062045C /* PinLayout+Size.swift */; };
		DF702DA020D33CF20062045C /* PinLayout+WrapContent.swift in Sources */ = {isa = PBXBuildFile; fileRef = DF702D8B20D33BA90062045C /* PinLayout+WrapContent.swift */; };
		DF702DA120D33CF90062045C /* PinLayout+Coordinates.swift in Sources */ = {isa = PBXBuildFile; fileRef = DF702D9220D33C0D0062045C /* PinLayout+Coordinates.swift */; };
		DF702DA220D33CF90062045C /* PinLayout+Layouting.swift in Sources */ = {isa = PBXBuildFile; fileRef = DF702D9420D33C0E0062045C /* PinLayout+Layouting.swift */; };
		DF702DA320D33CF90062045C /* PinLayout+Warning.swift in Sources */ = {isa = PBXBuildFile; fileRef = DF702D9320D33C0E0062045C /* PinLayout+Warning.swift */; };
		DF702DA420D33CFA0062045C /* PinLayout+Coordinates.swift in Sources */ = {isa = PBXBuildFile; fileRef = DF702D9220D33C0D0062045C /* PinLayout+Coordinates.swift */; };
		DF702DA520D33CFA0062045C /* PinLayout+Layouting.swift in Sources */ = {isa = PBXBuildFile; fileRef = DF702D9420D33C0E0062045C /* PinLayout+Layouting.swift */; };
		DF702DA620D33CFA0062045C /* PinLayout+Warning.swift in Sources */ = {isa = PBXBuildFile; fileRef = DF702D9320D33C0E0062045C /* PinLayout+Warning.swift */; };
		DF702DAA20D33D660062045C /* NSView+PinLayout.swift in Sources */ = {isa = PBXBuildFile; fileRef = DF702DA820D33D660062045C /* NSView+PinLayout.swift */; };
		DF702DAB20D33D660062045C /* UIView+PinLayout.swift in Sources */ = {isa = PBXBuildFile; fileRef = DF702DA920D33D660062045C /* UIView+PinLayout.swift */; };
		DF702DAC20D33D6A0062045C /* NSView+PinLayout.swift in Sources */ = {isa = PBXBuildFile; fileRef = DF702DA820D33D660062045C /* NSView+PinLayout.swift */; };
		DF702DAD20D33D6A0062045C /* UIView+PinLayout.swift in Sources */ = {isa = PBXBuildFile; fileRef = DF702DA920D33D660062045C /* UIView+PinLayout.swift */; };
		DF702DAE20D33D6A0062045C /* NSView+PinLayout.swift in Sources */ = {isa = PBXBuildFile; fileRef = DF702DA820D33D660062045C /* NSView+PinLayout.swift */; };
		DF702DAF20D33D6A0062045C /* UIView+PinLayout.swift in Sources */ = {isa = PBXBuildFile; fileRef = DF702DA920D33D660062045C /* UIView+PinLayout.swift */; };
		DF7A36BD1E918301000F9856 /* PinEdgesSpec.swift in Sources */ = {isa = PBXBuildFile; fileRef = DF7A36BC1E918301000F9856 /* PinEdgesSpec.swift */; };
		DF96F30E20CB6362007CA714 /* PinLayoutObjCImpl.swift in Sources */ = {isa = PBXBuildFile; fileRef = 241A277C1F8E958F00B1AD39 /* PinLayoutObjCImpl.swift */; };
		DFABC01F208781A900CB6494 /* Types+Appkit.swift in Sources */ = {isa = PBXBuildFile; fileRef = DFABC01E208781A900CB6494 /* Types+Appkit.swift */; };
		DFABC022208781ED00CB6494 /* Types+UIKit.swift in Sources */ = {isa = PBXBuildFile; fileRef = DFABC020208781C700CB6494 /* Types+UIKit.swift */; };
		DFABC023208781EE00CB6494 /* Types+UIKit.swift in Sources */ = {isa = PBXBuildFile; fileRef = DFABC020208781C700CB6494 /* Types+UIKit.swift */; };
		DFB288A320853E82001F9588 /* JustifyAlignSpec.swift in Sources */ = {isa = PBXBuildFile; fileRef = 240F88BC1F0C042500280FC8 /* JustifyAlignSpec.swift */; };
		DFB288A420853F32001F9588 /* LayoutMethodSpec.swift in Sources */ = {isa = PBXBuildFile; fileRef = 243B12C41FC3CFC10072A9C3 /* LayoutMethodSpec.swift */; };
		DFB288A520853F3C001F9588 /* MarginsSpec.swift in Sources */ = {isa = PBXBuildFile; fileRef = 244C6E141E776A0C0074FC74 /* MarginsSpec.swift */; };
		DFB288AB2085400C001F9588 /* MinMaxWidthHeightSpec.swift in Sources */ = {isa = PBXBuildFile; fileRef = 242723711F008B85006A5C3A /* MinMaxWidthHeightSpec.swift */; };
		DFB288AD208540B8001F9588 /* PinEdgesSpec.swift in Sources */ = {isa = PBXBuildFile; fileRef = DF7A36BC1E918301000F9856 /* PinEdgesSpec.swift */; };
		DFB288AE208540F2001F9588 /* PinEdgeCoordinateSpec.swift in Sources */ = {isa = PBXBuildFile; fileRef = 2469C4FB1E74855D00073BEE /* PinEdgeCoordinateSpec.swift */; };
		DFB288AF20854127001F9588 /* PinPointCoordinatesSpec.swift in Sources */ = {isa = PBXBuildFile; fileRef = 246D36471E6C46F50050F202 /* PinPointCoordinatesSpec.swift */; };
		DFB288B02085416E001F9588 /* RTLSpec.swift in Sources */ = {isa = PBXBuildFile; fileRef = 24D18D151F3B42E0008129EF /* RTLSpec.swift */; };
		DFB288B12085419B001F9588 /* RelativePositionSpec.swift in Sources */ = {isa = PBXBuildFile; fileRef = 2482908B1E78CFFC00667D08 /* RelativePositionSpec.swift */; };
		DFB288B2208541B7001F9588 /* RelativePositionMultipleViewsSpec.swift in Sources */ = {isa = PBXBuildFile; fileRef = 242E8DC11EED5982005935FB /* RelativePositionMultipleViewsSpec.swift */; };
		DFB288B3208541D9001F9588 /* WarningSpec.swift in Sources */ = {isa = PBXBuildFile; fileRef = 240F88BF1F0C1ED900280FC8 /* WarningSpec.swift */; };
		DFB288B720854252001F9588 /* UIImage+Color.swift in Sources */ = {isa = PBXBuildFile; fileRef = 248E4C751F7A88CF00C0E7F7 /* UIImage+Color.swift */; };
		DFB3ECB12061602F005F226B /* PinSafeArea.swift in Sources */ = {isa = PBXBuildFile; fileRef = DFB3ECB02061602E005F226B /* PinSafeArea.swift */; };
		DFB3ECB72062A937005F226B /* PinSafeArea.swift in Sources */ = {isa = PBXBuildFile; fileRef = DFB3ECB02061602E005F226B /* PinSafeArea.swift */; };
		DFBCAF01213023D10025F7BF /* ReadableLayoutMarginsSpec.swift in Sources */ = {isa = PBXBuildFile; fileRef = DFBCAEFF213023700025F7BF /* ReadableLayoutMarginsSpec.swift */; };
		DFBCAF02213023D30025F7BF /* ReadableLayoutMarginsSpec.swift in Sources */ = {isa = PBXBuildFile; fileRef = DFBCAEFF213023700025F7BF /* ReadableLayoutMarginsSpec.swift */; };
		DFBCAF1A2132C55A0025F7BF /* PinLayout+Between.swift in Sources */ = {isa = PBXBuildFile; fileRef = DF10846F212D8E8700C23B80 /* PinLayout+Between.swift */; };
		DFBCAF1B2132C55B0025F7BF /* PinLayout+Between.swift in Sources */ = {isa = PBXBuildFile; fileRef = DF10846F212D8E8700C23B80 /* PinLayout+Between.swift */; };
		DFCA5F1620111E0B00180CD7 /* UIScrollViewSpec.swift in Sources */ = {isa = PBXBuildFile; fileRef = DFCA5F1420111BCF00180CD7 /* UIScrollViewSpec.swift */; };
		DFEAF75020C9661B00E33147 /* ObjectiveCSpec.m in Sources */ = {isa = PBXBuildFile; fileRef = DFEAF74D20C965DC00E33147 /* ObjectiveCSpec.m */; };
		DFEAF75220C9661D00E33147 /* ObjectiveCSpec.m in Sources */ = {isa = PBXBuildFile; fileRef = DFEAF74D20C965DC00E33147 /* ObjectiveCSpec.m */; };
		DFED154F20852F7E009EF9A7 /* BasicView.swift in Sources */ = {isa = PBXBuildFile; fileRef = 2469C5011E75D88500073BEE /* BasicView.swift */; };
		DFED15502085304B009EF9A7 /* AdjustSizeSpec.swift in Sources */ = {isa = PBXBuildFile; fileRef = 2469C4FF1E75D74000073BEE /* AdjustSizeSpec.swift */; };
		DFED1552208533DA009EF9A7 /* AspectRatioTests.swift in Sources */ = {isa = PBXBuildFile; fileRef = 248E4C721F7A83FA00C0E7F7 /* AspectRatioTests.swift */; };
		DFED15532085349A009EF9A7 /* RectNimbleMatcher.swift in Sources */ = {isa = PBXBuildFile; fileRef = 2469C5031E75DB7600073BEE /* RectNimbleMatcher.swift */; };
		DFED15542085349B009EF9A7 /* RectNimbleMatcher.swift in Sources */ = {isa = PBXBuildFile; fileRef = 2469C5031E75DB7600073BEE /* RectNimbleMatcher.swift */; };
		DFF222B120B877F400AC2A84 /* PinLayoutObjC.swift in Sources */ = {isa = PBXBuildFile; fileRef = 241A277B1F8E958F00B1AD39 /* PinLayoutObjC.swift */; };
		DFF222B220B877F600AC2A84 /* PinLayoutObjC.swift in Sources */ = {isa = PBXBuildFile; fileRef = 241A277B1F8E958F00B1AD39 /* PinLayoutObjC.swift */; };
		DFF222B320B877F800AC2A84 /* PinLayoutObjCImpl.swift in Sources */ = {isa = PBXBuildFile; fileRef = 241A277C1F8E958F00B1AD39 /* PinLayoutObjCImpl.swift */; };
		DFF222B420B877F900AC2A84 /* PinLayoutObjCImpl.swift in Sources */ = {isa = PBXBuildFile; fileRef = 241A277C1F8E958F00B1AD39 /* PinLayoutObjCImpl.swift */; };
		DFF222CD20B999BD00AC2A84 /* Types.swift in Sources */ = {isa = PBXBuildFile; fileRef = DFF222CC20B999BD00AC2A84 /* Types.swift */; };
		DFF222CF20B99A6600AC2A84 /* Types+Description.swift in Sources */ = {isa = PBXBuildFile; fileRef = DFF222CE20B99A6600AC2A84 /* Types+Description.swift */; };
		DFF222E320BACBBF00AC2A84 /* WrapContentSpec.swift in Sources */ = {isa = PBXBuildFile; fileRef = DFF222E120BACBA800AC2A84 /* WrapContentSpec.swift */; };
		DFF222E420BACBC000AC2A84 /* WrapContentSpec.swift in Sources */ = {isa = PBXBuildFile; fileRef = DFF222E120BACBA800AC2A84 /* WrapContentSpec.swift */; };
		DFF222E520BACBC000AC2A84 /* WrapContentSpec.swift in Sources */ = {isa = PBXBuildFile; fileRef = DFF222E120BACBA800AC2A84 /* WrapContentSpec.swift */; };
		DFF6F9C72084DCD3004F5AED /* PinLayout.framework in Frameworks */ = {isa = PBXBuildFile; fileRef = 244DF2F81EF46C500090508B /* PinLayout.framework */; };
		DFF6F9CD2084E15A004F5AED /* BasicView.swift in Sources */ = {isa = PBXBuildFile; fileRef = 2469C5011E75D88500073BEE /* BasicView.swift */; };
		DFF6F9CE2084E15A004F5AED /* AdjustSizeSpec.swift in Sources */ = {isa = PBXBuildFile; fileRef = 2469C4FF1E75D74000073BEE /* AdjustSizeSpec.swift */; };
		DFF6F9CF2084E15A004F5AED /* AspectRatioTests.swift in Sources */ = {isa = PBXBuildFile; fileRef = 248E4C721F7A83FA00C0E7F7 /* AspectRatioTests.swift */; };
		DFF6F9D02084E15A004F5AED /* JustifyAlignSpec.swift in Sources */ = {isa = PBXBuildFile; fileRef = 240F88BC1F0C042500280FC8 /* JustifyAlignSpec.swift */; };
		DFF6F9D12084E15A004F5AED /* LayoutMethodSpec.swift in Sources */ = {isa = PBXBuildFile; fileRef = 243B12C41FC3CFC10072A9C3 /* LayoutMethodSpec.swift */; };
		DFF6F9D22084E15A004F5AED /* MarginsSpec.swift in Sources */ = {isa = PBXBuildFile; fileRef = 244C6E141E776A0C0074FC74 /* MarginsSpec.swift */; };
		DFF6F9D32084E15A004F5AED /* MinMaxWidthHeightSpec.swift in Sources */ = {isa = PBXBuildFile; fileRef = 242723711F008B85006A5C3A /* MinMaxWidthHeightSpec.swift */; };
		DFF6F9D62084E15A004F5AED /* PinEdgesSpec.swift in Sources */ = {isa = PBXBuildFile; fileRef = DF7A36BC1E918301000F9856 /* PinEdgesSpec.swift */; };
		DFF6F9D72084E15A004F5AED /* PinEdgeCoordinateSpec.swift in Sources */ = {isa = PBXBuildFile; fileRef = 2469C4FB1E74855D00073BEE /* PinEdgeCoordinateSpec.swift */; };
		DFF6F9D82084E15A004F5AED /* PinPointCoordinatesSpec.swift in Sources */ = {isa = PBXBuildFile; fileRef = 246D36471E6C46F50050F202 /* PinPointCoordinatesSpec.swift */; };
		DFF6F9DA2084E15A004F5AED /* RTLSpec.swift in Sources */ = {isa = PBXBuildFile; fileRef = 24D18D151F3B42E0008129EF /* RTLSpec.swift */; };
		DFF6F9DB2084E15A004F5AED /* RelativePositionSpec.swift in Sources */ = {isa = PBXBuildFile; fileRef = 2482908B1E78CFFC00667D08 /* RelativePositionSpec.swift */; };
		DFF6F9DC2084E15A004F5AED /* RelativePositionMultipleViewsSpec.swift in Sources */ = {isa = PBXBuildFile; fileRef = 242E8DC11EED5982005935FB /* RelativePositionMultipleViewsSpec.swift */; };
		DFF6F9DD2084E15A004F5AED /* TransformSpec.swift in Sources */ = {isa = PBXBuildFile; fileRef = 245C1DA11FEC4FC6007594F7 /* TransformSpec.swift */; };
		DFF6F9DE2084E15A004F5AED /* UIScrollViewSpec.swift in Sources */ = {isa = PBXBuildFile; fileRef = DFCA5F1420111BCF00180CD7 /* UIScrollViewSpec.swift */; };
		DFF6F9DF2084E15A004F5AED /* WarningSpec.swift in Sources */ = {isa = PBXBuildFile; fileRef = 240F88BF1F0C1ED900280FC8 /* WarningSpec.swift */; };
		E4C7A81A5635E18A86956CA7 /* Pods_PinLayoutTests_macOS.framework in Frameworks */ = {isa = PBXBuildFile; fileRef = 288E4316B3B6E27AA09363BB /* Pods_PinLayoutTests_macOS.framework */; };
/* End PBXBuildFile section */

/* Begin PBXContainerItemProxy section */
		249EFE851E64FB4C00165E39 /* PBXContainerItemProxy */ = {
			isa = PBXContainerItemProxy;
			containerPortal = 249EFE711E64FB4C00165E39 /* Project object */;
			proxyType = 1;
			remoteGlobalIDString = 249EFE791E64FB4C00165E39;
			remoteInfo = PinLayout;
		};
		DFF6F9C82084DCD3004F5AED /* PBXContainerItemProxy */ = {
			isa = PBXContainerItemProxy;
			containerPortal = 249EFE711E64FB4C00165E39 /* Project object */;
			proxyType = 1;
			remoteGlobalIDString = 244DF2F71EF46C500090508B;
			remoteInfo = PinLayoutTVOS;
		};
/* End PBXContainerItemProxy section */

/* Begin PBXCopyFilesBuildPhase section */
		2419623B1E7F58F000A0466C /* CopyFiles */ = {
			isa = PBXCopyFilesBuildPhase;
			buildActionMask = 2147483647;
			dstPath = "";
			dstSubfolderSpec = 10;
			files = (
			);
			runOnlyForDeploymentPostprocessing = 0;
		};
/* End PBXCopyFilesBuildPhase section */

/* Begin PBXFileReference section */
		23D84A60C294055979A28086 /* Pods_PinLayoutTests_tvOS.framework */ = {isa = PBXFileReference; explicitFileType = wrapper.framework; includeInIndex = 0; path = Pods_PinLayoutTests_tvOS.framework; sourceTree = BUILT_PRODUCTS_DIR; };
		240F88BC1F0C042500280FC8 /* JustifyAlignSpec.swift */ = {isa = PBXFileReference; fileEncoding = 4; lastKnownFileType = sourcecode.swift; path = JustifyAlignSpec.swift; sourceTree = "<group>"; };
		240F88BF1F0C1ED900280FC8 /* WarningSpec.swift */ = {isa = PBXFileReference; fileEncoding = 4; lastKnownFileType = sourcecode.swift; path = WarningSpec.swift; sourceTree = "<group>"; };
		241A277B1F8E958F00B1AD39 /* PinLayoutObjC.swift */ = {isa = PBXFileReference; fileEncoding = 4; lastKnownFileType = sourcecode.swift; path = PinLayoutObjC.swift; sourceTree = "<group>"; };
		241A277C1F8E958F00B1AD39 /* PinLayoutObjCImpl.swift */ = {isa = PBXFileReference; fileEncoding = 4; lastKnownFileType = sourcecode.swift; path = PinLayoutObjCImpl.swift; sourceTree = "<group>"; };
		242723711F008B85006A5C3A /* MinMaxWidthHeightSpec.swift */ = {isa = PBXFileReference; fileEncoding = 4; lastKnownFileType = sourcecode.swift; path = MinMaxWidthHeightSpec.swift; sourceTree = "<group>"; };
		242E8DC11EED5982005935FB /* RelativePositionMultipleViewsSpec.swift */ = {isa = PBXFileReference; fileEncoding = 4; lastKnownFileType = sourcecode.swift; path = RelativePositionMultipleViewsSpec.swift; sourceTree = "<group>"; };
		243B12C41FC3CFC10072A9C3 /* LayoutMethodSpec.swift */ = {isa = PBXFileReference; fileEncoding = 4; lastKnownFileType = sourcecode.swift; path = LayoutMethodSpec.swift; sourceTree = "<group>"; };
		243C620E1FC3834B0082C327 /* Percent.swift */ = {isa = PBXFileReference; fileEncoding = 4; lastKnownFileType = sourcecode.swift; name = Percent.swift; path = Impl/Percent.swift; sourceTree = "<group>"; };
		244C6E141E776A0C0074FC74 /* MarginsSpec.swift */ = {isa = PBXFileReference; fileEncoding = 4; lastKnownFileType = sourcecode.swift; path = MarginsSpec.swift; sourceTree = "<group>"; };
		244DF2F81EF46C500090508B /* PinLayout.framework */ = {isa = PBXFileReference; explicitFileType = wrapper.framework; includeInIndex = 0; path = PinLayout.framework; sourceTree = BUILT_PRODUCTS_DIR; };
		245C1DA11FEC4FC6007594F7 /* TransformSpec.swift */ = {isa = PBXFileReference; fileEncoding = 4; lastKnownFileType = sourcecode.swift; path = TransformSpec.swift; sourceTree = "<group>"; };
		2469C4FB1E74855D00073BEE /* PinEdgeCoordinateSpec.swift */ = {isa = PBXFileReference; fileEncoding = 4; lastKnownFileType = sourcecode.swift; path = PinEdgeCoordinateSpec.swift; sourceTree = "<group>"; };
		2469C4FF1E75D74000073BEE /* AdjustSizeSpec.swift */ = {isa = PBXFileReference; fileEncoding = 4; lastKnownFileType = sourcecode.swift; path = AdjustSizeSpec.swift; sourceTree = "<group>"; };
		2469C5011E75D88500073BEE /* BasicView.swift */ = {isa = PBXFileReference; fileEncoding = 4; lastKnownFileType = sourcecode.swift; path = BasicView.swift; sourceTree = "<group>"; };
		2469C5031E75DB7600073BEE /* RectNimbleMatcher.swift */ = {isa = PBXFileReference; fileEncoding = 4; lastKnownFileType = sourcecode.swift; path = RectNimbleMatcher.swift; sourceTree = "<group>"; };
		246D36471E6C46F50050F202 /* PinPointCoordinatesSpec.swift */ = {isa = PBXFileReference; fileEncoding = 4; lastKnownFileType = sourcecode.swift; path = PinPointCoordinatesSpec.swift; sourceTree = "<group>"; };
		2475B6CE1FC37C570054CADD /* TypesImpl.swift */ = {isa = PBXFileReference; fileEncoding = 4; lastKnownFileType = sourcecode.swift; name = TypesImpl.swift; path = Impl/TypesImpl.swift; sourceTree = "<group>"; };
		2475B6D21FC37CD40054CADD /* Coordinates.swift */ = {isa = PBXFileReference; fileEncoding = 4; lastKnownFileType = sourcecode.swift; name = Coordinates.swift; path = Impl/Coordinates.swift; sourceTree = "<group>"; };
		2475B6D61FC37D4D0054CADD /* Info.plist */ = {isa = PBXFileReference; fileEncoding = 4; lastKnownFileType = text.plist.xml; path = Info.plist; sourceTree = "<group>"; };
		2475B6D71FC37D4D0054CADD /* PinLayoutTVOS.h */ = {isa = PBXFileReference; fileEncoding = 4; lastKnownFileType = sourcecode.c.h; path = PinLayoutTVOS.h; sourceTree = "<group>"; };
		2475B6D91FC37D4D0054CADD /* PinLayout.h */ = {isa = PBXFileReference; fileEncoding = 4; lastKnownFileType = sourcecode.c.h; path = PinLayout.h; sourceTree = "<group>"; };
		2482908B1E78CFFC00667D08 /* RelativePositionSpec.swift */ = {isa = PBXFileReference; fileEncoding = 4; lastKnownFileType = sourcecode.swift; path = RelativePositionSpec.swift; sourceTree = "<group>"; };
		248E4C721F7A83FA00C0E7F7 /* AspectRatioTests.swift */ = {isa = PBXFileReference; fileEncoding = 4; lastKnownFileType = sourcecode.swift; path = AspectRatioTests.swift; sourceTree = "<group>"; };
		248E4C751F7A88CF00C0E7F7 /* UIImage+Color.swift */ = {isa = PBXFileReference; fileEncoding = 4; lastKnownFileType = sourcecode.swift; path = "UIImage+Color.swift"; sourceTree = "<group>"; };
		24949A2D1EF69474003643D3 /* Filters.swift */ = {isa = PBXFileReference; fileEncoding = 4; lastKnownFileType = sourcecode.swift; path = Filters.swift; sourceTree = "<group>"; };
		249EFE7A1E64FB4C00165E39 /* PinLayout.framework */ = {isa = PBXFileReference; explicitFileType = wrapper.framework; includeInIndex = 0; path = PinLayout.framework; sourceTree = BUILT_PRODUCTS_DIR; };
		249EFE831E64FB4C00165E39 /* PinLayoutTests-iOS.xctest */ = {isa = PBXFileReference; explicitFileType = wrapper.cfbundle; includeInIndex = 0; path = "PinLayoutTests-iOS.xctest"; sourceTree = BUILT_PRODUCTS_DIR; };
		249EFE8A1E64FB4C00165E39 /* Info.plist */ = {isa = PBXFileReference; lastKnownFileType = text.plist.xml; name = Info.plist; path = Common/Info.plist; sourceTree = "<group>"; };
		24D18D151F3B42E0008129EF /* RTLSpec.swift */ = {isa = PBXFileReference; fileEncoding = 4; lastKnownFileType = sourcecode.swift; path = RTLSpec.swift; sourceTree = "<group>"; };
		24D18D231F3E37DD008129EF /* Pin.swift */ = {isa = PBXFileReference; fileEncoding = 4; lastKnownFileType = sourcecode.swift; path = Pin.swift; sourceTree = "<group>"; };
		288E4316B3B6E27AA09363BB /* Pods_PinLayoutTests_macOS.framework */ = {isa = PBXFileReference; explicitFileType = wrapper.framework; includeInIndex = 0; path = Pods_PinLayoutTests_macOS.framework; sourceTree = BUILT_PRODUCTS_DIR; };
		7BD3AD48CD5B8BA8E2C04EC9 /* Pods-PinLayoutTests-macOS.release.xcconfig */ = {isa = PBXFileReference; includeInIndex = 1; lastKnownFileType = text.xcconfig; name = "Pods-PinLayoutTests-macOS.release.xcconfig"; path = "Target Support Files/Pods-PinLayoutTests-macOS/Pods-PinLayoutTests-macOS.release.xcconfig"; sourceTree = "<group>"; };
		880260D5785424979964CA1A /* Pods-PinLayoutTests-iOS.debug.xcconfig */ = {isa = PBXFileReference; includeInIndex = 1; lastKnownFileType = text.xcconfig; name = "Pods-PinLayoutTests-iOS.debug.xcconfig"; path = "Target Support Files/Pods-PinLayoutTests-iOS/Pods-PinLayoutTests-iOS.debug.xcconfig"; sourceTree = "<group>"; };
		89672C5CCF1F123104855629 /* Pods-PinLayoutTests-tvOS.release.xcconfig */ = {isa = PBXFileReference; includeInIndex = 1; lastKnownFileType = text.xcconfig; name = "Pods-PinLayoutTests-tvOS.release.xcconfig"; path = "Target Support Files/Pods-PinLayoutTests-tvOS/Pods-PinLayoutTests-tvOS.release.xcconfig"; sourceTree = "<group>"; };
		9C38C34C80E44E6721B2E9C3 /* Pods_PinLayoutTests_iOS.framework */ = {isa = PBXFileReference; explicitFileType = wrapper.framework; includeInIndex = 0; path = Pods_PinLayoutTests_iOS.framework; sourceTree = BUILT_PRODUCTS_DIR; };
		A55FA6F0D7AFC9918887FBF2 /* Pods-PinLayoutTests-iOS.release.xcconfig */ = {isa = PBXFileReference; includeInIndex = 1; lastKnownFileType = text.xcconfig; name = "Pods-PinLayoutTests-iOS.release.xcconfig"; path = "Target Support Files/Pods-PinLayoutTests-iOS/Pods-PinLayoutTests-iOS.release.xcconfig"; sourceTree = "<group>"; };
		C80435D220D0891C00EB1BD7 /* SizeCalculable.swift */ = {isa = PBXFileReference; lastKnownFileType = sourcecode.swift; path = SizeCalculable.swift; sourceTree = "<group>"; };
		C80435D420D0898000EB1BD7 /* Layoutable+PinLayout.swift */ = {isa = PBXFileReference; lastKnownFileType = sourcecode.swift; path = "Layoutable+PinLayout.swift"; sourceTree = "<group>"; };
		C8291E40247A242600E95886 /* AutoSizeCalculable.swift */ = {isa = PBXFileReference; lastKnownFileType = sourcecode.swift; path = AutoSizeCalculable.swift; sourceTree = "<group>"; };
		C82DC20B20CE9F6800B7ACF5 /* Layoutable.swift */ = {isa = PBXFileReference; lastKnownFileType = sourcecode.swift; path = Layoutable.swift; sourceTree = "<group>"; };
		C83588BF20DBC5E600D6E8F9 /* CALayerSpec.swift */ = {isa = PBXFileReference; lastKnownFileType = sourcecode.swift; path = CALayerSpec.swift; sourceTree = "<group>"; };
		C83600A520E2949200A3D891 /* README.md */ = {isa = PBXFileReference; lastKnownFileType = net.daringfireball.markdown; path = README.md; sourceTree = "<group>"; usesTabs = 0; };
		C8C4928C20DA7DA700048357 /* CALayer+PinLayout.swift */ = {isa = PBXFileReference; fileEncoding = 4; lastKnownFileType = sourcecode.swift; path = "CALayer+PinLayout.swift"; sourceTree = "<group>"; };
		DE878C8BA276883C90524382 /* Pods-PinLayoutTests-tvOS.debug.xcconfig */ = {isa = PBXFileReference; includeInIndex = 1; lastKnownFileType = text.xcconfig; name = "Pods-PinLayoutTests-tvOS.debug.xcconfig"; path = "Target Support Files/Pods-PinLayoutTests-tvOS/Pods-PinLayoutTests-tvOS.debug.xcconfig"; sourceTree = "<group>"; };
		DF10846A212D8B4B00C23B80 /* BetweenSpec.swift */ = {isa = PBXFileReference; fileEncoding = 4; lastKnownFileType = sourcecode.swift; path = BetweenSpec.swift; sourceTree = "<group>"; };
		DF10846F212D8E8700C23B80 /* PinLayout+Between.swift */ = {isa = PBXFileReference; fileEncoding = 4; lastKnownFileType = sourcecode.swift; path = "PinLayout+Between.swift"; sourceTree = "<group>"; };
		DF1A5D1D2084C94700725EF5 /* PinLayoutTests-macOS.xctest */ = {isa = PBXFileReference; explicitFileType = wrapper.cfbundle; includeInIndex = 0; path = "PinLayoutTests-macOS.xctest"; sourceTree = BUILT_PRODUCTS_DIR; };
		DF1A5D1F2084C94700725EF5 /* PinLayoutTestMacOS.swift */ = {isa = PBXFileReference; lastKnownFileType = sourcecode.swift; path = PinLayoutTestMacOS.swift; sourceTree = "<group>"; };
		DF1A5D2C2084CF9700725EF5 /* PinLayout.framework */ = {isa = PBXFileReference; explicitFileType = wrapper.framework; includeInIndex = 0; path = PinLayout.framework; sourceTree = BUILT_PRODUCTS_DIR; };
		DF1A5D2E2084CF9700725EF5 /* PinLayoutMacOS.h */ = {isa = PBXFileReference; lastKnownFileType = sourcecode.c.h; path = PinLayoutMacOS.h; sourceTree = "<group>"; };
		DF1E39B420482B1F0002D0AA /* PinSafeAreaTests.swift */ = {isa = PBXFileReference; fileEncoding = 4; lastKnownFileType = sourcecode.swift; path = PinSafeAreaTests.swift; sourceTree = "<group>"; };
		DF702D8A20D33BA90062045C /* PinLayout.swift */ = {isa = PBXFileReference; fileEncoding = 4; lastKnownFileType = sourcecode.swift; path = PinLayout.swift; sourceTree = "<group>"; };
		DF702D8B20D33BA90062045C /* PinLayout+WrapContent.swift */ = {isa = PBXFileReference; fileEncoding = 4; lastKnownFileType = sourcecode.swift; path = "PinLayout+WrapContent.swift"; sourceTree = "<group>"; };
		DF702D8C20D33BA90062045C /* PinLayout+Size.swift */ = {isa = PBXFileReference; fileEncoding = 4; lastKnownFileType = sourcecode.swift; path = "PinLayout+Size.swift"; sourceTree = "<group>"; };
		DF702D8D20D33BA90062045C /* PinLayout+Relative.swift */ = {isa = PBXFileReference; fileEncoding = 4; lastKnownFileType = sourcecode.swift; path = "PinLayout+Relative.swift"; sourceTree = "<group>"; };
		DF702D9220D33C0D0062045C /* PinLayout+Coordinates.swift */ = {isa = PBXFileReference; fileEncoding = 4; lastKnownFileType = sourcecode.swift; name = "PinLayout+Coordinates.swift"; path = "Impl/PinLayout+Coordinates.swift"; sourceTree = "<group>"; };
		DF702D9320D33C0E0062045C /* PinLayout+Warning.swift */ = {isa = PBXFileReference; fileEncoding = 4; lastKnownFileType = sourcecode.swift; name = "PinLayout+Warning.swift"; path = "Impl/PinLayout+Warning.swift"; sourceTree = "<group>"; };
		DF702D9420D33C0E0062045C /* PinLayout+Layouting.swift */ = {isa = PBXFileReference; fileEncoding = 4; lastKnownFileType = sourcecode.swift; name = "PinLayout+Layouting.swift"; path = "Impl/PinLayout+Layouting.swift"; sourceTree = "<group>"; };
		DF702DA820D33D660062045C /* NSView+PinLayout.swift */ = {isa = PBXFileReference; fileEncoding = 4; lastKnownFileType = sourcecode.swift; path = "NSView+PinLayout.swift"; sourceTree = "<group>"; };
		DF702DA920D33D660062045C /* UIView+PinLayout.swift */ = {isa = PBXFileReference; fileEncoding = 4; lastKnownFileType = sourcecode.swift; path = "UIView+PinLayout.swift"; sourceTree = "<group>"; };
		DF7A36BC1E918301000F9856 /* PinEdgesSpec.swift */ = {isa = PBXFileReference; fileEncoding = 4; lastKnownFileType = sourcecode.swift; path = PinEdgesSpec.swift; sourceTree = "<group>"; };
		DFABC01E208781A900CB6494 /* Types+Appkit.swift */ = {isa = PBXFileReference; lastKnownFileType = sourcecode.swift; path = "Types+Appkit.swift"; sourceTree = "<group>"; };
		DFABC020208781C700CB6494 /* Types+UIKit.swift */ = {isa = PBXFileReference; lastKnownFileType = sourcecode.swift; path = "Types+UIKit.swift"; sourceTree = "<group>"; };
		DFB3ECB02061602E005F226B /* PinSafeArea.swift */ = {isa = PBXFileReference; fileEncoding = 4; lastKnownFileType = sourcecode.swift; name = PinSafeArea.swift; path = Impl/PinSafeArea.swift; sourceTree = "<group>"; };
		DFBCAEFF213023700025F7BF /* ReadableLayoutMarginsSpec.swift */ = {isa = PBXFileReference; fileEncoding = 4; lastKnownFileType = sourcecode.swift; path = ReadableLayoutMarginsSpec.swift; sourceTree = "<group>"; };
		DFCA5F1420111BCF00180CD7 /* UIScrollViewSpec.swift */ = {isa = PBXFileReference; fileEncoding = 4; lastKnownFileType = sourcecode.swift; path = UIScrollViewSpec.swift; sourceTree = "<group>"; };
		DFD2783E211A52C60056BD93 /* PEdgeInsets+Operators.swift */ = {isa = PBXFileReference; lastKnownFileType = sourcecode.swift; path = "PEdgeInsets+Operators.swift"; sourceTree = "<group>"; };
		DFEAF74D20C965DC00E33147 /* ObjectiveCSpec.m */ = {isa = PBXFileReference; fileEncoding = 4; lastKnownFileType = sourcecode.c.objc; path = ObjectiveCSpec.m; sourceTree = "<group>"; };
		DFF222CC20B999BD00AC2A84 /* Types.swift */ = {isa = PBXFileReference; lastKnownFileType = sourcecode.swift; path = Types.swift; sourceTree = "<group>"; };
		DFF222CE20B99A6600AC2A84 /* Types+Description.swift */ = {isa = PBXFileReference; lastKnownFileType = sourcecode.swift; path = "Types+Description.swift"; sourceTree = "<group>"; };
		DFF222E120BACBA800AC2A84 /* WrapContentSpec.swift */ = {isa = PBXFileReference; fileEncoding = 4; lastKnownFileType = sourcecode.swift; path = WrapContentSpec.swift; sourceTree = "<group>"; };
		DFF6F9C22084DCD3004F5AED /* PinLayoutTests-tvOS.xctest */ = {isa = PBXFileReference; explicitFileType = wrapper.cfbundle; includeInIndex = 0; path = "PinLayoutTests-tvOS.xctest"; sourceTree = BUILT_PRODUCTS_DIR; };
		FA341A1D293877848A382C1A /* Pods-PinLayoutTests-macOS.debug.xcconfig */ = {isa = PBXFileReference; includeInIndex = 1; lastKnownFileType = text.xcconfig; name = "Pods-PinLayoutTests-macOS.debug.xcconfig"; path = "Target Support Files/Pods-PinLayoutTests-macOS/Pods-PinLayoutTests-macOS.debug.xcconfig"; sourceTree = "<group>"; };
/* End PBXFileReference section */

/* Begin PBXFrameworksBuildPhase section */
		244DF2F41EF46C500090508B /* Frameworks */ = {
			isa = PBXFrameworksBuildPhase;
			buildActionMask = 2147483647;
			files = (
			);
			runOnlyForDeploymentPostprocessing = 0;
		};
		249EFE761E64FB4C00165E39 /* Frameworks */ = {
			isa = PBXFrameworksBuildPhase;
			buildActionMask = 2147483647;
			files = (
			);
			runOnlyForDeploymentPostprocessing = 0;
		};
		249EFE801E64FB4C00165E39 /* Frameworks */ = {
			isa = PBXFrameworksBuildPhase;
			buildActionMask = 2147483647;
			files = (
				249EFE841E64FB4C00165E39 /* PinLayout.framework in Frameworks */,
				D9723CB04DDFEA273EE46181 /* Pods_PinLayoutTests_iOS.framework in Frameworks */,
			);
			runOnlyForDeploymentPostprocessing = 0;
		};
		DF1A5D1A2084C94700725EF5 /* Frameworks */ = {
			isa = PBXFrameworksBuildPhase;
			buildActionMask = 2147483647;
			files = (
				E4C7A81A5635E18A86956CA7 /* Pods_PinLayoutTests_macOS.framework in Frameworks */,
			);
			runOnlyForDeploymentPostprocessing = 0;
		};
		DF1A5D282084CF9700725EF5 /* Frameworks */ = {
			isa = PBXFrameworksBuildPhase;
			buildActionMask = 2147483647;
			files = (
			);
			runOnlyForDeploymentPostprocessing = 0;
		};
		DFF6F9BF2084DCD3004F5AED /* Frameworks */ = {
			isa = PBXFrameworksBuildPhase;
			buildActionMask = 2147483647;
			files = (
				DFF6F9C72084DCD3004F5AED /* PinLayout.framework in Frameworks */,
				733BCEB894DC625445120A4B /* Pods_PinLayoutTests_tvOS.framework in Frameworks */,
			);
			runOnlyForDeploymentPostprocessing = 0;
		};
/* End PBXFrameworksBuildPhase section */

/* Begin PBXGroup section */
		241A277A1F8E958F00B1AD39 /* ObjectiveC */ = {
			isa = PBXGroup;
			children = (
				241A277B1F8E958F00B1AD39 /* PinLayoutObjC.swift */,
				241A277C1F8E958F00B1AD39 /* PinLayoutObjCImpl.swift */,
			);
			path = ObjectiveC;
			sourceTree = "<group>";
		};
		2475B6D51FC37D270054CADD /* SupportingFiles */ = {
			isa = PBXGroup;
			children = (
				2475B6D61FC37D4D0054CADD /* Info.plist */,
				2475B6D91FC37D4D0054CADD /* PinLayout.h */,
				2475B6D71FC37D4D0054CADD /* PinLayoutTVOS.h */,
				DF1A5D2E2084CF9700725EF5 /* PinLayoutMacOS.h */,
			);
			path = SupportingFiles;
			sourceTree = "<group>";
		};
		249EFE701E64FB4C00165E39 = {
			isa = PBXGroup;
			children = (
				C83600A520E2949200A3D891 /* README.md */,
				249EFE7C1E64FB4C00165E39 /* Sources */,
				249EFE871E64FB4C00165E39 /* Tests */,
				249EFE7B1E64FB4C00165E39 /* Products */,
				8DC632A70D21B70A40C40458 /* Pods */,
				686F2F5ECA92559A14ED39EE /* Frameworks */,
			);
			sourceTree = "<group>";
		};
		249EFE7B1E64FB4C00165E39 /* Products */ = {
			isa = PBXGroup;
			children = (
				249EFE7A1E64FB4C00165E39 /* PinLayout.framework */,
				249EFE831E64FB4C00165E39 /* PinLayoutTests-iOS.xctest */,
				244DF2F81EF46C500090508B /* PinLayout.framework */,
				DF1A5D1D2084C94700725EF5 /* PinLayoutTests-macOS.xctest */,
				DF1A5D2C2084CF9700725EF5 /* PinLayout.framework */,
				DFF6F9C22084DCD3004F5AED /* PinLayoutTests-tvOS.xctest */,
			);
			name = Products;
			sourceTree = "<group>";
		};
		249EFE7C1E64FB4C00165E39 /* Sources */ = {
			isa = PBXGroup;
			children = (
				24949A2D1EF69474003643D3 /* Filters.swift */,
				C82DC20B20CE9F6800B7ACF5 /* Layoutable.swift */,
				C80435D420D0898000EB1BD7 /* Layoutable+PinLayout.swift */,
				24D18D231F3E37DD008129EF /* Pin.swift */,
				DF702D8A20D33BA90062045C /* PinLayout.swift */,
				DF10846F212D8E8700C23B80 /* PinLayout+Between.swift */,
				DF702D8D20D33BA90062045C /* PinLayout+Relative.swift */,
				DF702D8C20D33BA90062045C /* PinLayout+Size.swift */,
				DF702D8B20D33BA90062045C /* PinLayout+WrapContent.swift */,
				C80435D220D0891C00EB1BD7 /* SizeCalculable.swift */,
				C8291E40247A242600E95886 /* AutoSizeCalculable.swift */,
				DFF222CC20B999BD00AC2A84 /* Types.swift */,
				DF702DA720D33D2A0062045C /* Extensions */,
				DFA06B031E8B38B300B6D5E7 /* Impl */,
				241A277A1F8E958F00B1AD39 /* ObjectiveC */,
				2475B6D51FC37D270054CADD /* SupportingFiles */,
			);
			path = Sources;
			sourceTree = "<group>";
		};
		249EFE871E64FB4C00165E39 /* Tests */ = {
			isa = PBXGroup;
			children = (
				DFB288A620853F78001F9588 /* Common */,
				DF1A5D262084CA4400725EF5 /* macOS */,
				DF1A5D252084C9E200725EF5 /* iOS */,
				2469C5011E75D88500073BEE /* BasicView.swift */,
				2469C5031E75DB7600073BEE /* RectNimbleMatcher.swift */,
				248E4C751F7A88CF00C0E7F7 /* UIImage+Color.swift */,
				249EFE8A1E64FB4C00165E39 /* Info.plist */,
			);
			path = Tests;
			sourceTree = "<group>";
		};
		686F2F5ECA92559A14ED39EE /* Frameworks */ = {
			isa = PBXGroup;
			children = (
				9C38C34C80E44E6721B2E9C3 /* Pods_PinLayoutTests_iOS.framework */,
				288E4316B3B6E27AA09363BB /* Pods_PinLayoutTests_macOS.framework */,
				23D84A60C294055979A28086 /* Pods_PinLayoutTests_tvOS.framework */,
			);
			name = Frameworks;
			sourceTree = "<group>";
		};
		8DC632A70D21B70A40C40458 /* Pods */ = {
			isa = PBXGroup;
			children = (
				880260D5785424979964CA1A /* Pods-PinLayoutTests-iOS.debug.xcconfig */,
				A55FA6F0D7AFC9918887FBF2 /* Pods-PinLayoutTests-iOS.release.xcconfig */,
				FA341A1D293877848A382C1A /* Pods-PinLayoutTests-macOS.debug.xcconfig */,
				7BD3AD48CD5B8BA8E2C04EC9 /* Pods-PinLayoutTests-macOS.release.xcconfig */,
				DE878C8BA276883C90524382 /* Pods-PinLayoutTests-tvOS.debug.xcconfig */,
				89672C5CCF1F123104855629 /* Pods-PinLayoutTests-tvOS.release.xcconfig */,
			);
			path = Pods;
			sourceTree = "<group>";
		};
		DF1A5D252084C9E200725EF5 /* iOS */ = {
			isa = PBXGroup;
			children = (
				DF1E39B420482B1F0002D0AA /* PinSafeAreaTests.swift */,
				DFBCAEFF213023700025F7BF /* ReadableLayoutMarginsSpec.swift */,
				245C1DA11FEC4FC6007594F7 /* TransformSpec.swift */,
				DFABC020208781C700CB6494 /* Types+UIKit.swift */,
				DFCA5F1420111BCF00180CD7 /* UIScrollViewSpec.swift */,
			);
			path = iOS;
			sourceTree = "<group>";
		};
		DF1A5D262084CA4400725EF5 /* macOS */ = {
			isa = PBXGroup;
			children = (
				DF1A5D1F2084C94700725EF5 /* PinLayoutTestMacOS.swift */,
				DFABC01E208781A900CB6494 /* Types+Appkit.swift */,
			);
			path = macOS;
			sourceTree = "<group>";
		};
		DF702DA720D33D2A0062045C /* Extensions */ = {
			isa = PBXGroup;
			children = (
				DF702DA820D33D660062045C /* NSView+PinLayout.swift */,
				DF702DA920D33D660062045C /* UIView+PinLayout.swift */,
				C8C4928C20DA7DA700048357 /* CALayer+PinLayout.swift */,
				DFD2783E211A52C60056BD93 /* PEdgeInsets+Operators.swift */,
			);
			path = Extensions;
			sourceTree = "<group>";
		};
		DFA06B031E8B38B300B6D5E7 /* Impl */ = {
			isa = PBXGroup;
			children = (
				DF702D9220D33C0D0062045C /* PinLayout+Coordinates.swift */,
				DF702D9420D33C0E0062045C /* PinLayout+Layouting.swift */,
				DF702D9320D33C0E0062045C /* PinLayout+Warning.swift */,
				DFB3ECB02061602E005F226B /* PinSafeArea.swift */,
				2475B6D21FC37CD40054CADD /* Coordinates.swift */,
				243C620E1FC3834B0082C327 /* Percent.swift */,
				2475B6CE1FC37C570054CADD /* TypesImpl.swift */,
				DFF222CE20B99A6600AC2A84 /* Types+Description.swift */,
			);
			name = Impl;
			sourceTree = "<group>";
		};
		DFB288A620853F78001F9588 /* Common */ = {
			isa = PBXGroup;
			children = (
				2469C4FF1E75D74000073BEE /* AdjustSizeSpec.swift */,
				248E4C721F7A83FA00C0E7F7 /* AspectRatioTests.swift */,
				DF10846A212D8B4B00C23B80 /* BetweenSpec.swift */,
				C83588BF20DBC5E600D6E8F9 /* CALayerSpec.swift */,
				240F88BC1F0C042500280FC8 /* JustifyAlignSpec.swift */,
				243B12C41FC3CFC10072A9C3 /* LayoutMethodSpec.swift */,
				244C6E141E776A0C0074FC74 /* MarginsSpec.swift */,
				242723711F008B85006A5C3A /* MinMaxWidthHeightSpec.swift */,
				DFEAF74D20C965DC00E33147 /* ObjectiveCSpec.m */,
				DF7A36BC1E918301000F9856 /* PinEdgesSpec.swift */,
				2469C4FB1E74855D00073BEE /* PinEdgeCoordinateSpec.swift */,
				246D36471E6C46F50050F202 /* PinPointCoordinatesSpec.swift */,
				24D18D151F3B42E0008129EF /* RTLSpec.swift */,
				2482908B1E78CFFC00667D08 /* RelativePositionSpec.swift */,
				242E8DC11EED5982005935FB /* RelativePositionMultipleViewsSpec.swift */,
				240F88BF1F0C1ED900280FC8 /* WarningSpec.swift */,
				DFF222E120BACBA800AC2A84 /* WrapContentSpec.swift */,
			);
			path = Common;
			sourceTree = "<group>";
		};
/* End PBXGroup section */

/* Begin PBXHeadersBuildPhase section */
		244DF2F51EF46C500090508B /* Headers */ = {
			isa = PBXHeadersBuildPhase;
			buildActionMask = 2147483647;
			files = (
				243C620C1FC37FA30082C327 /* PinLayoutTVOS.h in Headers */,
			);
			runOnlyForDeploymentPostprocessing = 0;
		};
		249EFE771E64FB4C00165E39 /* Headers */ = {
			isa = PBXHeadersBuildPhase;
			buildActionMask = 2147483647;
			files = (
				2475B6DB1FC37D4D0054CADD /* PinLayout.h in Headers */,
			);
			runOnlyForDeploymentPostprocessing = 0;
		};
		DF1A5D292084CF9700725EF5 /* Headers */ = {
			isa = PBXHeadersBuildPhase;
			buildActionMask = 2147483647;
			files = (
				DF1A5D302084CF9700725EF5 /* PinLayoutMacOS.h in Headers */,
			);
			runOnlyForDeploymentPostprocessing = 0;
		};
/* End PBXHeadersBuildPhase section */

/* Begin PBXNativeTarget section */
		244DF2F71EF46C500090508B /* PinLayout-tvOS */ = {
			isa = PBXNativeTarget;
			buildConfigurationList = 244DF2FF1EF46C500090508B /* Build configuration list for PBXNativeTarget "PinLayout-tvOS" */;
			buildPhases = (
				244DF2F51EF46C500090508B /* Headers */,
				244DF2F31EF46C500090508B /* Sources */,
				244DF2F41EF46C500090508B /* Frameworks */,
				244DF2F61EF46C500090508B /* Resources */,
			);
			buildRules = (
			);
			dependencies = (
			);
			name = "PinLayout-tvOS";
			productName = PinLayoutTVOS;
			productReference = 244DF2F81EF46C500090508B /* PinLayout.framework */;
			productType = "com.apple.product-type.framework";
		};
		249EFE791E64FB4C00165E39 /* PinLayout-iOS */ = {
			isa = PBXNativeTarget;
			buildConfigurationList = 249EFE8E1E64FB4C00165E39 /* Build configuration list for PBXNativeTarget "PinLayout-iOS" */;
			buildPhases = (
				249EFE771E64FB4C00165E39 /* Headers */,
				249EFE751E64FB4C00165E39 /* Sources */,
				249EFE761E64FB4C00165E39 /* Frameworks */,
			);
			buildRules = (
			);
			dependencies = (
			);
			name = "PinLayout-iOS";
			productName = PinLayout;
			productReference = 249EFE7A1E64FB4C00165E39 /* PinLayout.framework */;
			productType = "com.apple.product-type.framework";
		};
		249EFE821E64FB4C00165E39 /* PinLayoutTests-iOS */ = {
			isa = PBXNativeTarget;
			buildConfigurationList = 249EFE911E64FB4C00165E39 /* Build configuration list for PBXNativeTarget "PinLayoutTests-iOS" */;
			buildPhases = (
				503526694CFF6E8DCDA3F5B0 /* [CP] Check Pods Manifest.lock */,
				249EFE7F1E64FB4C00165E39 /* Sources */,
				249EFE801E64FB4C00165E39 /* Frameworks */,
				249EFE811E64FB4C00165E39 /* Resources */,
				2419623B1E7F58F000A0466C /* CopyFiles */,
				08FFE4EAD9B24AEF2AC3A5A2 /* [CP] Embed Pods Frameworks */,
			);
			buildRules = (
			);
			dependencies = (
				249EFE861E64FB4C00165E39 /* PBXTargetDependency */,
			);
			name = "PinLayoutTests-iOS";
			productName = PinLayoutTests;
			productReference = 249EFE831E64FB4C00165E39 /* PinLayoutTests-iOS.xctest */;
			productType = "com.apple.product-type.bundle.unit-test";
		};
		DF1A5D1C2084C94700725EF5 /* PinLayoutTests-macOS */ = {
			isa = PBXNativeTarget;
			buildConfigurationList = DF1A5D242084C94700725EF5 /* Build configuration list for PBXNativeTarget "PinLayoutTests-macOS" */;
			buildPhases = (
				5ADE456B5B6D6D591B6901AE /* [CP] Check Pods Manifest.lock */,
				DF1A5D192084C94700725EF5 /* Sources */,
				DF1A5D1A2084C94700725EF5 /* Frameworks */,
				DF1A5D1B2084C94700725EF5 /* Resources */,
				B707FE5E321E18163C39395D /* [CP] Embed Pods Frameworks */,
			);
			buildRules = (
			);
			dependencies = (
			);
			name = "PinLayoutTests-macOS";
			productName = PinLayoutTestMacOS;
			productReference = DF1A5D1D2084C94700725EF5 /* PinLayoutTests-macOS.xctest */;
			productType = "com.apple.product-type.bundle.unit-test";
		};
		DF1A5D2B2084CF9700725EF5 /* PinLayout-macOS */ = {
			isa = PBXNativeTarget;
			buildConfigurationList = DF1A5D312084CF9700725EF5 /* Build configuration list for PBXNativeTarget "PinLayout-macOS" */;
			buildPhases = (
				DF1A5D272084CF9700725EF5 /* Sources */,
				DF1A5D282084CF9700725EF5 /* Frameworks */,
				DF1A5D292084CF9700725EF5 /* Headers */,
				DF1A5D2A2084CF9700725EF5 /* Resources */,
			);
			buildRules = (
			);
			dependencies = (
			);
			name = "PinLayout-macOS";
			productName = PinLayoutMacOS;
			productReference = DF1A5D2C2084CF9700725EF5 /* PinLayout.framework */;
			productType = "com.apple.product-type.framework";
		};
		DFF6F9C12084DCD3004F5AED /* PinLayoutTests-tvOS */ = {
			isa = PBXNativeTarget;
			buildConfigurationList = DFF6F9CA2084DCD3004F5AED /* Build configuration list for PBXNativeTarget "PinLayoutTests-tvOS" */;
			buildPhases = (
				9D6B9D7C269AC7A546496304 /* [CP] Check Pods Manifest.lock */,
				DFF6F9BE2084DCD3004F5AED /* Sources */,
				DFF6F9BF2084DCD3004F5AED /* Frameworks */,
				DFF6F9C02084DCD3004F5AED /* Resources */,
				3528A077350BF7D441563964 /* [CP] Embed Pods Frameworks */,
			);
			buildRules = (
			);
			dependencies = (
				DFF6F9C92084DCD3004F5AED /* PBXTargetDependency */,
			);
			name = "PinLayoutTests-tvOS";
			productName = PinLayoutTestsTVOS;
			productReference = DFF6F9C22084DCD3004F5AED /* PinLayoutTests-tvOS.xctest */;
			productType = "com.apple.product-type.bundle.unit-test";
		};
/* End PBXNativeTarget section */

/* Begin PBXProject section */
		249EFE711E64FB4C00165E39 /* Project object */ = {
			isa = PBXProject;
			attributes = {
				LastSwiftUpdateCheck = 0930;
				LastUpgradeCheck = 1300;
				ORGANIZATIONNAME = mcswiftlayyout.mirego.com;
				TargetAttributes = {
					244DF2F71EF46C500090508B = {
						CreatedOnToolsVersion = 8.3.2;
						ProvisioningStyle = Automatic;
					};
					249EFE791E64FB4C00165E39 = {
						CreatedOnToolsVersion = 8.2.1;
						LastSwiftMigration = 1030;
						ProvisioningStyle = Automatic;
					};
					249EFE821E64FB4C00165E39 = {
						CreatedOnToolsVersion = 8.2.1;
						DevelopmentTeam = 4Q596JWQC5;
						LastSwiftMigration = 1030;
						ProvisioningStyle = Automatic;
					};
					DF1A5D1C2084C94700725EF5 = {
						CreatedOnToolsVersion = 9.3;
						DevelopmentTeam = 4Q596JWQC5;
						ProvisioningStyle = Automatic;
					};
					DF1A5D2B2084CF9700725EF5 = {
						CreatedOnToolsVersion = 9.3;
						ProvisioningStyle = Automatic;
					};
					DFF6F9C12084DCD3004F5AED = {
						CreatedOnToolsVersion = 9.3;
						DevelopmentTeam = 4Q596JWQC5;
						ProvisioningStyle = Automatic;
					};
				};
			};
			buildConfigurationList = 249EFE741E64FB4C00165E39 /* Build configuration list for PBXProject "PinLayout" */;
			compatibilityVersion = "Xcode 3.2";
			developmentRegion = en;
			hasScannedForEncodings = 0;
			knownRegions = (
				en,
				Base,
			);
			mainGroup = 249EFE701E64FB4C00165E39;
			productRefGroup = 249EFE7B1E64FB4C00165E39 /* Products */;
			projectDirPath = "";
			projectRoot = "";
			targets = (
				249EFE791E64FB4C00165E39 /* PinLayout-iOS */,
				DF1A5D2B2084CF9700725EF5 /* PinLayout-macOS */,
				244DF2F71EF46C500090508B /* PinLayout-tvOS */,
				249EFE821E64FB4C00165E39 /* PinLayoutTests-iOS */,
				DF1A5D1C2084C94700725EF5 /* PinLayoutTests-macOS */,
				DFF6F9C12084DCD3004F5AED /* PinLayoutTests-tvOS */,
			);
		};
/* End PBXProject section */

/* Begin PBXResourcesBuildPhase section */
		244DF2F61EF46C500090508B /* Resources */ = {
			isa = PBXResourcesBuildPhase;
			buildActionMask = 2147483647;
			files = (
			);
			runOnlyForDeploymentPostprocessing = 0;
		};
		249EFE811E64FB4C00165E39 /* Resources */ = {
			isa = PBXResourcesBuildPhase;
			buildActionMask = 2147483647;
			files = (
			);
			runOnlyForDeploymentPostprocessing = 0;
		};
		DF1A5D1B2084C94700725EF5 /* Resources */ = {
			isa = PBXResourcesBuildPhase;
			buildActionMask = 2147483647;
			files = (
			);
			runOnlyForDeploymentPostprocessing = 0;
		};
		DF1A5D2A2084CF9700725EF5 /* Resources */ = {
			isa = PBXResourcesBuildPhase;
			buildActionMask = 2147483647;
			files = (
			);
			runOnlyForDeploymentPostprocessing = 0;
		};
		DFF6F9C02084DCD3004F5AED /* Resources */ = {
			isa = PBXResourcesBuildPhase;
			buildActionMask = 2147483647;
			files = (
			);
			runOnlyForDeploymentPostprocessing = 0;
		};
/* End PBXResourcesBuildPhase section */

/* Begin PBXShellScriptBuildPhase section */
		08FFE4EAD9B24AEF2AC3A5A2 /* [CP] Embed Pods Frameworks */ = {
			isa = PBXShellScriptBuildPhase;
			buildActionMask = 2147483647;
			files = (
			);
			inputPaths = (
				"${PODS_ROOT}/Target Support Files/Pods-PinLayoutTests-iOS/Pods-PinLayoutTests-iOS-frameworks.sh",
				"${BUILT_PRODUCTS_DIR}/Nimble-iOS/Nimble.framework",
				"${BUILT_PRODUCTS_DIR}/Quick-iOS/Quick.framework",
			);
			name = "[CP] Embed Pods Frameworks";
			outputPaths = (
				"${TARGET_BUILD_DIR}/${FRAMEWORKS_FOLDER_PATH}/Nimble.framework",
				"${TARGET_BUILD_DIR}/${FRAMEWORKS_FOLDER_PATH}/Quick.framework",
			);
			runOnlyForDeploymentPostprocessing = 0;
			shellPath = /bin/sh;
			shellScript = "\"${PODS_ROOT}/Target Support Files/Pods-PinLayoutTests-iOS/Pods-PinLayoutTests-iOS-frameworks.sh\"\n";
			showEnvVarsInLog = 0;
		};
		3528A077350BF7D441563964 /* [CP] Embed Pods Frameworks */ = {
			isa = PBXShellScriptBuildPhase;
			buildActionMask = 2147483647;
			files = (
			);
			inputPaths = (
				"${PODS_ROOT}/Target Support Files/Pods-PinLayoutTests-tvOS/Pods-PinLayoutTests-tvOS-frameworks.sh",
				"${BUILT_PRODUCTS_DIR}/Nimble-tvOS/Nimble.framework",
				"${BUILT_PRODUCTS_DIR}/Quick-tvOS/Quick.framework",
			);
			name = "[CP] Embed Pods Frameworks";
			outputPaths = (
				"${TARGET_BUILD_DIR}/${FRAMEWORKS_FOLDER_PATH}/Nimble.framework",
				"${TARGET_BUILD_DIR}/${FRAMEWORKS_FOLDER_PATH}/Quick.framework",
			);
			runOnlyForDeploymentPostprocessing = 0;
			shellPath = /bin/sh;
			shellScript = "\"${PODS_ROOT}/Target Support Files/Pods-PinLayoutTests-tvOS/Pods-PinLayoutTests-tvOS-frameworks.sh\"\n";
			showEnvVarsInLog = 0;
		};
		503526694CFF6E8DCDA3F5B0 /* [CP] Check Pods Manifest.lock */ = {
			isa = PBXShellScriptBuildPhase;
			buildActionMask = 2147483647;
			files = (
			);
			inputFileListPaths = (
			);
			inputPaths = (
				"${PODS_PODFILE_DIR_PATH}/Podfile.lock",
				"${PODS_ROOT}/Manifest.lock",
			);
			name = "[CP] Check Pods Manifest.lock";
			outputFileListPaths = (
			);
			outputPaths = (
				"$(DERIVED_FILE_DIR)/Pods-PinLayoutTests-iOS-checkManifestLockResult.txt",
			);
			runOnlyForDeploymentPostprocessing = 0;
			shellPath = /bin/sh;
			shellScript = "diff \"${PODS_PODFILE_DIR_PATH}/Podfile.lock\" \"${PODS_ROOT}/Manifest.lock\" > /dev/null\nif [ $? != 0 ] ; then\n    # print error to STDERR\n    echo \"error: The sandbox is not in sync with the Podfile.lock. Run 'pod install' or update your CocoaPods installation.\" >&2\n    exit 1\nfi\n# This output is used by Xcode 'outputs' to avoid re-running this script phase.\necho \"SUCCESS\" > \"${SCRIPT_OUTPUT_FILE_0}\"\n";
			showEnvVarsInLog = 0;
		};
		5ADE456B5B6D6D591B6901AE /* [CP] Check Pods Manifest.lock */ = {
			isa = PBXShellScriptBuildPhase;
			buildActionMask = 2147483647;
			files = (
			);
			inputFileListPaths = (
			);
			inputPaths = (
				"${PODS_PODFILE_DIR_PATH}/Podfile.lock",
				"${PODS_ROOT}/Manifest.lock",
			);
			name = "[CP] Check Pods Manifest.lock";
			outputFileListPaths = (
			);
			outputPaths = (
				"$(DERIVED_FILE_DIR)/Pods-PinLayoutTests-macOS-checkManifestLockResult.txt",
			);
			runOnlyForDeploymentPostprocessing = 0;
			shellPath = /bin/sh;
			shellScript = "diff \"${PODS_PODFILE_DIR_PATH}/Podfile.lock\" \"${PODS_ROOT}/Manifest.lock\" > /dev/null\nif [ $? != 0 ] ; then\n    # print error to STDERR\n    echo \"error: The sandbox is not in sync with the Podfile.lock. Run 'pod install' or update your CocoaPods installation.\" >&2\n    exit 1\nfi\n# This output is used by Xcode 'outputs' to avoid re-running this script phase.\necho \"SUCCESS\" > \"${SCRIPT_OUTPUT_FILE_0}\"\n";
			showEnvVarsInLog = 0;
		};
		9D6B9D7C269AC7A546496304 /* [CP] Check Pods Manifest.lock */ = {
			isa = PBXShellScriptBuildPhase;
			buildActionMask = 2147483647;
			files = (
			);
			inputFileListPaths = (
			);
			inputPaths = (
				"${PODS_PODFILE_DIR_PATH}/Podfile.lock",
				"${PODS_ROOT}/Manifest.lock",
			);
			name = "[CP] Check Pods Manifest.lock";
			outputFileListPaths = (
			);
			outputPaths = (
				"$(DERIVED_FILE_DIR)/Pods-PinLayoutTests-tvOS-checkManifestLockResult.txt",
			);
			runOnlyForDeploymentPostprocessing = 0;
			shellPath = /bin/sh;
			shellScript = "diff \"${PODS_PODFILE_DIR_PATH}/Podfile.lock\" \"${PODS_ROOT}/Manifest.lock\" > /dev/null\nif [ $? != 0 ] ; then\n    # print error to STDERR\n    echo \"error: The sandbox is not in sync with the Podfile.lock. Run 'pod install' or update your CocoaPods installation.\" >&2\n    exit 1\nfi\n# This output is used by Xcode 'outputs' to avoid re-running this script phase.\necho \"SUCCESS\" > \"${SCRIPT_OUTPUT_FILE_0}\"\n";
			showEnvVarsInLog = 0;
		};
		B707FE5E321E18163C39395D /* [CP] Embed Pods Frameworks */ = {
			isa = PBXShellScriptBuildPhase;
			buildActionMask = 2147483647;
			files = (
			);
			inputPaths = (
				"${PODS_ROOT}/Target Support Files/Pods-PinLayoutTests-macOS/Pods-PinLayoutTests-macOS-frameworks.sh",
				"${BUILT_PRODUCTS_DIR}/Nimble-macOS/Nimble.framework",
				"${BUILT_PRODUCTS_DIR}/Quick-macOS/Quick.framework",
			);
			name = "[CP] Embed Pods Frameworks";
			outputPaths = (
				"${TARGET_BUILD_DIR}/${FRAMEWORKS_FOLDER_PATH}/Nimble.framework",
				"${TARGET_BUILD_DIR}/${FRAMEWORKS_FOLDER_PATH}/Quick.framework",
			);
			runOnlyForDeploymentPostprocessing = 0;
			shellPath = /bin/sh;
			shellScript = "\"${PODS_ROOT}/Target Support Files/Pods-PinLayoutTests-macOS/Pods-PinLayoutTests-macOS-frameworks.sh\"\n";
			showEnvVarsInLog = 0;
		};
/* End PBXShellScriptBuildPhase section */

/* Begin PBXSourcesBuildPhase section */
		244DF2F31EF46C500090508B /* Sources */ = {
			isa = PBXSourcesBuildPhase;
			buildActionMask = 2147483647;
			files = (
				DFF222B420B877F900AC2A84 /* PinLayoutObjCImpl.swift in Sources */,
				C8C4928F20DA7DA700048357 /* CALayer+PinLayout.swift in Sources */,
				DF28022720C2B15B00A1833B /* Types+Description.swift in Sources */,
				DFF222B220B877F600AC2A84 /* PinLayoutObjC.swift in Sources */,
				DFBCAF1B2132C55B0025F7BF /* PinLayout+Between.swift in Sources */,
				DF702D9E20D33CF20062045C /* PinLayout+Relative.swift in Sources */,
				24D18D261F3E5EA5008129EF /* Pin.swift in Sources */,
				DF28022420C2B13800A1833B /* Types.swift in Sources */,
				C80435D720D08A2C00EB1BD7 /* SizeCalculable.swift in Sources */,
				243B12BC1FC393580072A9C3 /* Percent.swift in Sources */,
				DFB3ECB72062A937005F226B /* PinSafeArea.swift in Sources */,
				C82DC20E20CE9F6800B7ACF5 /* Layoutable.swift in Sources */,
				24B02B091F2A713000C18179 /* Filters.swift in Sources */,
				DF702DA420D33CFA0062045C /* PinLayout+Coordinates.swift in Sources */,
				243C62091FC37F6C0082C327 /* Coordinates.swift in Sources */,
				DF702DA020D33CF20062045C /* PinLayout+WrapContent.swift in Sources */,
				DF702DAE20D33D6A0062045C /* NSView+PinLayout.swift in Sources */,
				DF702D9F20D33CF20062045C /* PinLayout+Size.swift in Sources */,
				243C620A1FC37F6C0082C327 /* TypesImpl.swift in Sources */,
				C80435D920D08B7400EB1BD7 /* Layoutable+PinLayout.swift in Sources */,
				DF46F686212442EF0055B081 /* PEdgeInsets+Operators.swift in Sources */,
				DF702DA520D33CFA0062045C /* PinLayout+Layouting.swift in Sources */,
				DF702DA620D33CFA0062045C /* PinLayout+Warning.swift in Sources */,
				C8291E43247A243900E95886 /* AutoSizeCalculable.swift in Sources */,
				DF702DAF20D33D6A0062045C /* UIView+PinLayout.swift in Sources */,
				DF702D9D20D33CF20062045C /* PinLayout.swift in Sources */,
			);
			runOnlyForDeploymentPostprocessing = 0;
		};
		249EFE751E64FB4C00165E39 /* Sources */ = {
			isa = PBXSourcesBuildPhase;
			buildActionMask = 2147483647;
			files = (
				24D18D241F3E37DD008129EF /* Pin.swift in Sources */,
				C8C4928D20DA7DA700048357 /* CALayer+PinLayout.swift in Sources */,
				DFF222CF20B99A6600AC2A84 /* Types+Description.swift in Sources */,
				DFF222CD20B999BD00AC2A84 /* Types.swift in Sources */,
				DF108470212D8E8700C23B80 /* PinLayout+Between.swift in Sources */,
				243C620F1FC3834B0082C327 /* Percent.swift in Sources */,
				2475B6CF1FC37C570054CADD /* TypesImpl.swift in Sources */,
				DF702D9020D33BA90062045C /* PinLayout+Size.swift in Sources */,
				C80435D320D0891C00EB1BD7 /* SizeCalculable.swift in Sources */,
				DF702D9620D33C0E0062045C /* PinLayout+Warning.swift in Sources */,
				C82DC20C20CE9F6800B7ACF5 /* Layoutable.swift in Sources */,
				DF96F30E20CB6362007CA714 /* PinLayoutObjCImpl.swift in Sources */,
				DF702D8F20D33BA90062045C /* PinLayout+WrapContent.swift in Sources */,
				2475B6D31FC37CD40054CADD /* Coordinates.swift in Sources */,
				DF702D9720D33C0E0062045C /* PinLayout+Layouting.swift in Sources */,
				DF702D9520D33C0E0062045C /* PinLayout+Coordinates.swift in Sources */,
				DF702DAA20D33D660062045C /* NSView+PinLayout.swift in Sources */,
				DF702D8E20D33BA90062045C /* PinLayout.swift in Sources */,
				DF702D9120D33BA90062045C /* PinLayout+Relative.swift in Sources */,
				241A277D1F8E958F00B1AD39 /* PinLayoutObjC.swift in Sources */,
				DF46F684212442EE0055B081 /* PEdgeInsets+Operators.swift in Sources */,
				24949A2E1EF69474003643D3 /* Filters.swift in Sources */,
				DFB3ECB12061602F005F226B /* PinSafeArea.swift in Sources */,
				C8291E41247A242600E95886 /* AutoSizeCalculable.swift in Sources */,
				DF702DAB20D33D660062045C /* UIView+PinLayout.swift in Sources */,
				C80435D520D0898000EB1BD7 /* Layoutable+PinLayout.swift in Sources */,
			);
			runOnlyForDeploymentPostprocessing = 0;
		};
		249EFE7F1E64FB4C00165E39 /* Sources */ = {
			isa = PBXSourcesBuildPhase;
			buildActionMask = 2147483647;
			files = (
				DFF222E320BACBBF00AC2A84 /* WrapContentSpec.swift in Sources */,
				DF10846C212D8B5900C23B80 /* BetweenSpec.swift in Sources */,
				240F88BE1F0C066800280FC8 /* JustifyAlignSpec.swift in Sources */,
				2469C5001E75D74000073BEE /* AdjustSizeSpec.swift in Sources */,
				C83588C120DBC65500D6E8F9 /* CALayerSpec.swift in Sources */,
				243B12C81FC3D06F0072A9C3 /* LayoutMethodSpec.swift in Sources */,
				2482908C1E78CFFC00667D08 /* RelativePositionSpec.swift in Sources */,
				DF1E39B520482B200002D0AA /* PinSafeAreaTests.swift in Sources */,
				248E4C741F7A883800C0E7F7 /* AspectRatioTests.swift in Sources */,
				240F88C11F0C1F5000280FC8 /* WarningSpec.swift in Sources */,
				245C1DA31FEC4FCC007594F7 /* TransformSpec.swift in Sources */,
				DFCA5F1620111E0B00180CD7 /* UIScrollViewSpec.swift in Sources */,
				242E8DC31EED5AB2005935FB /* RelativePositionMultipleViewsSpec.swift in Sources */,
				DFBCAF01213023D10025F7BF /* ReadableLayoutMarginsSpec.swift in Sources */,
				2469C5041E75DB7600073BEE /* RectNimbleMatcher.swift in Sources */,
				242723731F008BF7006A5C3A /* MinMaxWidthHeightSpec.swift in Sources */,
				2469C4FC1E74855D00073BEE /* PinEdgeCoordinateSpec.swift in Sources */,
				24D18D171F3B4381008129EF /* RTLSpec.swift in Sources */,
				2469C5021E75D88500073BEE /* BasicView.swift in Sources */,
				246D36481E6C46F50050F202 /* PinPointCoordinatesSpec.swift in Sources */,
				DF7A36BD1E918301000F9856 /* PinEdgesSpec.swift in Sources */,
				DFEAF75020C9661B00E33147 /* ObjectiveCSpec.m in Sources */,
				244C6E151E776A0C0074FC74 /* MarginsSpec.swift in Sources */,
				DFABC022208781ED00CB6494 /* Types+UIKit.swift in Sources */,
				248E4C771F7A88D200C0E7F7 /* UIImage+Color.swift in Sources */,
			);
			runOnlyForDeploymentPostprocessing = 0;
		};
		DF1A5D192084C94700725EF5 /* Sources */ = {
			isa = PBXSourcesBuildPhase;
			buildActionMask = 2147483647;
			files = (
				DFB288A520853F3C001F9588 /* MarginsSpec.swift in Sources */,
				DF10846D212D8B5900C23B80 /* BetweenSpec.swift in Sources */,
				DF1A5D202084C94700725EF5 /* PinLayoutTestMacOS.swift in Sources */,
				DFED15502085304B009EF9A7 /* AdjustSizeSpec.swift in Sources */,
				DFED154F20852F7E009EF9A7 /* BasicView.swift in Sources */,
				DFB288AF20854127001F9588 /* PinPointCoordinatesSpec.swift in Sources */,
				DFB288A320853E82001F9588 /* JustifyAlignSpec.swift in Sources */,
				DFF222E420BACBC000AC2A84 /* WrapContentSpec.swift in Sources */,
				DFED15532085349A009EF9A7 /* RectNimbleMatcher.swift in Sources */,
				DFB288B12085419B001F9588 /* RelativePositionSpec.swift in Sources */,
				DFB288B2208541B7001F9588 /* RelativePositionMultipleViewsSpec.swift in Sources */,
				DFB288B02085416E001F9588 /* RTLSpec.swift in Sources */,
				DFB288AB2085400C001F9588 /* MinMaxWidthHeightSpec.swift in Sources */,
				DFABC01F208781A900CB6494 /* Types+Appkit.swift in Sources */,
				DFED1552208533DA009EF9A7 /* AspectRatioTests.swift in Sources */,
				DFB288AE208540F2001F9588 /* PinEdgeCoordinateSpec.swift in Sources */,
				C83588C220DBC65600D6E8F9 /* CALayerSpec.swift in Sources */,
				DFB288A420853F32001F9588 /* LayoutMethodSpec.swift in Sources */,
				DFB288B3208541D9001F9588 /* WarningSpec.swift in Sources */,
				DFB288AD208540B8001F9588 /* PinEdgesSpec.swift in Sources */,
			);
			runOnlyForDeploymentPostprocessing = 0;
		};
		DF1A5D272084CF9700725EF5 /* Sources */ = {
			isa = PBXSourcesBuildPhase;
			buildActionMask = 2147483647;
			files = (
				DFF222B320B877F800AC2A84 /* PinLayoutObjCImpl.swift in Sources */,
				C8C4928E20DA7DA700048357 /* CALayer+PinLayout.swift in Sources */,
				DF28022620C2B15A00A1833B /* Types+Description.swift in Sources */,
				DFF222B120B877F400AC2A84 /* PinLayoutObjC.swift in Sources */,
				DFBCAF1A2132C55A0025F7BF /* PinLayout+Between.swift in Sources */,
				DF702D9A20D33CF10062045C /* PinLayout+Relative.swift in Sources */,
				DF28022520C2B13900A1833B /* Types.swift in Sources */,
				DF1A5D412084CFD600725EF5 /* Coordinates.swift in Sources */,
				DF1A5D422084CFD600725EF5 /* Percent.swift in Sources */,
				C80435D620D08A2B00EB1BD7 /* SizeCalculable.swift in Sources */,
				C82DC20D20CE9F6800B7ACF5 /* Layoutable.swift in Sources */,
				DF1A5D382084CFC600725EF5 /* Filters.swift in Sources */,
				DF1A5D392084CFC600725EF5 /* Pin.swift in Sources */,
				DF702DA120D33CF90062045C /* PinLayout+Coordinates.swift in Sources */,
				DF1A5D402084CFD600725EF5 /* PinSafeArea.swift in Sources */,
				DF702D9C20D33CF10062045C /* PinLayout+WrapContent.swift in Sources */,
				DF702DAC20D33D6A0062045C /* NSView+PinLayout.swift in Sources */,
				DF702D9B20D33CF10062045C /* PinLayout+Size.swift in Sources */,
				C80435D820D08B7300EB1BD7 /* Layoutable+PinLayout.swift in Sources */,
				DF1A5D432084CFD600725EF5 /* TypesImpl.swift in Sources */,
				DF46F685212442EE0055B081 /* PEdgeInsets+Operators.swift in Sources */,
				DF702DA220D33CF90062045C /* PinLayout+Layouting.swift in Sources */,
				DF702DA320D33CF90062045C /* PinLayout+Warning.swift in Sources */,
				C8291E42247A243900E95886 /* AutoSizeCalculable.swift in Sources */,
				DF702DAD20D33D6A0062045C /* UIView+PinLayout.swift in Sources */,
				DF702D9920D33CF10062045C /* PinLayout.swift in Sources */,
			);
			runOnlyForDeploymentPostprocessing = 0;
		};
		DFF6F9BE2084DCD3004F5AED /* Sources */ = {
			isa = PBXSourcesBuildPhase;
			buildActionMask = 2147483647;
			files = (
				DFF222E520BACBC000AC2A84 /* WrapContentSpec.swift in Sources */,
				DFF6F9DC2084E15A004F5AED /* RelativePositionMultipleViewsSpec.swift in Sources */,
				DFABC023208781EE00CB6494 /* Types+UIKit.swift in Sources */,
				DFF6F9DB2084E15A004F5AED /* RelativePositionSpec.swift in Sources */,
				DFF6F9D22084E15A004F5AED /* MarginsSpec.swift in Sources */,
				DFF6F9D02084E15A004F5AED /* JustifyAlignSpec.swift in Sources */,
				DFF6F9D82084E15A004F5AED /* PinPointCoordinatesSpec.swift in Sources */,
				DFED15542085349B009EF9A7 /* RectNimbleMatcher.swift in Sources */,
				DFF6F9CE2084E15A004F5AED /* AdjustSizeSpec.swift in Sources */,
				DFB288B720854252001F9588 /* UIImage+Color.swift in Sources */,
				DFF6F9DE2084E15A004F5AED /* UIScrollViewSpec.swift in Sources */,
				DFF6F9DD2084E15A004F5AED /* TransformSpec.swift in Sources */,
				C83588C320DBC65600D6E8F9 /* CALayerSpec.swift in Sources */,
				DFF6F9D32084E15A004F5AED /* MinMaxWidthHeightSpec.swift in Sources */,
				DF10846E212D8B5900C23B80 /* BetweenSpec.swift in Sources */,
				DFF6F9CD2084E15A004F5AED /* BasicView.swift in Sources */,
				DFBCAF02213023D30025F7BF /* ReadableLayoutMarginsSpec.swift in Sources */,
				DFF6F9DA2084E15A004F5AED /* RTLSpec.swift in Sources */,
				DFF6F9CF2084E15A004F5AED /* AspectRatioTests.swift in Sources */,
				DFF6F9D72084E15A004F5AED /* PinEdgeCoordinateSpec.swift in Sources */,
				DFF6F9D12084E15A004F5AED /* LayoutMethodSpec.swift in Sources */,
				DFEAF75220C9661D00E33147 /* ObjectiveCSpec.m in Sources */,
				DFF6F9DF2084E15A004F5AED /* WarningSpec.swift in Sources */,
				DFF6F9D62084E15A004F5AED /* PinEdgesSpec.swift in Sources */,
			);
			runOnlyForDeploymentPostprocessing = 0;
		};
/* End PBXSourcesBuildPhase section */

/* Begin PBXTargetDependency section */
		249EFE861E64FB4C00165E39 /* PBXTargetDependency */ = {
			isa = PBXTargetDependency;
			target = 249EFE791E64FB4C00165E39 /* PinLayout-iOS */;
			targetProxy = 249EFE851E64FB4C00165E39 /* PBXContainerItemProxy */;
		};
		DFF6F9C92084DCD3004F5AED /* PBXTargetDependency */ = {
			isa = PBXTargetDependency;
			target = 244DF2F71EF46C500090508B /* PinLayout-tvOS */;
			targetProxy = DFF6F9C82084DCD3004F5AED /* PBXContainerItemProxy */;
		};
/* End PBXTargetDependency section */

/* Begin XCBuildConfiguration section */
		244DF2FD1EF46C500090508B /* Debug */ = {
			isa = XCBuildConfiguration;
			buildSettings = {
				CLANG_ANALYZER_NUMBER_OBJECT_CONVERSION = YES_AGGRESSIVE;
				CODE_SIGN_IDENTITY = "";
				DEFINES_MODULE = YES;
				DEVELOPMENT_TEAM = "";
				DYLIB_COMPATIBILITY_VERSION = 1;
				DYLIB_CURRENT_VERSION = 1;
				DYLIB_INSTALL_NAME_BASE = "@rpath";
				INFOPLIST_FILE = Sources/SupportingFiles/Info.plist;
				INSTALL_PATH = "$(LOCAL_LIBRARY_DIR)/Frameworks";
				LD_RUNPATH_SEARCH_PATHS = "$(inherited) @executable_path/Frameworks @loader_path/Frameworks";
				PRODUCT_BUNDLE_IDENTIFIER = "com.mirego.PinLayout-tvOS";
				PRODUCT_NAME = PinLayout;
				SDKROOT = appletvos;
				SKIP_INSTALL = YES;
				SUPPORTED_PLATFORMS = "appletvsimulator appletvos";
				TARGETED_DEVICE_FAMILY = 3;
				TVOS_DEPLOYMENT_TARGET = 12.0;
			};
			name = Debug;
		};
		244DF2FE1EF46C500090508B /* Release */ = {
			isa = XCBuildConfiguration;
			buildSettings = {
				CLANG_ANALYZER_NUMBER_OBJECT_CONVERSION = YES_AGGRESSIVE;
				CODE_SIGN_IDENTITY = "";
				DEFINES_MODULE = YES;
				DEVELOPMENT_TEAM = "";
				DYLIB_COMPATIBILITY_VERSION = 1;
				DYLIB_CURRENT_VERSION = 1;
				DYLIB_INSTALL_NAME_BASE = "@rpath";
				INFOPLIST_FILE = Sources/SupportingFiles/Info.plist;
				INSTALL_PATH = "$(LOCAL_LIBRARY_DIR)/Frameworks";
				LD_RUNPATH_SEARCH_PATHS = "$(inherited) @executable_path/Frameworks @loader_path/Frameworks";
				PRODUCT_BUNDLE_IDENTIFIER = "com.mirego.PinLayout-tvOS";
				PRODUCT_NAME = PinLayout;
				SDKROOT = appletvos;
				SKIP_INSTALL = YES;
				SUPPORTED_PLATFORMS = "appletvsimulator appletvos";
				TARGETED_DEVICE_FAMILY = 3;
				TVOS_DEPLOYMENT_TARGET = 12.0;
			};
			name = Release;
		};
		249EFE8C1E64FB4C00165E39 /* Debug */ = {
			isa = XCBuildConfiguration;
			buildSettings = {
				ALWAYS_SEARCH_USER_PATHS = NO;
				CLANG_ANALYZER_LOCALIZABILITY_NONLOCALIZED = YES;
				CLANG_ANALYZER_NONNULL = YES;
				CLANG_CXX_LANGUAGE_STANDARD = "gnu++0x";
				CLANG_CXX_LIBRARY = "libc++";
				CLANG_ENABLE_MODULES = YES;
				CLANG_ENABLE_OBJC_ARC = YES;
				CLANG_WARN_BLOCK_CAPTURE_AUTORELEASING = YES;
				CLANG_WARN_BOOL_CONVERSION = YES;
				CLANG_WARN_COMMA = YES;
				CLANG_WARN_CONSTANT_CONVERSION = YES;
				CLANG_WARN_DEPRECATED_OBJC_IMPLEMENTATIONS = YES;
				CLANG_WARN_DIRECT_OBJC_ISA_USAGE = YES_ERROR;
				CLANG_WARN_DOCUMENTATION_COMMENTS = YES;
				CLANG_WARN_EMPTY_BODY = YES;
				CLANG_WARN_ENUM_CONVERSION = YES;
				CLANG_WARN_INFINITE_RECURSION = YES;
				CLANG_WARN_INT_CONVERSION = YES;
				CLANG_WARN_NON_LITERAL_NULL_CONVERSION = YES;
				CLANG_WARN_OBJC_IMPLICIT_RETAIN_SELF = YES;
				CLANG_WARN_OBJC_LITERAL_CONVERSION = YES;
				CLANG_WARN_OBJC_ROOT_CLASS = YES_ERROR;
				CLANG_WARN_QUOTED_INCLUDE_IN_FRAMEWORK_HEADER = YES;
				CLANG_WARN_RANGE_LOOP_ANALYSIS = YES;
				CLANG_WARN_STRICT_PROTOTYPES = YES;
				CLANG_WARN_SUSPICIOUS_MOVE = YES;
				CLANG_WARN_UNREACHABLE_CODE = YES;
				CLANG_WARN__DUPLICATE_METHOD_MATCH = YES;
				"CODE_SIGN_IDENTITY[sdk=iphoneos*]" = "iPhone Developer";
				COPY_PHASE_STRIP = NO;
				CURRENT_PROJECT_VERSION = 1;
				DEBUG_INFORMATION_FORMAT = dwarf;
				ENABLE_STRICT_OBJC_MSGSEND = YES;
				ENABLE_TESTABILITY = YES;
				GCC_C_LANGUAGE_STANDARD = gnu99;
				GCC_DYNAMIC_NO_PIC = NO;
				GCC_NO_COMMON_BLOCKS = YES;
				GCC_OPTIMIZATION_LEVEL = 0;
				GCC_PREPROCESSOR_DEFINITIONS = (
					"DEBUG=1",
					"$(inherited)",
				);
				GCC_WARN_64_TO_32_BIT_CONVERSION = YES;
				GCC_WARN_ABOUT_RETURN_TYPE = YES_ERROR;
				GCC_WARN_UNDECLARED_SELECTOR = YES;
				GCC_WARN_UNINITIALIZED_AUTOS = YES_AGGRESSIVE;
				GCC_WARN_UNUSED_FUNCTION = YES;
				GCC_WARN_UNUSED_VARIABLE = YES;
				IPHONEOS_DEPLOYMENT_TARGET = 12.0;
				MACOSX_DEPLOYMENT_TARGET = 10.9;
				MTL_ENABLE_DEBUG_INFO = YES;
				ONLY_ACTIVE_ARCH = YES;
				SDKROOT = iphoneos;
				SUPPORTED_PLATFORMS = "iphonesimulator iphoneos";
				SWIFT_ACTIVE_COMPILATION_CONDITIONS = DEBUG;
				SWIFT_OPTIMIZATION_LEVEL = "-Onone";
				SWIFT_VERSION = 5.0;
				TARGETED_DEVICE_FAMILY = "1,2";
				TVOS_DEPLOYMENT_TARGET = 12.0;
				VERSIONING_SYSTEM = "apple-generic";
				VERSION_INFO_PREFIX = "";
			};
			name = Debug;
		};
		249EFE8D1E64FB4C00165E39 /* Release */ = {
			isa = XCBuildConfiguration;
			buildSettings = {
				ALWAYS_SEARCH_USER_PATHS = NO;
				CLANG_ANALYZER_LOCALIZABILITY_NONLOCALIZED = YES;
				CLANG_ANALYZER_NONNULL = YES;
				CLANG_CXX_LANGUAGE_STANDARD = "gnu++0x";
				CLANG_CXX_LIBRARY = "libc++";
				CLANG_ENABLE_MODULES = YES;
				CLANG_ENABLE_OBJC_ARC = YES;
				CLANG_WARN_BLOCK_CAPTURE_AUTORELEASING = YES;
				CLANG_WARN_BOOL_CONVERSION = YES;
				CLANG_WARN_COMMA = YES;
				CLANG_WARN_CONSTANT_CONVERSION = YES;
				CLANG_WARN_DEPRECATED_OBJC_IMPLEMENTATIONS = YES;
				CLANG_WARN_DIRECT_OBJC_ISA_USAGE = YES_ERROR;
				CLANG_WARN_DOCUMENTATION_COMMENTS = YES;
				CLANG_WARN_EMPTY_BODY = YES;
				CLANG_WARN_ENUM_CONVERSION = YES;
				CLANG_WARN_INFINITE_RECURSION = YES;
				CLANG_WARN_INT_CONVERSION = YES;
				CLANG_WARN_NON_LITERAL_NULL_CONVERSION = YES;
				CLANG_WARN_OBJC_IMPLICIT_RETAIN_SELF = YES;
				CLANG_WARN_OBJC_LITERAL_CONVERSION = YES;
				CLANG_WARN_OBJC_ROOT_CLASS = YES_ERROR;
				CLANG_WARN_QUOTED_INCLUDE_IN_FRAMEWORK_HEADER = YES;
				CLANG_WARN_RANGE_LOOP_ANALYSIS = YES;
				CLANG_WARN_STRICT_PROTOTYPES = YES;
				CLANG_WARN_SUSPICIOUS_MOVE = YES;
				CLANG_WARN_UNREACHABLE_CODE = YES;
				CLANG_WARN__DUPLICATE_METHOD_MATCH = YES;
				"CODE_SIGN_IDENTITY[sdk=iphoneos*]" = "iPhone Developer";
				COPY_PHASE_STRIP = NO;
				CURRENT_PROJECT_VERSION = 1;
				DEBUG_INFORMATION_FORMAT = "dwarf-with-dsym";
				ENABLE_NS_ASSERTIONS = NO;
				ENABLE_STRICT_OBJC_MSGSEND = YES;
				GCC_C_LANGUAGE_STANDARD = gnu99;
				GCC_NO_COMMON_BLOCKS = YES;
				GCC_WARN_64_TO_32_BIT_CONVERSION = YES;
				GCC_WARN_ABOUT_RETURN_TYPE = YES_ERROR;
				GCC_WARN_UNDECLARED_SELECTOR = YES;
				GCC_WARN_UNINITIALIZED_AUTOS = YES_AGGRESSIVE;
				GCC_WARN_UNUSED_FUNCTION = YES;
				GCC_WARN_UNUSED_VARIABLE = YES;
				IPHONEOS_DEPLOYMENT_TARGET = 12.0;
				MACOSX_DEPLOYMENT_TARGET = 10.9;
				MTL_ENABLE_DEBUG_INFO = NO;
				SDKROOT = iphoneos;
				SUPPORTED_PLATFORMS = "iphonesimulator iphoneos";
				SWIFT_OPTIMIZATION_LEVEL = "-Owholemodule";
				SWIFT_VERSION = 5.0;
				TARGETED_DEVICE_FAMILY = "1,2";
				TVOS_DEPLOYMENT_TARGET = 12.0;
				VALIDATE_PRODUCT = YES;
				VERSIONING_SYSTEM = "apple-generic";
				VERSION_INFO_PREFIX = "";
			};
			name = Release;
		};
		249EFE8F1E64FB4C00165E39 /* Debug */ = {
			isa = XCBuildConfiguration;
			buildSettings = {
				CLANG_ENABLE_MODULES = YES;
				CODE_SIGN_IDENTITY = "";
				DEFINES_MODULE = YES;
				DEVELOPMENT_TEAM = "";
				DYLIB_COMPATIBILITY_VERSION = 1;
				DYLIB_CURRENT_VERSION = 1;
				DYLIB_INSTALL_NAME_BASE = "@rpath";
				INFOPLIST_FILE = Sources/SupportingFiles/Info.plist;
				INSTALL_PATH = "$(LOCAL_LIBRARY_DIR)/Frameworks";
				IPHONEOS_DEPLOYMENT_TARGET = 9.0;
				LD_RUNPATH_SEARCH_PATHS = "$(inherited) @executable_path/Frameworks @loader_path/Frameworks";
				PRODUCT_BUNDLE_IDENTIFIER = "com.mirego.PinLayout-iOS";
				PRODUCT_NAME = PinLayout;
				SKIP_INSTALL = YES;
				SWIFT_OPTIMIZATION_LEVEL = "-Onone";
				TVOS_DEPLOYMENT_TARGET = 9.0;
			};
			name = Debug;
		};
		249EFE901E64FB4C00165E39 /* Release */ = {
			isa = XCBuildConfiguration;
			buildSettings = {
				CLANG_ENABLE_MODULES = YES;
				CODE_SIGN_IDENTITY = "";
				DEFINES_MODULE = YES;
				DEVELOPMENT_TEAM = "";
				DYLIB_COMPATIBILITY_VERSION = 1;
				DYLIB_CURRENT_VERSION = 1;
				DYLIB_INSTALL_NAME_BASE = "@rpath";
				INFOPLIST_FILE = Sources/SupportingFiles/Info.plist;
				INSTALL_PATH = "$(LOCAL_LIBRARY_DIR)/Frameworks";
				IPHONEOS_DEPLOYMENT_TARGET = 9.0;
				LD_RUNPATH_SEARCH_PATHS = "$(inherited) @executable_path/Frameworks @loader_path/Frameworks";
				PRODUCT_BUNDLE_IDENTIFIER = "com.mirego.PinLayout-iOS";
				PRODUCT_NAME = PinLayout;
				SKIP_INSTALL = YES;
				TVOS_DEPLOYMENT_TARGET = 9.0;
			};
			name = Release;
		};
		249EFE921E64FB4C00165E39 /* Debug */ = {
			isa = XCBuildConfiguration;
			baseConfigurationReference = 880260D5785424979964CA1A /* Pods-PinLayoutTests-iOS.debug.xcconfig */;
			buildSettings = {
				ALWAYS_EMBED_SWIFT_STANDARD_LIBRARIES = "$(inherited)";
				DEVELOPMENT_TEAM = 4Q596JWQC5;
				FRAMEWORK_SEARCH_PATHS = "$(inherited)";
				INFOPLIST_FILE = Tests/Common/Info.plist;
				LD_RUNPATH_SEARCH_PATHS = "$(inherited) @executable_path/Frameworks @loader_path/Frameworks";
				PRODUCT_BUNDLE_IDENTIFIER = com.mirego.PinLayoutTests;
				PRODUCT_NAME = "$(TARGET_NAME)";
			};
			name = Debug;
		};
		249EFE931E64FB4C00165E39 /* Release */ = {
			isa = XCBuildConfiguration;
			baseConfigurationReference = A55FA6F0D7AFC9918887FBF2 /* Pods-PinLayoutTests-iOS.release.xcconfig */;
			buildSettings = {
				ALWAYS_EMBED_SWIFT_STANDARD_LIBRARIES = "$(inherited)";
				DEVELOPMENT_TEAM = 4Q596JWQC5;
				FRAMEWORK_SEARCH_PATHS = "$(inherited)";
				INFOPLIST_FILE = Tests/Common/Info.plist;
				LD_RUNPATH_SEARCH_PATHS = "$(inherited) @executable_path/Frameworks @loader_path/Frameworks";
				PRODUCT_BUNDLE_IDENTIFIER = com.mirego.PinLayoutTests;
				PRODUCT_NAME = "$(TARGET_NAME)";
			};
			name = Release;
		};
		DF1A5D222084C94700725EF5 /* Debug */ = {
			isa = XCBuildConfiguration;
			baseConfigurationReference = FA341A1D293877848A382C1A /* Pods-PinLayoutTests-macOS.debug.xcconfig */;
			buildSettings = {
				CLANG_ANALYZER_NUMBER_OBJECT_CONVERSION = YES_AGGRESSIVE;
				CLANG_CXX_LANGUAGE_STANDARD = "gnu++14";
				CLANG_ENABLE_OBJC_WEAK = YES;
				CLANG_WARN_DEPRECATED_OBJC_IMPLEMENTATIONS = YES;
				CLANG_WARN_OBJC_IMPLICIT_RETAIN_SELF = YES;
				CLANG_WARN_UNGUARDED_AVAILABILITY = YES_AGGRESSIVE;
				CODE_SIGN_IDENTITY = "";
				CODE_SIGN_STYLE = Automatic;
				COMBINE_HIDPI_IMAGES = YES;
				DEVELOPMENT_TEAM = 4Q596JWQC5;
				GCC_C_LANGUAGE_STANDARD = gnu11;
				INFOPLIST_FILE = Tests/Common/Info.plist;
				LD_RUNPATH_SEARCH_PATHS = "$(inherited) @executable_path/../Frameworks @loader_path/../Frameworks";
				MACOSX_DEPLOYMENT_TARGET = 10.13;
				PRODUCT_BUNDLE_IDENTIFIER = com.layoutbox.PinLayoutTestMacOS;
				PRODUCT_NAME = "$(TARGET_NAME)";
				SDKROOT = macosx;
				SUPPORTED_PLATFORMS = macosx;
			};
			name = Debug;
		};
		DF1A5D232084C94700725EF5 /* Release */ = {
			isa = XCBuildConfiguration;
			baseConfigurationReference = 7BD3AD48CD5B8BA8E2C04EC9 /* Pods-PinLayoutTests-macOS.release.xcconfig */;
			buildSettings = {
				CLANG_ANALYZER_NUMBER_OBJECT_CONVERSION = YES_AGGRESSIVE;
				CLANG_CXX_LANGUAGE_STANDARD = "gnu++14";
				CLANG_ENABLE_OBJC_WEAK = YES;
				CLANG_WARN_DEPRECATED_OBJC_IMPLEMENTATIONS = YES;
				CLANG_WARN_OBJC_IMPLICIT_RETAIN_SELF = YES;
				CLANG_WARN_UNGUARDED_AVAILABILITY = YES_AGGRESSIVE;
				CODE_SIGN_IDENTITY = "Mac Developer";
				CODE_SIGN_STYLE = Automatic;
				COMBINE_HIDPI_IMAGES = YES;
				DEVELOPMENT_TEAM = 4Q596JWQC5;
				GCC_C_LANGUAGE_STANDARD = gnu11;
				INFOPLIST_FILE = Tests/Common/Info.plist;
				LD_RUNPATH_SEARCH_PATHS = "$(inherited) @executable_path/../Frameworks @loader_path/../Frameworks";
				MACOSX_DEPLOYMENT_TARGET = 10.13;
				PRODUCT_BUNDLE_IDENTIFIER = com.layoutbox.PinLayoutTestMacOS;
				PRODUCT_NAME = "$(TARGET_NAME)";
				SDKROOT = macosx;
				SUPPORTED_PLATFORMS = macosx;
			};
			name = Release;
		};
		DF1A5D322084CF9700725EF5 /* Debug */ = {
			isa = XCBuildConfiguration;
			buildSettings = {
				CLANG_ANALYZER_NUMBER_OBJECT_CONVERSION = YES_AGGRESSIVE;
				CLANG_CXX_LANGUAGE_STANDARD = "gnu++14";
				CLANG_ENABLE_OBJC_WEAK = YES;
				CLANG_WARN_DEPRECATED_OBJC_IMPLEMENTATIONS = YES;
				CLANG_WARN_OBJC_IMPLICIT_RETAIN_SELF = YES;
				CLANG_WARN_UNGUARDED_AVAILABILITY = YES_AGGRESSIVE;
				CODE_SIGN_IDENTITY = "";
				CODE_SIGN_STYLE = Automatic;
				COMBINE_HIDPI_IMAGES = YES;
				DEFINES_MODULE = YES;
				DEVELOPMENT_TEAM = "";
				DYLIB_COMPATIBILITY_VERSION = 1;
				DYLIB_CURRENT_VERSION = 1;
				DYLIB_INSTALL_NAME_BASE = "@rpath";
				FRAMEWORK_VERSION = A;
				GCC_C_LANGUAGE_STANDARD = gnu11;
				INFOPLIST_FILE = Sources/SupportingFiles/Info.plist;
				INSTALL_PATH = "$(LOCAL_LIBRARY_DIR)/Frameworks";
				LD_RUNPATH_SEARCH_PATHS = "$(inherited) @executable_path/../Frameworks @loader_path/Frameworks";
				MACOSX_DEPLOYMENT_TARGET = 10.11;
				PRODUCT_BUNDLE_IDENTIFIER = "com.layoutbox.PinLayout-macOS";
				PRODUCT_NAME = PinLayout;
				PROVISIONING_PROFILE_SPECIFIER = "";
				SDKROOT = macosx;
				SKIP_INSTALL = YES;
				SUPPORTED_PLATFORMS = macosx;
			};
			name = Debug;
		};
		DF1A5D332084CF9700725EF5 /* Release */ = {
			isa = XCBuildConfiguration;
			buildSettings = {
				CLANG_ANALYZER_NUMBER_OBJECT_CONVERSION = YES_AGGRESSIVE;
				CLANG_CXX_LANGUAGE_STANDARD = "gnu++14";
				CLANG_ENABLE_OBJC_WEAK = YES;
				CLANG_WARN_DEPRECATED_OBJC_IMPLEMENTATIONS = YES;
				CLANG_WARN_OBJC_IMPLICIT_RETAIN_SELF = YES;
				CLANG_WARN_UNGUARDED_AVAILABILITY = YES_AGGRESSIVE;
				CODE_SIGN_IDENTITY = "";
				CODE_SIGN_STYLE = Automatic;
				COMBINE_HIDPI_IMAGES = YES;
				DEFINES_MODULE = YES;
				DEVELOPMENT_TEAM = "";
				DYLIB_COMPATIBILITY_VERSION = 1;
				DYLIB_CURRENT_VERSION = 1;
				DYLIB_INSTALL_NAME_BASE = "@rpath";
				FRAMEWORK_VERSION = A;
				GCC_C_LANGUAGE_STANDARD = gnu11;
				INFOPLIST_FILE = Sources/SupportingFiles/Info.plist;
				INSTALL_PATH = "$(LOCAL_LIBRARY_DIR)/Frameworks";
				LD_RUNPATH_SEARCH_PATHS = "$(inherited) @executable_path/../Frameworks @loader_path/Frameworks";
				MACOSX_DEPLOYMENT_TARGET = 10.11;
				PRODUCT_BUNDLE_IDENTIFIER = "com.layoutbox.PinLayout-macOS";
				PRODUCT_NAME = PinLayout;
				PROVISIONING_PROFILE_SPECIFIER = "";
				SDKROOT = macosx;
				SKIP_INSTALL = YES;
				SUPPORTED_PLATFORMS = macosx;
			};
			name = Release;
		};
		DFF6F9CB2084DCD3004F5AED /* Debug */ = {
			isa = XCBuildConfiguration;
			baseConfigurationReference = DE878C8BA276883C90524382 /* Pods-PinLayoutTests-tvOS.debug.xcconfig */;
			buildSettings = {
				CLANG_ANALYZER_NUMBER_OBJECT_CONVERSION = YES_AGGRESSIVE;
				CLANG_CXX_LANGUAGE_STANDARD = "gnu++14";
				CLANG_ENABLE_OBJC_WEAK = YES;
				CLANG_WARN_DEPRECATED_OBJC_IMPLEMENTATIONS = YES;
				CLANG_WARN_OBJC_IMPLICIT_RETAIN_SELF = YES;
				CLANG_WARN_UNGUARDED_AVAILABILITY = YES_AGGRESSIVE;
				CODE_SIGN_STYLE = Automatic;
				DEVELOPMENT_TEAM = 4Q596JWQC5;
				GCC_C_LANGUAGE_STANDARD = gnu11;
				INFOPLIST_FILE = Tests/Common/Info.plist;
				LD_RUNPATH_SEARCH_PATHS = "$(inherited) @executable_path/Frameworks @loader_path/Frameworks";
				PRODUCT_BUNDLE_IDENTIFIER = com.layoutbox.PinLayoutTestsTVOS;
				PRODUCT_NAME = "$(TARGET_NAME)";
				SDKROOT = appletvos;
				SUPPORTED_PLATFORMS = "appletvsimulator appletvos";
				TARGETED_DEVICE_FAMILY = 3;
				TVOS_DEPLOYMENT_TARGET = 12.0;
			};
			name = Debug;
		};
		DFF6F9CC2084DCD3004F5AED /* Release */ = {
			isa = XCBuildConfiguration;
			baseConfigurationReference = 89672C5CCF1F123104855629 /* Pods-PinLayoutTests-tvOS.release.xcconfig */;
			buildSettings = {
				CLANG_ANALYZER_NUMBER_OBJECT_CONVERSION = YES_AGGRESSIVE;
				CLANG_CXX_LANGUAGE_STANDARD = "gnu++14";
				CLANG_ENABLE_OBJC_WEAK = YES;
				CLANG_WARN_DEPRECATED_OBJC_IMPLEMENTATIONS = YES;
				CLANG_WARN_OBJC_IMPLICIT_RETAIN_SELF = YES;
				CLANG_WARN_UNGUARDED_AVAILABILITY = YES_AGGRESSIVE;
				CODE_SIGN_STYLE = Automatic;
				DEVELOPMENT_TEAM = 4Q596JWQC5;
				GCC_C_LANGUAGE_STANDARD = gnu11;
				INFOPLIST_FILE = Tests/Common/Info.plist;
				LD_RUNPATH_SEARCH_PATHS = "$(inherited) @executable_path/Frameworks @loader_path/Frameworks";
				PRODUCT_BUNDLE_IDENTIFIER = com.layoutbox.PinLayoutTestsTVOS;
				PRODUCT_NAME = "$(TARGET_NAME)";
				SDKROOT = appletvos;
				SUPPORTED_PLATFORMS = "appletvsimulator appletvos";
				TARGETED_DEVICE_FAMILY = 3;
				TVOS_DEPLOYMENT_TARGET = 12.0;
			};
			name = Release;
		};
/* End XCBuildConfiguration section */

/* Begin XCConfigurationList section */
		244DF2FF1EF46C500090508B /* Build configuration list for PBXNativeTarget "PinLayout-tvOS" */ = {
			isa = XCConfigurationList;
			buildConfigurations = (
				244DF2FD1EF46C500090508B /* Debug */,
				244DF2FE1EF46C500090508B /* Release */,
			);
			defaultConfigurationIsVisible = 0;
			defaultConfigurationName = Release;
		};
		249EFE741E64FB4C00165E39 /* Build configuration list for PBXProject "PinLayout" */ = {
			isa = XCConfigurationList;
			buildConfigurations = (
				249EFE8C1E64FB4C00165E39 /* Debug */,
				249EFE8D1E64FB4C00165E39 /* Release */,
			);
			defaultConfigurationIsVisible = 0;
			defaultConfigurationName = Release;
		};
		249EFE8E1E64FB4C00165E39 /* Build configuration list for PBXNativeTarget "PinLayout-iOS" */ = {
			isa = XCConfigurationList;
			buildConfigurations = (
				249EFE8F1E64FB4C00165E39 /* Debug */,
				249EFE901E64FB4C00165E39 /* Release */,
			);
			defaultConfigurationIsVisible = 0;
			defaultConfigurationName = Release;
		};
		249EFE911E64FB4C00165E39 /* Build configuration list for PBXNativeTarget "PinLayoutTests-iOS" */ = {
			isa = XCConfigurationList;
			buildConfigurations = (
				249EFE921E64FB4C00165E39 /* Debug */,
				249EFE931E64FB4C00165E39 /* Release */,
			);
			defaultConfigurationIsVisible = 0;
			defaultConfigurationName = Release;
		};
		DF1A5D242084C94700725EF5 /* Build configuration list for PBXNativeTarget "PinLayoutTests-macOS" */ = {
			isa = XCConfigurationList;
			buildConfigurations = (
				DF1A5D222084C94700725EF5 /* Debug */,
				DF1A5D232084C94700725EF5 /* Release */,
			);
			defaultConfigurationIsVisible = 0;
			defaultConfigurationName = Release;
		};
		DF1A5D312084CF9700725EF5 /* Build configuration list for PBXNativeTarget "PinLayout-macOS" */ = {
			isa = XCConfigurationList;
			buildConfigurations = (
				DF1A5D322084CF9700725EF5 /* Debug */,
				DF1A5D332084CF9700725EF5 /* Release */,
			);
			defaultConfigurationIsVisible = 0;
			defaultConfigurationName = Release;
		};
		DFF6F9CA2084DCD3004F5AED /* Build configuration list for PBXNativeTarget "PinLayoutTests-tvOS" */ = {
			isa = XCConfigurationList;
			buildConfigurations = (
				DFF6F9CB2084DCD3004F5AED /* Debug */,
				DFF6F9CC2084DCD3004F5AED /* Release */,
			);
			defaultConfigurationIsVisible = 0;
			defaultConfigurationName = Release;
		};
/* End XCConfigurationList section */
	};
	rootObject = 249EFE711E64FB4C00165E39 /* Project object */;
}
